// !$*UTF8*$!
{
	archiveVersion = 1;
	classes = {
	};
	objectVersion = 56;
	objects = {

/* Begin PBXBuildFile section */
		C7A3676B2BAD6FF600D97CFC /* Presentation.h in Headers */ = {isa = PBXBuildFile; fileRef = C7A3675F2BAD6FF600D97CFC /* Presentation.h */; settings = {ATTRIBUTES = (Public, ); }; };
		C7A367C72BAD701700D97CFC /* PresentationBundle.swift in Sources */ = {isa = PBXBuildFile; fileRef = C7A367752BAD701700D97CFC /* PresentationBundle.swift */; };
		C7A367C82BAD701700D97CFC /* CoordinatorView.swift in Sources */ = {isa = PBXBuildFile; fileRef = C7A367782BAD701700D97CFC /* CoordinatorView.swift */; };
		C7A367C92BAD701700D97CFC /* Coordinator.swift in Sources */ = {isa = PBXBuildFile; fileRef = C7A367792BAD701700D97CFC /* Coordinator.swift */; };
		C7A367CA2BAD701700D97CFC /* HomeUseCase.swift in Sources */ = {isa = PBXBuildFile; fileRef = C7A3677C2BAD701700D97CFC /* HomeUseCase.swift */; };
		C7A367CB2BAD701700D97CFC /* HomeReducer+ViewAppear.swift in Sources */ = {isa = PBXBuildFile; fileRef = C7A3677E2BAD701700D97CFC /* HomeReducer+ViewAppear.swift */; };
		C7A367CC2BAD701700D97CFC /* HomeReducer+Results.swift in Sources */ = {isa = PBXBuildFile; fileRef = C7A3677F2BAD701700D97CFC /* HomeReducer+Results.swift */; };
		C7A367CD2BAD701700D97CFC /* HomeReducer+UserActions.swift in Sources */ = {isa = PBXBuildFile; fileRef = C7A367802BAD701700D97CFC /* HomeReducer+UserActions.swift */; };
		C7A367CE2BAD701700D97CFC /* HomeReducer.swift in Sources */ = {isa = PBXBuildFile; fileRef = C7A367812BAD701700D97CFC /* HomeReducer.swift */; };
		C7A367CF2BAD701700D97CFC /* HomeBuilder.swift in Sources */ = {isa = PBXBuildFile; fileRef = C7A367822BAD701700D97CFC /* HomeBuilder.swift */; };
		C7A367D02BAD701700D97CFC /* HomeAccountMenuView.swift in Sources */ = {isa = PBXBuildFile; fileRef = C7A367842BAD701700D97CFC /* HomeAccountMenuView.swift */; };
		C7A367D12BAD701700D97CFC /* HomeViewModel.swift in Sources */ = {isa = PBXBuildFile; fileRef = C7A367852BAD701700D97CFC /* HomeViewModel.swift */; };
		C7A367D22BAD701700D97CFC /* HomeScreen.swift in Sources */ = {isa = PBXBuildFile; fileRef = C7A367862BAD701700D97CFC /* HomeScreen.swift */; };
		C7A367D32BAD701700D97CFC /* HomeInvitationsView.swift in Sources */ = {isa = PBXBuildFile; fileRef = C7A367872BAD701700D97CFC /* HomeInvitationsView.swift */; };
		C7A367D42BAD701700D97CFC /* AboutBuilder.swift in Sources */ = {isa = PBXBuildFile; fileRef = C7A367892BAD701700D97CFC /* AboutBuilder.swift */; };
		C7A367D52BAD701700D97CFC /* AboutScreen.swift in Sources */ = {isa = PBXBuildFile; fileRef = C7A3678A2BAD701700D97CFC /* AboutScreen.swift */; };
		C7A367D62BAD701700D97CFC /* ListItemsBuilder.swift in Sources */ = {isa = PBXBuildFile; fileRef = C7A3678C2BAD701700D97CFC /* ListItemsBuilder.swift */; };
		C7A367D72BAD701700D97CFC /* ListItemsReducer.swift in Sources */ = {isa = PBXBuildFile; fileRef = C7A3678E2BAD701700D97CFC /* ListItemsReducer.swift */; };
		C7A367D82BAD701700D97CFC /* ListItemsReducer+Results.swift in Sources */ = {isa = PBXBuildFile; fileRef = C7A3678F2BAD701700D97CFC /* ListItemsReducer+Results.swift */; };
		C7A367D92BAD701700D97CFC /* ListItemsReducer+UserActions.swift in Sources */ = {isa = PBXBuildFile; fileRef = C7A367902BAD701700D97CFC /* ListItemsReducer+UserActions.swift */; };
		C7A367DA2BAD701700D97CFC /* ListItemsReducer+ViewAppear.swift in Sources */ = {isa = PBXBuildFile; fileRef = C7A367912BAD701700D97CFC /* ListItemsReducer+ViewAppear.swift */; };
		C7A367DB2BAD701700D97CFC /* ListItemsScreen.swift in Sources */ = {isa = PBXBuildFile; fileRef = C7A367932BAD701700D97CFC /* ListItemsScreen.swift */; };
		C7A367DC2BAD701700D97CFC /* ListItemsViewModel.swift in Sources */ = {isa = PBXBuildFile; fileRef = C7A367942BAD701700D97CFC /* ListItemsViewModel.swift */; };
		C7A367DD2BAD701700D97CFC /* ListItemsUseCase.swift in Sources */ = {isa = PBXBuildFile; fileRef = C7A367952BAD701700D97CFC /* ListItemsUseCase.swift */; };
		C7A367DE2BAD701700D97CFC /* AuthenticationBuilder.swift in Sources */ = {isa = PBXBuildFile; fileRef = C7A367972BAD701700D97CFC /* AuthenticationBuilder.swift */; };
		C7A367DF2BAD701700D97CFC /* AuthenticationReducer+Results.swift in Sources */ = {isa = PBXBuildFile; fileRef = C7A367992BAD701700D97CFC /* AuthenticationReducer+Results.swift */; };
		C7A367E02BAD701700D97CFC /* AuthenticationReducer.swift in Sources */ = {isa = PBXBuildFile; fileRef = C7A3679A2BAD701700D97CFC /* AuthenticationReducer.swift */; };
		C7A367E12BAD701700D97CFC /* AuthenticationReducer+UserActions.swift in Sources */ = {isa = PBXBuildFile; fileRef = C7A3679B2BAD701700D97CFC /* AuthenticationReducer+UserActions.swift */; };
		C7A367E22BAD701700D97CFC /* AuthenticationViewModel.swift in Sources */ = {isa = PBXBuildFile; fileRef = C7A3679D2BAD701700D97CFC /* AuthenticationViewModel.swift */; };
		C7A367E32BAD701700D97CFC /* AuthenticationScreen.swift in Sources */ = {isa = PBXBuildFile; fileRef = C7A3679E2BAD701700D97CFC /* AuthenticationScreen.swift */; };
		C7A367E42BAD701700D97CFC /* AuthenticationUseCase.swift in Sources */ = {isa = PBXBuildFile; fileRef = C7A3679F2BAD701700D97CFC /* AuthenticationUseCase.swift */; };
		C7A367E52BAD701700D97CFC /* ShareListUseCase.swift in Sources */ = {isa = PBXBuildFile; fileRef = C7A367A12BAD701700D97CFC /* ShareListUseCase.swift */; };
		C7A367E62BAD701700D97CFC /* ShareListReducer+ViewAppear.swift in Sources */ = {isa = PBXBuildFile; fileRef = C7A367A32BAD701700D97CFC /* ShareListReducer+ViewAppear.swift */; };
		C7A367E72BAD701700D97CFC /* ShareListReducer+UserActions.swift in Sources */ = {isa = PBXBuildFile; fileRef = C7A367A42BAD701700D97CFC /* ShareListReducer+UserActions.swift */; };
		C7A367E82BAD701700D97CFC /* ShareListReducer+Results.swift in Sources */ = {isa = PBXBuildFile; fileRef = C7A367A52BAD701700D97CFC /* ShareListReducer+Results.swift */; };
		C7A367E92BAD701700D97CFC /* ShareListReducer.swift in Sources */ = {isa = PBXBuildFile; fileRef = C7A367A62BAD701700D97CFC /* ShareListReducer.swift */; };
		C7A367EA2BAD701700D97CFC /* ShareListBuilder.swift in Sources */ = {isa = PBXBuildFile; fileRef = C7A367A72BAD701700D97CFC /* ShareListBuilder.swift */; };
		C7A367EB2BAD701700D97CFC /* ShareListViewModel.swift in Sources */ = {isa = PBXBuildFile; fileRef = C7A367A92BAD701700D97CFC /* ShareListViewModel.swift */; };
		C7A367EC2BAD701700D97CFC /* ShareListScreen.swift in Sources */ = {isa = PBXBuildFile; fileRef = C7A367AA2BAD701700D97CFC /* ShareListScreen.swift */; };
		C7A367ED2BAD701700D97CFC /* UINavigationController+backBarButton.swift in Sources */ = {isa = PBXBuildFile; fileRef = C7A367AD2BAD701700D97CFC /* UINavigationController+backBarButton.swift */; };
		C7A367EE2BAD701700D97CFC /* View+HideKeyboard.swift in Sources */ = {isa = PBXBuildFile; fileRef = C7A367AE2BAD701700D97CFC /* View+HideKeyboard.swift */; };
		C7A367EF2BAD701700D97CFC /* Images.swift in Sources */ = {isa = PBXBuildFile; fileRef = C7A367B02BAD701700D97CFC /* Images.swift */; };
		C7A367F02BAD701700D97CFC /* TDRow.swift in Sources */ = {isa = PBXBuildFile; fileRef = C7A367B32BAD701700D97CFC /* TDRow.swift */; };
		C7A367F12BAD701700D97CFC /* TDListRowModifier.swift in Sources */ = {isa = PBXBuildFile; fileRef = C7A367B42BAD701700D97CFC /* TDListRowModifier.swift */; };
		C7A367F22BAD701700D97CFC /* TDListRowHeaderModifier.swift in Sources */ = {isa = PBXBuildFile; fileRef = C7A367B52BAD701700D97CFC /* TDListRowHeaderModifier.swift */; };
		C7A367F32BAD701700D97CFC /* TDNewRowView.swift in Sources */ = {isa = PBXBuildFile; fileRef = C7A367B62BAD701700D97CFC /* TDNewRowView.swift */; };
		C7A367F42BAD701700D97CFC /* TDRowView.swift in Sources */ = {isa = PBXBuildFile; fileRef = C7A367B72BAD701700D97CFC /* TDRowView.swift */; };
		C7A367F52BAD701700D97CFC /* TDSwipeAction.swift in Sources */ = {isa = PBXBuildFile; fileRef = C7A367B82BAD701700D97CFC /* TDSwipeAction.swift */; };
		C7A367F62BAD701700D97CFC /* TDNewRowButton.swift in Sources */ = {isa = PBXBuildFile; fileRef = C7A367B92BAD701700D97CFC /* TDNewRowButton.swift */; };
		C7A367F72BAD701700D97CFC /* TDButton.swift in Sources */ = {isa = PBXBuildFile; fileRef = C7A367BA2BAD701700D97CFC /* TDButton.swift */; };
		C7A367F82BAD701700D97CFC /* TDTextField.swift in Sources */ = {isa = PBXBuildFile; fileRef = C7A367BB2BAD701700D97CFC /* TDTextField.swift */; };
		C7A367F92BAD701700D97CFC /* TDOptionsMenuView.swift in Sources */ = {isa = PBXBuildFile; fileRef = C7A367BC2BAD701700D97CFC /* TDOptionsMenuView.swift */; };
		C7A367FA2BAD701700D97CFC /* ActionResult.swift in Sources */ = {isa = PBXBuildFile; fileRef = C7A367BF2BAD701700D97CFC /* ActionResult.swift */; };
		C7A367FB2BAD701700D97CFC /* Reducer.swift in Sources */ = {isa = PBXBuildFile; fileRef = C7A367C02BAD701700D97CFC /* Reducer.swift */; };
		C7A367FC2BAD701700D97CFC /* Effect.swift in Sources */ = {isa = PBXBuildFile; fileRef = C7A367C12BAD701700D97CFC /* Effect.swift */; };
		C7A367FD2BAD701700D97CFC /* EquatableVoid.swift in Sources */ = {isa = PBXBuildFile; fileRef = C7A367C22BAD701700D97CFC /* EquatableVoid.swift */; };
		C7A367FE2BAD701700D97CFC /* Store.swift in Sources */ = {isa = PBXBuildFile; fileRef = C7A367C32BAD701700D97CFC /* Store.swift */; };
		C7A367FF2BAD701700D97CFC /* Colors.xcassets in Resources */ = {isa = PBXBuildFile; fileRef = C7A367C52BAD701700D97CFC /* Colors.xcassets */; };
		C7A368002BAD701700D97CFC /* Assets.xcassets in Resources */ = {isa = PBXBuildFile; fileRef = C7A367C62BAD701700D97CFC /* Assets.xcassets */; };
		C7A3683F2BAD709900D97CFC /* Common.framework in Frameworks */ = {isa = PBXBuildFile; fileRef = C7A3683D2BAD709900D97CFC /* Common.framework */; };
		C7A368402BAD709A00D97CFC /* Common.framework in Embed Frameworks */ = {isa = PBXBuildFile; fileRef = C7A3683D2BAD709900D97CFC /* Common.framework */; settings = {ATTRIBUTES = (CodeSignOnCopy, RemoveHeadersOnCopy, ); }; };
		C7A368412BAD709A00D97CFC /* Data.framework in Frameworks */ = {isa = PBXBuildFile; fileRef = C7A3683E2BAD709900D97CFC /* Data.framework */; };
		C7A368422BAD709A00D97CFC /* Data.framework in Embed Frameworks */ = {isa = PBXBuildFile; fileRef = C7A3683E2BAD709900D97CFC /* Data.framework */; settings = {ATTRIBUTES = (CodeSignOnCopy, RemoveHeadersOnCopy, ); }; };
		C7A3686C2BAD725B00D97CFC /* Presentation.framework in Frameworks */ = {isa = PBXBuildFile; fileRef = C7A3675C2BAD6FF600D97CFC /* Presentation.framework */; };
		C7A368722BAD72A400D97CFC /* ListMock.swift in Sources */ = {isa = PBXBuildFile; fileRef = C7A368082BAD703100D97CFC /* ListMock.swift */; };
		C7A368732BAD72A400D97CFC /* UserMock.swift in Sources */ = {isa = PBXBuildFile; fileRef = C7A368072BAD703100D97CFC /* UserMock.swift */; };
		C7A368742BAD72A400D97CFC /* AuthenticationReducerTests.swift in Sources */ = {isa = PBXBuildFile; fileRef = C7A368102BAD703100D97CFC /* AuthenticationReducerTests.swift */; };
		C7A368752BAD72A400D97CFC /* ShareReducerTests.swift in Sources */ = {isa = PBXBuildFile; fileRef = C7A368132BAD703100D97CFC /* ShareReducerTests.swift */; };
		C7A368762BAD72A400D97CFC /* ShareListUseCaseMock.swift in Sources */ = {isa = PBXBuildFile; fileRef = C7A368142BAD703100D97CFC /* ShareListUseCaseMock.swift */; };
		C7A368772BAD72A400D97CFC /* TestStore.swift in Sources */ = {isa = PBXBuildFile; fileRef = C7A3680B2BAD703100D97CFC /* TestStore.swift */; };
		C7A368782BAD72A400D97CFC /* TestReducer.swift in Sources */ = {isa = PBXBuildFile; fileRef = C7A3680C2BAD703100D97CFC /* TestReducer.swift */; };
		C7A368792BAD72A400D97CFC /* TestCoordinator.swift in Sources */ = {isa = PBXBuildFile; fileRef = C7A368052BAD703100D97CFC /* TestCoordinator.swift */; };
		C7A3687A2BAD72A400D97CFC /* AuthenticationUseCaseMock.swift in Sources */ = {isa = PBXBuildFile; fileRef = C7A368112BAD703100D97CFC /* AuthenticationUseCaseMock.swift */; };
		C7D321312BAD8587008742CC /* Domain.framework in Frameworks */ = {isa = PBXBuildFile; fileRef = C7D321302BAD8587008742CC /* Domain.framework */; };
		C7D321322BAD8587008742CC /* Domain.framework in Embed Frameworks */ = {isa = PBXBuildFile; fileRef = C7D321302BAD8587008742CC /* Domain.framework */; settings = {ATTRIBUTES = (CodeSignOnCopy, RemoveHeadersOnCopy, ); }; };
/* End PBXBuildFile section */

/* Begin PBXContainerItemProxy section */
		C7A3686D2BAD725B00D97CFC /* PBXContainerItemProxy */ = {
			isa = PBXContainerItemProxy;
			containerPortal = C7A367532BAD6FF600D97CFC /* Project object */;
			proxyType = 1;
			remoteGlobalIDString = C7A3675B2BAD6FF600D97CFC;
			remoteInfo = Presentation;
		};
/* End PBXContainerItemProxy section */

/* Begin PBXCopyFilesBuildPhase section */
		C7A368262BAD704600D97CFC /* Embed Frameworks */ = {
			isa = PBXCopyFilesBuildPhase;
			buildActionMask = 2147483647;
			dstPath = "";
			dstSubfolderSpec = 10;
			files = (
				C7D321322BAD8587008742CC /* Domain.framework in Embed Frameworks */,
				C7A368422BAD709A00D97CFC /* Data.framework in Embed Frameworks */,
				C7A368402BAD709A00D97CFC /* Common.framework in Embed Frameworks */,
			);
			name = "Embed Frameworks";
			runOnlyForDeploymentPostprocessing = 0;
		};
/* End PBXCopyFilesBuildPhase section */

/* Begin PBXFileReference section */
		C7A3675C2BAD6FF600D97CFC /* Presentation.framework */ = {isa = PBXFileReference; explicitFileType = wrapper.framework; includeInIndex = 0; path = Presentation.framework; sourceTree = BUILT_PRODUCTS_DIR; };
		C7A3675F2BAD6FF600D97CFC /* Presentation.h */ = {isa = PBXFileReference; lastKnownFileType = sourcecode.c.h; path = Presentation.h; sourceTree = "<group>"; };
		C7A367752BAD701700D97CFC /* PresentationBundle.swift */ = {isa = PBXFileReference; fileEncoding = 4; lastKnownFileType = sourcecode.swift; path = PresentationBundle.swift; sourceTree = "<group>"; };
		C7A367782BAD701700D97CFC /* CoordinatorView.swift */ = {isa = PBXFileReference; fileEncoding = 4; lastKnownFileType = sourcecode.swift; path = CoordinatorView.swift; sourceTree = "<group>"; };
		C7A367792BAD701700D97CFC /* Coordinator.swift */ = {isa = PBXFileReference; fileEncoding = 4; lastKnownFileType = sourcecode.swift; path = Coordinator.swift; sourceTree = "<group>"; };
		C7A3677C2BAD701700D97CFC /* HomeUseCase.swift */ = {isa = PBXFileReference; fileEncoding = 4; lastKnownFileType = sourcecode.swift; path = HomeUseCase.swift; sourceTree = "<group>"; };
		C7A3677E2BAD701700D97CFC /* HomeReducer+ViewAppear.swift */ = {isa = PBXFileReference; fileEncoding = 4; lastKnownFileType = sourcecode.swift; path = "HomeReducer+ViewAppear.swift"; sourceTree = "<group>"; };
		C7A3677F2BAD701700D97CFC /* HomeReducer+Results.swift */ = {isa = PBXFileReference; fileEncoding = 4; lastKnownFileType = sourcecode.swift; path = "HomeReducer+Results.swift"; sourceTree = "<group>"; };
		C7A367802BAD701700D97CFC /* HomeReducer+UserActions.swift */ = {isa = PBXFileReference; fileEncoding = 4; lastKnownFileType = sourcecode.swift; path = "HomeReducer+UserActions.swift"; sourceTree = "<group>"; };
		C7A367812BAD701700D97CFC /* HomeReducer.swift */ = {isa = PBXFileReference; fileEncoding = 4; lastKnownFileType = sourcecode.swift; path = HomeReducer.swift; sourceTree = "<group>"; };
		C7A367822BAD701700D97CFC /* HomeBuilder.swift */ = {isa = PBXFileReference; fileEncoding = 4; lastKnownFileType = sourcecode.swift; path = HomeBuilder.swift; sourceTree = "<group>"; };
		C7A367842BAD701700D97CFC /* HomeAccountMenuView.swift */ = {isa = PBXFileReference; fileEncoding = 4; lastKnownFileType = sourcecode.swift; path = HomeAccountMenuView.swift; sourceTree = "<group>"; };
		C7A367852BAD701700D97CFC /* HomeViewModel.swift */ = {isa = PBXFileReference; fileEncoding = 4; lastKnownFileType = sourcecode.swift; path = HomeViewModel.swift; sourceTree = "<group>"; };
		C7A367862BAD701700D97CFC /* HomeScreen.swift */ = {isa = PBXFileReference; fileEncoding = 4; lastKnownFileType = sourcecode.swift; path = HomeScreen.swift; sourceTree = "<group>"; };
		C7A367872BAD701700D97CFC /* HomeInvitationsView.swift */ = {isa = PBXFileReference; fileEncoding = 4; lastKnownFileType = sourcecode.swift; path = HomeInvitationsView.swift; sourceTree = "<group>"; };
		C7A367892BAD701700D97CFC /* AboutBuilder.swift */ = {isa = PBXFileReference; fileEncoding = 4; lastKnownFileType = sourcecode.swift; path = AboutBuilder.swift; sourceTree = "<group>"; };
		C7A3678A2BAD701700D97CFC /* AboutScreen.swift */ = {isa = PBXFileReference; fileEncoding = 4; lastKnownFileType = sourcecode.swift; path = AboutScreen.swift; sourceTree = "<group>"; };
		C7A3678C2BAD701700D97CFC /* ListItemsBuilder.swift */ = {isa = PBXFileReference; fileEncoding = 4; lastKnownFileType = sourcecode.swift; path = ListItemsBuilder.swift; sourceTree = "<group>"; };
		C7A3678E2BAD701700D97CFC /* ListItemsReducer.swift */ = {isa = PBXFileReference; fileEncoding = 4; lastKnownFileType = sourcecode.swift; path = ListItemsReducer.swift; sourceTree = "<group>"; };
		C7A3678F2BAD701700D97CFC /* ListItemsReducer+Results.swift */ = {isa = PBXFileReference; fileEncoding = 4; lastKnownFileType = sourcecode.swift; path = "ListItemsReducer+Results.swift"; sourceTree = "<group>"; };
		C7A367902BAD701700D97CFC /* ListItemsReducer+UserActions.swift */ = {isa = PBXFileReference; fileEncoding = 4; lastKnownFileType = sourcecode.swift; path = "ListItemsReducer+UserActions.swift"; sourceTree = "<group>"; };
		C7A367912BAD701700D97CFC /* ListItemsReducer+ViewAppear.swift */ = {isa = PBXFileReference; fileEncoding = 4; lastKnownFileType = sourcecode.swift; path = "ListItemsReducer+ViewAppear.swift"; sourceTree = "<group>"; };
		C7A367932BAD701700D97CFC /* ListItemsScreen.swift */ = {isa = PBXFileReference; fileEncoding = 4; lastKnownFileType = sourcecode.swift; path = ListItemsScreen.swift; sourceTree = "<group>"; };
		C7A367942BAD701700D97CFC /* ListItemsViewModel.swift */ = {isa = PBXFileReference; fileEncoding = 4; lastKnownFileType = sourcecode.swift; path = ListItemsViewModel.swift; sourceTree = "<group>"; };
		C7A367952BAD701700D97CFC /* ListItemsUseCase.swift */ = {isa = PBXFileReference; fileEncoding = 4; lastKnownFileType = sourcecode.swift; path = ListItemsUseCase.swift; sourceTree = "<group>"; };
		C7A367972BAD701700D97CFC /* AuthenticationBuilder.swift */ = {isa = PBXFileReference; fileEncoding = 4; lastKnownFileType = sourcecode.swift; path = AuthenticationBuilder.swift; sourceTree = "<group>"; };
		C7A367992BAD701700D97CFC /* AuthenticationReducer+Results.swift */ = {isa = PBXFileReference; fileEncoding = 4; lastKnownFileType = sourcecode.swift; path = "AuthenticationReducer+Results.swift"; sourceTree = "<group>"; };
		C7A3679A2BAD701700D97CFC /* AuthenticationReducer.swift */ = {isa = PBXFileReference; fileEncoding = 4; lastKnownFileType = sourcecode.swift; path = AuthenticationReducer.swift; sourceTree = "<group>"; };
		C7A3679B2BAD701700D97CFC /* AuthenticationReducer+UserActions.swift */ = {isa = PBXFileReference; fileEncoding = 4; lastKnownFileType = sourcecode.swift; path = "AuthenticationReducer+UserActions.swift"; sourceTree = "<group>"; };
		C7A3679D2BAD701700D97CFC /* AuthenticationViewModel.swift */ = {isa = PBXFileReference; fileEncoding = 4; lastKnownFileType = sourcecode.swift; path = AuthenticationViewModel.swift; sourceTree = "<group>"; };
		C7A3679E2BAD701700D97CFC /* AuthenticationScreen.swift */ = {isa = PBXFileReference; fileEncoding = 4; lastKnownFileType = sourcecode.swift; path = AuthenticationScreen.swift; sourceTree = "<group>"; };
		C7A3679F2BAD701700D97CFC /* AuthenticationUseCase.swift */ = {isa = PBXFileReference; fileEncoding = 4; lastKnownFileType = sourcecode.swift; path = AuthenticationUseCase.swift; sourceTree = "<group>"; };
		C7A367A12BAD701700D97CFC /* ShareListUseCase.swift */ = {isa = PBXFileReference; fileEncoding = 4; lastKnownFileType = sourcecode.swift; path = ShareListUseCase.swift; sourceTree = "<group>"; };
		C7A367A32BAD701700D97CFC /* ShareListReducer+ViewAppear.swift */ = {isa = PBXFileReference; fileEncoding = 4; lastKnownFileType = sourcecode.swift; path = "ShareListReducer+ViewAppear.swift"; sourceTree = "<group>"; };
		C7A367A42BAD701700D97CFC /* ShareListReducer+UserActions.swift */ = {isa = PBXFileReference; fileEncoding = 4; lastKnownFileType = sourcecode.swift; path = "ShareListReducer+UserActions.swift"; sourceTree = "<group>"; };
		C7A367A52BAD701700D97CFC /* ShareListReducer+Results.swift */ = {isa = PBXFileReference; fileEncoding = 4; lastKnownFileType = sourcecode.swift; path = "ShareListReducer+Results.swift"; sourceTree = "<group>"; };
		C7A367A62BAD701700D97CFC /* ShareListReducer.swift */ = {isa = PBXFileReference; fileEncoding = 4; lastKnownFileType = sourcecode.swift; path = ShareListReducer.swift; sourceTree = "<group>"; };
		C7A367A72BAD701700D97CFC /* ShareListBuilder.swift */ = {isa = PBXFileReference; fileEncoding = 4; lastKnownFileType = sourcecode.swift; path = ShareListBuilder.swift; sourceTree = "<group>"; };
		C7A367A92BAD701700D97CFC /* ShareListViewModel.swift */ = {isa = PBXFileReference; fileEncoding = 4; lastKnownFileType = sourcecode.swift; path = ShareListViewModel.swift; sourceTree = "<group>"; };
		C7A367AA2BAD701700D97CFC /* ShareListScreen.swift */ = {isa = PBXFileReference; fileEncoding = 4; lastKnownFileType = sourcecode.swift; path = ShareListScreen.swift; sourceTree = "<group>"; };
		C7A367AD2BAD701700D97CFC /* UINavigationController+backBarButton.swift */ = {isa = PBXFileReference; fileEncoding = 4; lastKnownFileType = sourcecode.swift; path = "UINavigationController+backBarButton.swift"; sourceTree = "<group>"; };
		C7A367AE2BAD701700D97CFC /* View+HideKeyboard.swift */ = {isa = PBXFileReference; fileEncoding = 4; lastKnownFileType = sourcecode.swift; path = "View+HideKeyboard.swift"; sourceTree = "<group>"; };
		C7A367B02BAD701700D97CFC /* Images.swift */ = {isa = PBXFileReference; fileEncoding = 4; lastKnownFileType = sourcecode.swift; path = Images.swift; sourceTree = "<group>"; };
		C7A367B32BAD701700D97CFC /* TDRow.swift */ = {isa = PBXFileReference; fileEncoding = 4; lastKnownFileType = sourcecode.swift; path = TDRow.swift; sourceTree = "<group>"; };
		C7A367B42BAD701700D97CFC /* TDListRowModifier.swift */ = {isa = PBXFileReference; fileEncoding = 4; lastKnownFileType = sourcecode.swift; path = TDListRowModifier.swift; sourceTree = "<group>"; };
		C7A367B52BAD701700D97CFC /* TDListRowHeaderModifier.swift */ = {isa = PBXFileReference; fileEncoding = 4; lastKnownFileType = sourcecode.swift; path = TDListRowHeaderModifier.swift; sourceTree = "<group>"; };
		C7A367B62BAD701700D97CFC /* TDNewRowView.swift */ = {isa = PBXFileReference; fileEncoding = 4; lastKnownFileType = sourcecode.swift; path = TDNewRowView.swift; sourceTree = "<group>"; };
		C7A367B72BAD701700D97CFC /* TDRowView.swift */ = {isa = PBXFileReference; fileEncoding = 4; lastKnownFileType = sourcecode.swift; path = TDRowView.swift; sourceTree = "<group>"; };
		C7A367B82BAD701700D97CFC /* TDSwipeAction.swift */ = {isa = PBXFileReference; fileEncoding = 4; lastKnownFileType = sourcecode.swift; path = TDSwipeAction.swift; sourceTree = "<group>"; };
		C7A367B92BAD701700D97CFC /* TDNewRowButton.swift */ = {isa = PBXFileReference; fileEncoding = 4; lastKnownFileType = sourcecode.swift; path = TDNewRowButton.swift; sourceTree = "<group>"; };
		C7A367BA2BAD701700D97CFC /* TDButton.swift */ = {isa = PBXFileReference; fileEncoding = 4; lastKnownFileType = sourcecode.swift; path = TDButton.swift; sourceTree = "<group>"; };
		C7A367BB2BAD701700D97CFC /* TDTextField.swift */ = {isa = PBXFileReference; fileEncoding = 4; lastKnownFileType = sourcecode.swift; path = TDTextField.swift; sourceTree = "<group>"; };
		C7A367BC2BAD701700D97CFC /* TDOptionsMenuView.swift */ = {isa = PBXFileReference; fileEncoding = 4; lastKnownFileType = sourcecode.swift; path = TDOptionsMenuView.swift; sourceTree = "<group>"; };
		C7A367BF2BAD701700D97CFC /* ActionResult.swift */ = {isa = PBXFileReference; fileEncoding = 4; lastKnownFileType = sourcecode.swift; path = ActionResult.swift; sourceTree = "<group>"; };
		C7A367C02BAD701700D97CFC /* Reducer.swift */ = {isa = PBXFileReference; fileEncoding = 4; lastKnownFileType = sourcecode.swift; path = Reducer.swift; sourceTree = "<group>"; };
		C7A367C12BAD701700D97CFC /* Effect.swift */ = {isa = PBXFileReference; fileEncoding = 4; lastKnownFileType = sourcecode.swift; path = Effect.swift; sourceTree = "<group>"; };
		C7A367C22BAD701700D97CFC /* EquatableVoid.swift */ = {isa = PBXFileReference; fileEncoding = 4; lastKnownFileType = sourcecode.swift; path = EquatableVoid.swift; sourceTree = "<group>"; };
		C7A367C32BAD701700D97CFC /* Store.swift */ = {isa = PBXFileReference; fileEncoding = 4; lastKnownFileType = sourcecode.swift; path = Store.swift; sourceTree = "<group>"; };
		C7A367C52BAD701700D97CFC /* Colors.xcassets */ = {isa = PBXFileReference; lastKnownFileType = folder.assetcatalog; path = Colors.xcassets; sourceTree = "<group>"; };
		C7A367C62BAD701700D97CFC /* Assets.xcassets */ = {isa = PBXFileReference; lastKnownFileType = folder.assetcatalog; path = Assets.xcassets; sourceTree = "<group>"; };
		C7A368022BAD703100D97CFC /* PresentationTests.xctestplan */ = {isa = PBXFileReference; fileEncoding = 4; lastKnownFileType = text; path = PresentationTests.xctestplan; sourceTree = "<group>"; };
		C7A368052BAD703100D97CFC /* TestCoordinator.swift */ = {isa = PBXFileReference; fileEncoding = 4; lastKnownFileType = sourcecode.swift; path = TestCoordinator.swift; sourceTree = "<group>"; };
		C7A368072BAD703100D97CFC /* UserMock.swift */ = {isa = PBXFileReference; fileEncoding = 4; lastKnownFileType = sourcecode.swift; path = UserMock.swift; sourceTree = "<group>"; };
		C7A368082BAD703100D97CFC /* ListMock.swift */ = {isa = PBXFileReference; fileEncoding = 4; lastKnownFileType = sourcecode.swift; path = ListMock.swift; sourceTree = "<group>"; };
		C7A3680B2BAD703100D97CFC /* TestStore.swift */ = {isa = PBXFileReference; fileEncoding = 4; lastKnownFileType = sourcecode.swift; path = TestStore.swift; sourceTree = "<group>"; };
		C7A3680C2BAD703100D97CFC /* TestReducer.swift */ = {isa = PBXFileReference; fileEncoding = 4; lastKnownFileType = sourcecode.swift; path = TestReducer.swift; sourceTree = "<group>"; };
		C7A368102BAD703100D97CFC /* AuthenticationReducerTests.swift */ = {isa = PBXFileReference; fileEncoding = 4; lastKnownFileType = sourcecode.swift; path = AuthenticationReducerTests.swift; sourceTree = "<group>"; };
		C7A368112BAD703100D97CFC /* AuthenticationUseCaseMock.swift */ = {isa = PBXFileReference; fileEncoding = 4; lastKnownFileType = sourcecode.swift; path = AuthenticationUseCaseMock.swift; sourceTree = "<group>"; };
		C7A368132BAD703100D97CFC /* ShareReducerTests.swift */ = {isa = PBXFileReference; fileEncoding = 4; lastKnownFileType = sourcecode.swift; path = ShareReducerTests.swift; sourceTree = "<group>"; };
		C7A368142BAD703100D97CFC /* ShareListUseCaseMock.swift */ = {isa = PBXFileReference; fileEncoding = 4; lastKnownFileType = sourcecode.swift; path = ShareListUseCaseMock.swift; sourceTree = "<group>"; };
		C7A3683D2BAD709900D97CFC /* Common.framework */ = {isa = PBXFileReference; explicitFileType = wrapper.framework; path = Common.framework; sourceTree = BUILT_PRODUCTS_DIR; };
		C7A3683E2BAD709900D97CFC /* Data.framework */ = {isa = PBXFileReference; explicitFileType = wrapper.framework; path = Data.framework; sourceTree = BUILT_PRODUCTS_DIR; };
		C7A368682BAD725B00D97CFC /* PresentationTests.xctest */ = {isa = PBXFileReference; explicitFileType = wrapper.cfbundle; includeInIndex = 0; path = PresentationTests.xctest; sourceTree = BUILT_PRODUCTS_DIR; };
		C7D321302BAD8587008742CC /* Domain.framework */ = {isa = PBXFileReference; explicitFileType = wrapper.framework; path = Domain.framework; sourceTree = BUILT_PRODUCTS_DIR; };
/* End PBXFileReference section */

/* Begin PBXFrameworksBuildPhase section */
		C7A367592BAD6FF600D97CFC /* Frameworks */ = {
			isa = PBXFrameworksBuildPhase;
			buildActionMask = 2147483647;
			files = (
				C7D321312BAD8587008742CC /* Domain.framework in Frameworks */,
				C7A368412BAD709A00D97CFC /* Data.framework in Frameworks */,
				C7A3683F2BAD709900D97CFC /* Common.framework in Frameworks */,
			);
			runOnlyForDeploymentPostprocessing = 0;
		};
		C7A368652BAD725B00D97CFC /* Frameworks */ = {
			isa = PBXFrameworksBuildPhase;
			buildActionMask = 2147483647;
			files = (
				C7A3686C2BAD725B00D97CFC /* Presentation.framework in Frameworks */,
			);
			runOnlyForDeploymentPostprocessing = 0;
		};
/* End PBXFrameworksBuildPhase section */

/* Begin PBXGroup section */
		C7A367522BAD6FF600D97CFC = {
			isa = PBXGroup;
			children = (
				C7A3675E2BAD6FF600D97CFC /* Presentation */,
				C7A367682BAD6FF600D97CFC /* PresentationTests */,
				C7A3675D2BAD6FF600D97CFC /* Products */,
				C7A3681F2BAD704600D97CFC /* Frameworks */,
			);
			sourceTree = "<group>";
		};
		C7A3675D2BAD6FF600D97CFC /* Products */ = {
			isa = PBXGroup;
			children = (
				C7A3675C2BAD6FF600D97CFC /* Presentation.framework */,
				C7A368682BAD725B00D97CFC /* PresentationTests.xctest */,
			);
			name = Products;
			sourceTree = "<group>";
		};
		C7A3675E2BAD6FF600D97CFC /* Presentation */ = {
			isa = PBXGroup;
			children = (
				C7A3675F2BAD6FF600D97CFC /* Presentation.h */,
				C7A367742BAD701700D97CFC /* Bundle */,
				C7A367C42BAD701700D97CFC /* Resources */,
				C7A367762BAD701700D97CFC /* Sources */,
			);
			path = Presentation;
			sourceTree = "<group>";
		};
		C7A367682BAD6FF600D97CFC /* PresentationTests */ = {
			isa = PBXGroup;
			children = (
				C7A368012BAD703100D97CFC /* Resources */,
				C7A368032BAD703100D97CFC /* Sources */,
			);
			path = PresentationTests;
			sourceTree = "<group>";
		};
		C7A367742BAD701700D97CFC /* Bundle */ = {
			isa = PBXGroup;
			children = (
				C7A367752BAD701700D97CFC /* PresentationBundle.swift */,
			);
			path = Bundle;
			sourceTree = "<group>";
		};
		C7A367762BAD701700D97CFC /* Sources */ = {
			isa = PBXGroup;
			children = (
				C7A367BD2BAD701700D97CFC /* Application */,
				C7A3677A2BAD701700D97CFC /* Features */,
				C7A367AC2BAD701700D97CFC /* Extensions */,
				C7A367AF2BAD701700D97CFC /* Theme */,
				C7A367B12BAD701700D97CFC /* Components */,
			);
			path = Sources;
			sourceTree = "<group>";
		};
		C7A367772BAD701700D97CFC /* Coordinator */ = {
			isa = PBXGroup;
			children = (
				C7A367782BAD701700D97CFC /* CoordinatorView.swift */,
				C7A367792BAD701700D97CFC /* Coordinator.swift */,
			);
			path = Coordinator;
			sourceTree = "<group>";
		};
		C7A3677A2BAD701700D97CFC /* Features */ = {
			isa = PBXGroup;
			children = (
				C7A3677B2BAD701700D97CFC /* Home */,
				C7A367882BAD701700D97CFC /* About */,
				C7A3678B2BAD701700D97CFC /* ListItems */,
				C7A367962BAD701700D97CFC /* Authentication */,
				C7A367A02BAD701700D97CFC /* Share */,
			);
			path = Features;
			sourceTree = "<group>";
		};
		C7A3677B2BAD701700D97CFC /* Home */ = {
			isa = PBXGroup;
			children = (
				C7A3677C2BAD701700D97CFC /* HomeUseCase.swift */,
				C7A3677D2BAD701700D97CFC /* Reducer */,
				C7A367822BAD701700D97CFC /* HomeBuilder.swift */,
				C7A367832BAD701700D97CFC /* View */,
			);
			path = Home;
			sourceTree = "<group>";
		};
		C7A3677D2BAD701700D97CFC /* Reducer */ = {
			isa = PBXGroup;
			children = (
				C7A3677E2BAD701700D97CFC /* HomeReducer+ViewAppear.swift */,
				C7A3677F2BAD701700D97CFC /* HomeReducer+Results.swift */,
				C7A367802BAD701700D97CFC /* HomeReducer+UserActions.swift */,
				C7A367812BAD701700D97CFC /* HomeReducer.swift */,
			);
			path = Reducer;
			sourceTree = "<group>";
		};
		C7A367832BAD701700D97CFC /* View */ = {
			isa = PBXGroup;
			children = (
				C7A367842BAD701700D97CFC /* HomeAccountMenuView.swift */,
				C7A367852BAD701700D97CFC /* HomeViewModel.swift */,
				C7A367862BAD701700D97CFC /* HomeScreen.swift */,
				C7A367872BAD701700D97CFC /* HomeInvitationsView.swift */,
			);
			path = View;
			sourceTree = "<group>";
		};
		C7A367882BAD701700D97CFC /* About */ = {
			isa = PBXGroup;
			children = (
				C7A367892BAD701700D97CFC /* AboutBuilder.swift */,
				C7A3678A2BAD701700D97CFC /* AboutScreen.swift */,
			);
			path = About;
			sourceTree = "<group>";
		};
		C7A3678B2BAD701700D97CFC /* ListItems */ = {
			isa = PBXGroup;
			children = (
				C7A3678C2BAD701700D97CFC /* ListItemsBuilder.swift */,
				C7A3678D2BAD701700D97CFC /* Reducer */,
				C7A367922BAD701700D97CFC /* View */,
				C7A367952BAD701700D97CFC /* ListItemsUseCase.swift */,
			);
			path = ListItems;
			sourceTree = "<group>";
		};
		C7A3678D2BAD701700D97CFC /* Reducer */ = {
			isa = PBXGroup;
			children = (
				C7A3678E2BAD701700D97CFC /* ListItemsReducer.swift */,
				C7A3678F2BAD701700D97CFC /* ListItemsReducer+Results.swift */,
				C7A367902BAD701700D97CFC /* ListItemsReducer+UserActions.swift */,
				C7A367912BAD701700D97CFC /* ListItemsReducer+ViewAppear.swift */,
			);
			path = Reducer;
			sourceTree = "<group>";
		};
		C7A367922BAD701700D97CFC /* View */ = {
			isa = PBXGroup;
			children = (
				C7A367932BAD701700D97CFC /* ListItemsScreen.swift */,
				C7A367942BAD701700D97CFC /* ListItemsViewModel.swift */,
			);
			path = View;
			sourceTree = "<group>";
		};
		C7A367962BAD701700D97CFC /* Authentication */ = {
			isa = PBXGroup;
			children = (
				C7A367972BAD701700D97CFC /* AuthenticationBuilder.swift */,
				C7A367982BAD701700D97CFC /* Reducer */,
				C7A3679C2BAD701700D97CFC /* View */,
				C7A3679F2BAD701700D97CFC /* AuthenticationUseCase.swift */,
			);
			path = Authentication;
			sourceTree = "<group>";
		};
		C7A367982BAD701700D97CFC /* Reducer */ = {
			isa = PBXGroup;
			children = (
				C7A367992BAD701700D97CFC /* AuthenticationReducer+Results.swift */,
				C7A3679A2BAD701700D97CFC /* AuthenticationReducer.swift */,
				C7A3679B2BAD701700D97CFC /* AuthenticationReducer+UserActions.swift */,
			);
			path = Reducer;
			sourceTree = "<group>";
		};
		C7A3679C2BAD701700D97CFC /* View */ = {
			isa = PBXGroup;
			children = (
				C7A3679D2BAD701700D97CFC /* AuthenticationViewModel.swift */,
				C7A3679E2BAD701700D97CFC /* AuthenticationScreen.swift */,
			);
			path = View;
			sourceTree = "<group>";
		};
		C7A367A02BAD701700D97CFC /* Share */ = {
			isa = PBXGroup;
			children = (
				C7A367A12BAD701700D97CFC /* ShareListUseCase.swift */,
				C7A367A22BAD701700D97CFC /* Reducer */,
				C7A367A72BAD701700D97CFC /* ShareListBuilder.swift */,
				C7A367A82BAD701700D97CFC /* View */,
			);
			path = Share;
			sourceTree = "<group>";
		};
		C7A367A22BAD701700D97CFC /* Reducer */ = {
			isa = PBXGroup;
			children = (
				C7A367A32BAD701700D97CFC /* ShareListReducer+ViewAppear.swift */,
				C7A367A42BAD701700D97CFC /* ShareListReducer+UserActions.swift */,
				C7A367A52BAD701700D97CFC /* ShareListReducer+Results.swift */,
				C7A367A62BAD701700D97CFC /* ShareListReducer.swift */,
			);
			path = Reducer;
			sourceTree = "<group>";
		};
		C7A367A82BAD701700D97CFC /* View */ = {
			isa = PBXGroup;
			children = (
				C7A367A92BAD701700D97CFC /* ShareListViewModel.swift */,
				C7A367AA2BAD701700D97CFC /* ShareListScreen.swift */,
			);
			path = View;
			sourceTree = "<group>";
		};
		C7A367AC2BAD701700D97CFC /* Extensions */ = {
			isa = PBXGroup;
			children = (
				C7A367AD2BAD701700D97CFC /* UINavigationController+backBarButton.swift */,
				C7A367AE2BAD701700D97CFC /* View+HideKeyboard.swift */,
			);
			path = Extensions;
			sourceTree = "<group>";
		};
		C7A367AF2BAD701700D97CFC /* Theme */ = {
			isa = PBXGroup;
			children = (
				C7A367B02BAD701700D97CFC /* Images.swift */,
			);
			path = Theme;
			sourceTree = "<group>";
		};
		C7A367B12BAD701700D97CFC /* Components */ = {
			isa = PBXGroup;
			children = (
				C7A367B22BAD701700D97CFC /* TDRow */,
				C7A367BA2BAD701700D97CFC /* TDButton.swift */,
				C7A367BB2BAD701700D97CFC /* TDTextField.swift */,
				C7A367BC2BAD701700D97CFC /* TDOptionsMenuView.swift */,
			);
			path = Components;
			sourceTree = "<group>";
		};
		C7A367B22BAD701700D97CFC /* TDRow */ = {
			isa = PBXGroup;
			children = (
				C7A367B32BAD701700D97CFC /* TDRow.swift */,
				C7A367B42BAD701700D97CFC /* TDListRowModifier.swift */,
				C7A367B52BAD701700D97CFC /* TDListRowHeaderModifier.swift */,
				C7A367B62BAD701700D97CFC /* TDNewRowView.swift */,
				C7A367B72BAD701700D97CFC /* TDRowView.swift */,
				C7A367B82BAD701700D97CFC /* TDSwipeAction.swift */,
				C7A367B92BAD701700D97CFC /* TDNewRowButton.swift */,
			);
			path = TDRow;
			sourceTree = "<group>";
		};
		C7A367BD2BAD701700D97CFC /* Application */ = {
			isa = PBXGroup;
			children = (
				C7A367772BAD701700D97CFC /* Coordinator */,
				C7A367BE2BAD701700D97CFC /* Redux */,
			);
			path = Application;
			sourceTree = "<group>";
		};
		C7A367BE2BAD701700D97CFC /* Redux */ = {
			isa = PBXGroup;
			children = (
				C7A367BF2BAD701700D97CFC /* ActionResult.swift */,
				C7A367C02BAD701700D97CFC /* Reducer.swift */,
				C7A367C12BAD701700D97CFC /* Effect.swift */,
				C7A367C22BAD701700D97CFC /* EquatableVoid.swift */,
				C7A367C32BAD701700D97CFC /* Store.swift */,
			);
			path = Redux;
			sourceTree = "<group>";
		};
		C7A367C42BAD701700D97CFC /* Resources */ = {
			isa = PBXGroup;
			children = (
				C7A367C52BAD701700D97CFC /* Colors.xcassets */,
				C7A367C62BAD701700D97CFC /* Assets.xcassets */,
			);
			path = Resources;
			sourceTree = "<group>";
		};
		C7A368012BAD703100D97CFC /* Resources */ = {
			isa = PBXGroup;
			children = (
				C7A368022BAD703100D97CFC /* PresentationTests.xctestplan */,
			);
			path = Resources;
			sourceTree = "<group>";
		};
		C7A368032BAD703100D97CFC /* Sources */ = {
			isa = PBXGroup;
			children = (
				C7A368092BAD703100D97CFC /* Aplication */,
				C7A368062BAD703100D97CFC /* Mocks */,
				C7A3680E2BAD703100D97CFC /* Features */,
			);
			path = Sources;
			sourceTree = "<group>";
		};
		C7A368042BAD703100D97CFC /* Coordinator */ = {
			isa = PBXGroup;
			children = (
				C7A368052BAD703100D97CFC /* TestCoordinator.swift */,
			);
			path = Coordinator;
			sourceTree = "<group>";
		};
		C7A368062BAD703100D97CFC /* Mocks */ = {
			isa = PBXGroup;
			children = (
				C7A368072BAD703100D97CFC /* UserMock.swift */,
				C7A368082BAD703100D97CFC /* ListMock.swift */,
			);
			path = Mocks;
			sourceTree = "<group>";
		};
		C7A368092BAD703100D97CFC /* Aplication */ = {
			isa = PBXGroup;
			children = (
				C7A368042BAD703100D97CFC /* Coordinator */,
				C7A3680A2BAD703100D97CFC /* Redux */,
			);
			path = Aplication;
			sourceTree = "<group>";
		};
		C7A3680A2BAD703100D97CFC /* Redux */ = {
			isa = PBXGroup;
			children = (
				C7A3680B2BAD703100D97CFC /* TestStore.swift */,
				C7A3680C2BAD703100D97CFC /* TestReducer.swift */,
			);
			path = Redux;
			sourceTree = "<group>";
		};
		C7A3680E2BAD703100D97CFC /* Features */ = {
			isa = PBXGroup;
			children = (
				C7A3680F2BAD703100D97CFC /* Authentication */,
				C7A368122BAD703100D97CFC /* Share */,
			);
			path = Features;
			sourceTree = "<group>";
		};
		C7A3680F2BAD703100D97CFC /* Authentication */ = {
			isa = PBXGroup;
			children = (
				C7A368102BAD703100D97CFC /* AuthenticationReducerTests.swift */,
				C7A368112BAD703100D97CFC /* AuthenticationUseCaseMock.swift */,
			);
			path = Authentication;
			sourceTree = "<group>";
		};
		C7A368122BAD703100D97CFC /* Share */ = {
			isa = PBXGroup;
			children = (
				C7A368132BAD703100D97CFC /* ShareReducerTests.swift */,
				C7A368142BAD703100D97CFC /* ShareListUseCaseMock.swift */,
			);
			path = Share;
			sourceTree = "<group>";
		};
		C7A3681F2BAD704600D97CFC /* Frameworks */ = {
			isa = PBXGroup;
			children = (
				C7D321302BAD8587008742CC /* Domain.framework */,
				C7A3683D2BAD709900D97CFC /* Common.framework */,
				C7A3683E2BAD709900D97CFC /* Data.framework */,
			);
			name = Frameworks;
			sourceTree = "<group>";
		};
/* End PBXGroup section */

/* Begin PBXHeadersBuildPhase section */
		C7A367572BAD6FF600D97CFC /* Headers */ = {
			isa = PBXHeadersBuildPhase;
			buildActionMask = 2147483647;
			files = (
				C7A3676B2BAD6FF600D97CFC /* Presentation.h in Headers */,
			);
			runOnlyForDeploymentPostprocessing = 0;
		};
/* End PBXHeadersBuildPhase section */

/* Begin PBXNativeTarget section */
		C7A3675B2BAD6FF600D97CFC /* Presentation */ = {
			isa = PBXNativeTarget;
			buildConfigurationList = C7A3676E2BAD6FF600D97CFC /* Build configuration list for PBXNativeTarget "Presentation" */;
			buildPhases = (
				C7A367572BAD6FF600D97CFC /* Headers */,
				C7A367582BAD6FF600D97CFC /* Sources */,
				C7A367592BAD6FF600D97CFC /* Frameworks */,
				C7A3675A2BAD6FF600D97CFC /* Resources */,
				C7A368262BAD704600D97CFC /* Embed Frameworks */,
			);
			buildRules = (
			);
			dependencies = (
			);
			name = Presentation;
			productName = Presentation;
			productReference = C7A3675C2BAD6FF600D97CFC /* Presentation.framework */;
			productType = "com.apple.product-type.framework";
		};
		C7A368672BAD725B00D97CFC /* PresentationTests */ = {
			isa = PBXNativeTarget;
			buildConfigurationList = C7A3686F2BAD725B00D97CFC /* Build configuration list for PBXNativeTarget "PresentationTests" */;
			buildPhases = (
				C7A368642BAD725B00D97CFC /* Sources */,
				C7A368652BAD725B00D97CFC /* Frameworks */,
				C7A368662BAD725B00D97CFC /* Resources */,
			);
			buildRules = (
			);
			dependencies = (
				C7A3686E2BAD725B00D97CFC /* PBXTargetDependency */,
			);
			name = PresentationTests;
			productName = PresentationTests;
			productReference = C7A368682BAD725B00D97CFC /* PresentationTests.xctest */;
			productType = "com.apple.product-type.bundle.unit-test";
		};
/* End PBXNativeTarget section */

/* Begin PBXProject section */
		C7A367532BAD6FF600D97CFC /* Project object */ = {
			isa = PBXProject;
			attributes = {
				BuildIndependentTargetsInParallel = 1;
				LastSwiftUpdateCheck = 1500;
				LastUpgradeCheck = 1500;
				TargetAttributes = {
					C7A3675B2BAD6FF600D97CFC = {
						CreatedOnToolsVersion = 15.0;
					};
					C7A368672BAD725B00D97CFC = {
						CreatedOnToolsVersion = 15.0;
					};
				};
			};
			buildConfigurationList = C7A367562BAD6FF600D97CFC /* Build configuration list for PBXProject "Presentation" */;
			compatibilityVersion = "Xcode 14.0";
			developmentRegion = en;
			hasScannedForEncodings = 0;
			knownRegions = (
				en,
				Base,
			);
			mainGroup = C7A367522BAD6FF600D97CFC;
			productRefGroup = C7A3675D2BAD6FF600D97CFC /* Products */;
			projectDirPath = "";
			projectRoot = "";
			targets = (
				C7A3675B2BAD6FF600D97CFC /* Presentation */,
				C7A368672BAD725B00D97CFC /* PresentationTests */,
			);
		};
/* End PBXProject section */

/* Begin PBXResourcesBuildPhase section */
		C7A3675A2BAD6FF600D97CFC /* Resources */ = {
			isa = PBXResourcesBuildPhase;
			buildActionMask = 2147483647;
			files = (
				C7A368002BAD701700D97CFC /* Assets.xcassets in Resources */,
				C7A367FF2BAD701700D97CFC /* Colors.xcassets in Resources */,
			);
			runOnlyForDeploymentPostprocessing = 0;
		};
		C7A368662BAD725B00D97CFC /* Resources */ = {
			isa = PBXResourcesBuildPhase;
			buildActionMask = 2147483647;
			files = (
			);
			runOnlyForDeploymentPostprocessing = 0;
		};
/* End PBXResourcesBuildPhase section */

/* Begin PBXSourcesBuildPhase section */
		C7A367582BAD6FF600D97CFC /* Sources */ = {
			isa = PBXSourcesBuildPhase;
			buildActionMask = 2147483647;
			files = (
				C7A367C72BAD701700D97CFC /* PresentationBundle.swift in Sources */,
				C7A367F42BAD701700D97CFC /* TDRowView.swift in Sources */,
				C7A367D12BAD701700D97CFC /* HomeViewModel.swift in Sources */,
				C7A367E02BAD701700D97CFC /* AuthenticationReducer.swift in Sources */,
				C7A367E42BAD701700D97CFC /* AuthenticationUseCase.swift in Sources */,
				C7A367E12BAD701700D97CFC /* AuthenticationReducer+UserActions.swift in Sources */,
				C7A367CD2BAD701700D97CFC /* HomeReducer+UserActions.swift in Sources */,
				C7A367C82BAD701700D97CFC /* CoordinatorView.swift in Sources */,
				C7A367E52BAD701700D97CFC /* ShareListUseCase.swift in Sources */,
				C7A367E32BAD701700D97CFC /* AuthenticationScreen.swift in Sources */,
				C7A367CC2BAD701700D97CFC /* HomeReducer+Results.swift in Sources */,
				C7A367DA2BAD701700D97CFC /* ListItemsReducer+ViewAppear.swift in Sources */,
				C7A367FC2BAD701700D97CFC /* Effect.swift in Sources */,
				C7A367DD2BAD701700D97CFC /* ListItemsUseCase.swift in Sources */,
				C7A367E92BAD701700D97CFC /* ShareListReducer.swift in Sources */,
				C7A367EC2BAD701700D97CFC /* ShareListScreen.swift in Sources */,
				C7A367CB2BAD701700D97CFC /* HomeReducer+ViewAppear.swift in Sources */,
				C7A367D92BAD701700D97CFC /* ListItemsReducer+UserActions.swift in Sources */,
				C7A367F82BAD701700D97CFC /* TDTextField.swift in Sources */,
				C7A367F22BAD701700D97CFC /* TDListRowHeaderModifier.swift in Sources */,
				C7A367D62BAD701700D97CFC /* ListItemsBuilder.swift in Sources */,
				C7A367FD2BAD701700D97CFC /* EquatableVoid.swift in Sources */,
				C7A367E72BAD701700D97CFC /* ShareListReducer+UserActions.swift in Sources */,
				C7A367F32BAD701700D97CFC /* TDNewRowView.swift in Sources */,
				C7A367F52BAD701700D97CFC /* TDSwipeAction.swift in Sources */,
				C7A367F02BAD701700D97CFC /* TDRow.swift in Sources */,
				C7A367DB2BAD701700D97CFC /* ListItemsScreen.swift in Sources */,
				C7A367EE2BAD701700D97CFC /* View+HideKeyboard.swift in Sources */,
				C7A367CA2BAD701700D97CFC /* HomeUseCase.swift in Sources */,
				C7A367CF2BAD701700D97CFC /* HomeBuilder.swift in Sources */,
				C7A367FB2BAD701700D97CFC /* Reducer.swift in Sources */,
				C7A367DE2BAD701700D97CFC /* AuthenticationBuilder.swift in Sources */,
				C7A367F72BAD701700D97CFC /* TDButton.swift in Sources */,
				C7A367E22BAD701700D97CFC /* AuthenticationViewModel.swift in Sources */,
				C7A367D52BAD701700D97CFC /* AboutScreen.swift in Sources */,
				C7A367FE2BAD701700D97CFC /* Store.swift in Sources */,
				C7A367EA2BAD701700D97CFC /* ShareListBuilder.swift in Sources */,
				C7A367DC2BAD701700D97CFC /* ListItemsViewModel.swift in Sources */,
				C7A367DF2BAD701700D97CFC /* AuthenticationReducer+Results.swift in Sources */,
				C7A367D32BAD701700D97CFC /* HomeInvitationsView.swift in Sources */,
				C7A367D22BAD701700D97CFC /* HomeScreen.swift in Sources */,
				C7A367C92BAD701700D97CFC /* Coordinator.swift in Sources */,
				C7A367FA2BAD701700D97CFC /* ActionResult.swift in Sources */,
				C7A367EF2BAD701700D97CFC /* Images.swift in Sources */,
				C7A367F62BAD701700D97CFC /* TDNewRowButton.swift in Sources */,
				C7A367F92BAD701700D97CFC /* TDOptionsMenuView.swift in Sources */,
				C7A367E82BAD701700D97CFC /* ShareListReducer+Results.swift in Sources */,
				C7A367D42BAD701700D97CFC /* AboutBuilder.swift in Sources */,
				C7A367D72BAD701700D97CFC /* ListItemsReducer.swift in Sources */,
				C7A367E62BAD701700D97CFC /* ShareListReducer+ViewAppear.swift in Sources */,
				C7A367EB2BAD701700D97CFC /* ShareListViewModel.swift in Sources */,
				C7A367ED2BAD701700D97CFC /* UINavigationController+backBarButton.swift in Sources */,
				C7A367D02BAD701700D97CFC /* HomeAccountMenuView.swift in Sources */,
				C7A367D82BAD701700D97CFC /* ListItemsReducer+Results.swift in Sources */,
				C7A367F12BAD701700D97CFC /* TDListRowModifier.swift in Sources */,
				C7A367CE2BAD701700D97CFC /* HomeReducer.swift in Sources */,
			);
			runOnlyForDeploymentPostprocessing = 0;
		};
		C7A368642BAD725B00D97CFC /* Sources */ = {
			isa = PBXSourcesBuildPhase;
			buildActionMask = 2147483647;
			files = (
				C7A368782BAD72A400D97CFC /* TestReducer.swift in Sources */,
				C7A368742BAD72A400D97CFC /* AuthenticationReducerTests.swift in Sources */,
				C7A368772BAD72A400D97CFC /* TestStore.swift in Sources */,
				C7A3687A2BAD72A400D97CFC /* AuthenticationUseCaseMock.swift in Sources */,
				C7A368732BAD72A400D97CFC /* UserMock.swift in Sources */,
				C7A368792BAD72A400D97CFC /* TestCoordinator.swift in Sources */,
				C7A368752BAD72A400D97CFC /* ShareReducerTests.swift in Sources */,
				C7A368762BAD72A400D97CFC /* ShareListUseCaseMock.swift in Sources */,
				C7A368722BAD72A400D97CFC /* ListMock.swift in Sources */,
			);
			runOnlyForDeploymentPostprocessing = 0;
		};
/* End PBXSourcesBuildPhase section */

/* Begin PBXTargetDependency section */
		C7A3686E2BAD725B00D97CFC /* PBXTargetDependency */ = {
			isa = PBXTargetDependency;
			target = C7A3675B2BAD6FF600D97CFC /* Presentation */;
			targetProxy = C7A3686D2BAD725B00D97CFC /* PBXContainerItemProxy */;
		};
/* End PBXTargetDependency section */

/* Begin XCBuildConfiguration section */
		C7A3676C2BAD6FF600D97CFC /* Debug */ = {
			isa = XCBuildConfiguration;
			buildSettings = {
				ALWAYS_SEARCH_USER_PATHS = NO;
				ASSETCATALOG_COMPILER_GENERATE_SWIFT_ASSET_SYMBOL_EXTENSIONS = YES;
				CLANG_ANALYZER_NONNULL = YES;
				CLANG_ANALYZER_NUMBER_OBJECT_CONVERSION = YES_AGGRESSIVE;
				CLANG_CXX_LANGUAGE_STANDARD = "gnu++20";
				CLANG_ENABLE_MODULES = YES;
				CLANG_ENABLE_OBJC_ARC = YES;
				CLANG_ENABLE_OBJC_WEAK = YES;
				CLANG_WARN_BLOCK_CAPTURE_AUTORELEASING = YES;
				CLANG_WARN_BOOL_CONVERSION = YES;
				CLANG_WARN_COMMA = YES;
				CLANG_WARN_CONSTANT_CONVERSION = YES;
				CLANG_WARN_DEPRECATED_OBJC_IMPLEMENTATIONS = YES;
				CLANG_WARN_DIRECT_OBJC_ISA_USAGE = YES_ERROR;
				CLANG_WARN_DOCUMENTATION_COMMENTS = YES;
				CLANG_WARN_EMPTY_BODY = YES;
				CLANG_WARN_ENUM_CONVERSION = YES;
				CLANG_WARN_INFINITE_RECURSION = YES;
				CLANG_WARN_INT_CONVERSION = YES;
				CLANG_WARN_NON_LITERAL_NULL_CONVERSION = YES;
				CLANG_WARN_OBJC_IMPLICIT_RETAIN_SELF = YES;
				CLANG_WARN_OBJC_LITERAL_CONVERSION = YES;
				CLANG_WARN_OBJC_ROOT_CLASS = YES_ERROR;
				CLANG_WARN_QUOTED_INCLUDE_IN_FRAMEWORK_HEADER = YES;
				CLANG_WARN_RANGE_LOOP_ANALYSIS = YES;
				CLANG_WARN_STRICT_PROTOTYPES = YES;
				CLANG_WARN_SUSPICIOUS_MOVE = YES;
				CLANG_WARN_UNGUARDED_AVAILABILITY = YES_AGGRESSIVE;
				CLANG_WARN_UNREACHABLE_CODE = YES;
				CLANG_WARN__DUPLICATE_METHOD_MATCH = YES;
				COPY_PHASE_STRIP = NO;
				CURRENT_PROJECT_VERSION = 1;
				DEBUG_INFORMATION_FORMAT = dwarf;
				ENABLE_STRICT_OBJC_MSGSEND = YES;
				ENABLE_TESTABILITY = YES;
				ENABLE_USER_SCRIPT_SANDBOXING = YES;
				GCC_C_LANGUAGE_STANDARD = gnu17;
				GCC_DYNAMIC_NO_PIC = NO;
				GCC_NO_COMMON_BLOCKS = YES;
				GCC_OPTIMIZATION_LEVEL = 0;
				GCC_PREPROCESSOR_DEFINITIONS = (
					"DEBUG=1",
					"$(inherited)",
				);
				GCC_WARN_64_TO_32_BIT_CONVERSION = YES;
				GCC_WARN_ABOUT_RETURN_TYPE = YES_ERROR;
				GCC_WARN_UNDECLARED_SELECTOR = YES;
				GCC_WARN_UNINITIALIZED_AUTOS = YES_AGGRESSIVE;
				GCC_WARN_UNUSED_FUNCTION = YES;
				GCC_WARN_UNUSED_VARIABLE = YES;
				IPHONEOS_DEPLOYMENT_TARGET = 17.0;
				LOCALIZATION_PREFERS_STRING_CATALOGS = YES;
				MTL_ENABLE_DEBUG_INFO = INCLUDE_SOURCE;
				MTL_FAST_MATH = YES;
				ONLY_ACTIVE_ARCH = YES;
				SDKROOT = iphoneos;
				SWIFT_ACTIVE_COMPILATION_CONDITIONS = "DEBUG $(inherited)";
				SWIFT_OPTIMIZATION_LEVEL = "-Onone";
				VERSIONING_SYSTEM = "apple-generic";
				VERSION_INFO_PREFIX = "";
			};
			name = Debug;
		};
		C7A3676D2BAD6FF600D97CFC /* Release */ = {
			isa = XCBuildConfiguration;
			buildSettings = {
				ALWAYS_SEARCH_USER_PATHS = NO;
				ASSETCATALOG_COMPILER_GENERATE_SWIFT_ASSET_SYMBOL_EXTENSIONS = YES;
				CLANG_ANALYZER_NONNULL = YES;
				CLANG_ANALYZER_NUMBER_OBJECT_CONVERSION = YES_AGGRESSIVE;
				CLANG_CXX_LANGUAGE_STANDARD = "gnu++20";
				CLANG_ENABLE_MODULES = YES;
				CLANG_ENABLE_OBJC_ARC = YES;
				CLANG_ENABLE_OBJC_WEAK = YES;
				CLANG_WARN_BLOCK_CAPTURE_AUTORELEASING = YES;
				CLANG_WARN_BOOL_CONVERSION = YES;
				CLANG_WARN_COMMA = YES;
				CLANG_WARN_CONSTANT_CONVERSION = YES;
				CLANG_WARN_DEPRECATED_OBJC_IMPLEMENTATIONS = YES;
				CLANG_WARN_DIRECT_OBJC_ISA_USAGE = YES_ERROR;
				CLANG_WARN_DOCUMENTATION_COMMENTS = YES;
				CLANG_WARN_EMPTY_BODY = YES;
				CLANG_WARN_ENUM_CONVERSION = YES;
				CLANG_WARN_INFINITE_RECURSION = YES;
				CLANG_WARN_INT_CONVERSION = YES;
				CLANG_WARN_NON_LITERAL_NULL_CONVERSION = YES;
				CLANG_WARN_OBJC_IMPLICIT_RETAIN_SELF = YES;
				CLANG_WARN_OBJC_LITERAL_CONVERSION = YES;
				CLANG_WARN_OBJC_ROOT_CLASS = YES_ERROR;
				CLANG_WARN_QUOTED_INCLUDE_IN_FRAMEWORK_HEADER = YES;
				CLANG_WARN_RANGE_LOOP_ANALYSIS = YES;
				CLANG_WARN_STRICT_PROTOTYPES = YES;
				CLANG_WARN_SUSPICIOUS_MOVE = YES;
				CLANG_WARN_UNGUARDED_AVAILABILITY = YES_AGGRESSIVE;
				CLANG_WARN_UNREACHABLE_CODE = YES;
				CLANG_WARN__DUPLICATE_METHOD_MATCH = YES;
				COPY_PHASE_STRIP = NO;
				CURRENT_PROJECT_VERSION = 1;
				DEBUG_INFORMATION_FORMAT = "dwarf-with-dsym";
				ENABLE_NS_ASSERTIONS = NO;
				ENABLE_STRICT_OBJC_MSGSEND = YES;
				ENABLE_USER_SCRIPT_SANDBOXING = YES;
				GCC_C_LANGUAGE_STANDARD = gnu17;
				GCC_NO_COMMON_BLOCKS = YES;
				GCC_WARN_64_TO_32_BIT_CONVERSION = YES;
				GCC_WARN_ABOUT_RETURN_TYPE = YES_ERROR;
				GCC_WARN_UNDECLARED_SELECTOR = YES;
				GCC_WARN_UNINITIALIZED_AUTOS = YES_AGGRESSIVE;
				GCC_WARN_UNUSED_FUNCTION = YES;
				GCC_WARN_UNUSED_VARIABLE = YES;
				IPHONEOS_DEPLOYMENT_TARGET = 17.0;
				LOCALIZATION_PREFERS_STRING_CATALOGS = YES;
				MTL_ENABLE_DEBUG_INFO = NO;
				MTL_FAST_MATH = YES;
				SDKROOT = iphoneos;
				SWIFT_COMPILATION_MODE = wholemodule;
				VALIDATE_PRODUCT = YES;
				VERSIONING_SYSTEM = "apple-generic";
				VERSION_INFO_PREFIX = "";
			};
			name = Release;
		};
		C7A3676F2BAD6FF600D97CFC /* Debug */ = {
			isa = XCBuildConfiguration;
			buildSettings = {
				CODE_SIGN_STYLE = Automatic;
				CURRENT_PROJECT_VERSION = 1;
				DEFINES_MODULE = YES;
				DEVELOPMENT_TEAM = JPMAMPZRCV;
				DYLIB_COMPATIBILITY_VERSION = 1;
				DYLIB_CURRENT_VERSION = 1;
				DYLIB_INSTALL_NAME_BASE = "@rpath";
				ENABLE_MODULE_VERIFIER = YES;
				GENERATE_INFOPLIST_FILE = YES;
				INFOPLIST_KEY_NSHumanReadableCopyright = "";
				INSTALL_PATH = "$(LOCAL_LIBRARY_DIR)/Frameworks";
				LD_RUNPATH_SEARCH_PATHS = (
					"$(inherited)",
					"@executable_path/Frameworks",
					"@loader_path/Frameworks",
				);
				MARKETING_VERSION = 1.0;
				MODULE_VERIFIER_SUPPORTED_LANGUAGES = "objective-c objective-c++";
				MODULE_VERIFIER_SUPPORTED_LANGUAGE_STANDARDS = "gnu17 gnu++20";
				OTHER_LDFLAGS = "-Wl,-no_warn_duplicate_libraries";
				PRODUCT_BUNDLE_IDENTIFIER = xvicient.Presentation;
				PRODUCT_NAME = "$(TARGET_NAME:c99extidentifier)";
				SKIP_INSTALL = YES;
				SWIFT_EMIT_LOC_STRINGS = YES;
				SWIFT_VERSION = 5.0;
				TARGETED_DEVICE_FAMILY = "1,2";
			};
			name = Debug;
		};
		C7A367702BAD6FF600D97CFC /* Release */ = {
			isa = XCBuildConfiguration;
			buildSettings = {
				CODE_SIGN_STYLE = Automatic;
				CURRENT_PROJECT_VERSION = 1;
				DEFINES_MODULE = YES;
				DEVELOPMENT_TEAM = JPMAMPZRCV;
				DYLIB_COMPATIBILITY_VERSION = 1;
				DYLIB_CURRENT_VERSION = 1;
				DYLIB_INSTALL_NAME_BASE = "@rpath";
				ENABLE_MODULE_VERIFIER = YES;
				GENERATE_INFOPLIST_FILE = YES;
				INFOPLIST_KEY_NSHumanReadableCopyright = "";
				INSTALL_PATH = "$(LOCAL_LIBRARY_DIR)/Frameworks";
				LD_RUNPATH_SEARCH_PATHS = (
					"$(inherited)",
					"@executable_path/Frameworks",
					"@loader_path/Frameworks",
				);
				MARKETING_VERSION = 1.0;
				MODULE_VERIFIER_SUPPORTED_LANGUAGES = "objective-c objective-c++";
				MODULE_VERIFIER_SUPPORTED_LANGUAGE_STANDARDS = "gnu17 gnu++20";
				OTHER_LDFLAGS = "-Wl,-no_warn_duplicate_libraries";
				PRODUCT_BUNDLE_IDENTIFIER = xvicient.Presentation;
				PRODUCT_NAME = "$(TARGET_NAME:c99extidentifier)";
				SKIP_INSTALL = YES;
				SWIFT_EMIT_LOC_STRINGS = YES;
				SWIFT_VERSION = 5.0;
				TARGETED_DEVICE_FAMILY = "1,2";
			};
			name = Release;
		};
		C7A368702BAD725B00D97CFC /* Debug */ = {
			isa = XCBuildConfiguration;
			buildSettings = {
				CODE_SIGN_STYLE = Automatic;
				CURRENT_PROJECT_VERSION = 1;
				DEVELOPMENT_TEAM = JPMAMPZRCV;
				GENERATE_INFOPLIST_FILE = YES;
				MARKETING_VERSION = 1.0;
				OTHER_LDFLAGS = "-Wl,-no_warn_duplicate_libraries";
				PRODUCT_BUNDLE_IDENTIFIER = xvicient.PresentationTests;
				PRODUCT_NAME = "$(TARGET_NAME)";
				SWIFT_EMIT_LOC_STRINGS = NO;
				SWIFT_VERSION = 5.0;
				TARGETED_DEVICE_FAMILY = "1,2";
			};
			name = Debug;
		};
		C7A368712BAD725B00D97CFC /* Release */ = {
			isa = XCBuildConfiguration;
			buildSettings = {
				CODE_SIGN_STYLE = Automatic;
				CURRENT_PROJECT_VERSION = 1;
				DEVELOPMENT_TEAM = JPMAMPZRCV;
				GENERATE_INFOPLIST_FILE = YES;
				MARKETING_VERSION = 1.0;
				OTHER_LDFLAGS = "-Wl,-no_warn_duplicate_libraries";
				PRODUCT_BUNDLE_IDENTIFIER = xvicient.PresentationTests;
				PRODUCT_NAME = "$(TARGET_NAME)";
				SWIFT_EMIT_LOC_STRINGS = NO;
				SWIFT_VERSION = 5.0;
				TARGETED_DEVICE_FAMILY = "1,2";
			};
			name = Release;
		};
/* End XCBuildConfiguration section */

/* Begin XCConfigurationList section */
		C7A367562BAD6FF600D97CFC /* Build configuration list for PBXProject "Presentation" */ = {
			isa = XCConfigurationList;
			buildConfigurations = (
				C7A3676C2BAD6FF600D97CFC /* Debug */,
				C7A3676D2BAD6FF600D97CFC /* Release */,
			);
			defaultConfigurationIsVisible = 0;
			defaultConfigurationName = Release;
		};
		C7A3676E2BAD6FF600D97CFC /* Build configuration list for PBXNativeTarget "Presentation" */ = {
			isa = XCConfigurationList;
			buildConfigurations = (
				C7A3676F2BAD6FF600D97CFC /* Debug */,
				C7A367702BAD6FF600D97CFC /* Release */,
			);
			defaultConfigurationIsVisible = 0;
			defaultConfigurationName = Release;
		};
		C7A3686F2BAD725B00D97CFC /* Build configuration list for PBXNativeTarget "PresentationTests" */ = {
			isa = XCConfigurationList;
			buildConfigurations = (
				C7A368702BAD725B00D97CFC /* Debug */,
				C7A368712BAD725B00D97CFC /* Release */,
			);
			defaultConfigurationIsVisible = 0;
			defaultConfigurationName = Release;
		};
/* End XCConfigurationList section */
	};
	rootObject = C7A367532BAD6FF600D97CFC /* Project object */;
}
