// !$*UTF8*$!
{
	archiveVersion = 1;
	classes = {
	};
	objectVersion = 60;
	objects = {

/* Begin PBXBuildFile section */
		C72241D82D3170550046C0D7 /* FirebaseDependencies in Frameworks */ = {isa = PBXBuildFile; productRef = C72241D72D3170550046C0D7 /* FirebaseDependencies */; };
		C72241DC2D3172630046C0D7 /* Data in Frameworks */ = {isa = PBXBuildFile; productRef = C72241DB2D3172630046C0D7 /* Data */; };
		C74372D12D32AAF9002E1F1A /* Assets.xcassets in Resources */ = {isa = PBXBuildFile; fileRef = C74372D02D32AAF9002E1F1A /* Assets.xcassets */; };
		C74372D32D32AB96002E1F1A /* Colors.xcassets in Resources */ = {isa = PBXBuildFile; fileRef = C74372D22D32AB96002E1F1A /* Colors.xcassets */; };
		C75EB57D2D31DC1300317D07 /* Application in Frameworks */ = {isa = PBXBuildFile; productRef = C75EB57C2D31DC1300317D07 /* Application */; };
		C75EB5892D32968B00317D07 /* AuthenticationScreen in Frameworks */ = {isa = PBXBuildFile; productRef = C75EB5882D32968B00317D07 /* AuthenticationScreen */; };
		C77FFADF2D32C6E100C59A48 /* CoordinatorContract in Frameworks */ = {isa = PBXBuildFile; productRef = C77FFADE2D32C6E100C59A48 /* CoordinatorContract */; };
		C77FFAE12D32C6E100C59A48 /* CoordinatorImpl in Frameworks */ = {isa = PBXBuildFile; productRef = C77FFAE02D32C6E100C59A48 /* CoordinatorImpl */; };
		C79CB29B2B0D537A00C2BD18 /* GoogleService-Info.plist in Resources */ = {isa = PBXBuildFile; fileRef = C79CB2882B0D537A00C2BD18 /* GoogleService-Info.plist */; };
		C79CB29C2B0D537A00C2BD18 /* Preview Assets.xcassets in Resources */ = {isa = PBXBuildFile; fileRef = C79CB28A2B0D537A00C2BD18 /* Preview Assets.xcassets */; };
		C79CB2A62B0D57F700C2BD18 /* TodoerApp.swift in Sources */ = {isa = PBXBuildFile; fileRef = C79CB2A52B0D57F700C2BD18 /* TodoerApp.swift */; };
		C7B335932D31CF2700C36D7B /* GoogleSignInDependencies in Frameworks */ = {isa = PBXBuildFile; productRef = C7B335922D31CF2700C36D7B /* GoogleSignInDependencies */; };
		C7B3359F2D31D3E700C36D7B /* Common in Frameworks */ = {isa = PBXBuildFile; productRef = C7B3359E2D31D3E700C36D7B /* Common */; };
		C7C42E202D332D0C006B8C53 /* CoordinatorImpl in Frameworks */ = {isa = PBXBuildFile; productRef = C7C42E1F2D332D0C006B8C53 /* CoordinatorImpl */; };
		C7C535582B545BB000DB4B65 /* Launch Screen.storyboard in Resources */ = {isa = PBXBuildFile; fileRef = C7C535572B545BB000DB4B65 /* Launch Screen.storyboard */; };
		C7DE26232D3411920090FF66 /* Application in Frameworks */ = {isa = PBXBuildFile; productRef = C7DE26222D3411920090FF66 /* Application */; };
		C7DE26262D3411A00090FF66 /* Entities in Frameworks */ = {isa = PBXBuildFile; productRef = C7DE26252D3411A00090FF66 /* Entities */; };
		C7EA2F382D340E4300B63DDC /* CoordinatorContract in Frameworks */ = {isa = PBXBuildFile; productRef = C7EA2F372D340E4300B63DDC /* CoordinatorContract */; };
		C7EA2F3A2D340E4300B63DDC /* CoordinatorImpl in Frameworks */ = {isa = PBXBuildFile; productRef = C7EA2F392D340E4300B63DDC /* CoordinatorImpl */; };
		C7EA2F3D2D340E6700B63DDC /* CoordinatorImpl in Frameworks */ = {isa = PBXBuildFile; productRef = C7EA2F3C2D340E6700B63DDC /* CoordinatorImpl */; };
		C7EA2F402D340E7B00B63DDC /* Mocks in Frameworks */ = {isa = PBXBuildFile; productRef = C7EA2F3F2D340E7B00B63DDC /* Mocks */; };
		C7F3058A2D32CCA5004C322D /* ThemeAssets in Frameworks */ = {isa = PBXBuildFile; productRef = C7F305892D32CCA5004C322D /* ThemeAssets */; };
		C7F3058C2D32CCA5004C322D /* ThemeComponents in Frameworks */ = {isa = PBXBuildFile; productRef = C7F3058B2D32CCA5004C322D /* ThemeComponents */; };
		D65087372D35B7980056F8F3 /* FeatureProviderContract in Frameworks */ = {isa = PBXBuildFile; productRef = D65087362D35B7980056F8F3 /* FeatureProviderContract */; };
		D650873A2D35B8570056F8F3 /* CoordinatorContract in Frameworks */ = {isa = PBXBuildFile; productRef = D65087392D35B8570056F8F3 /* CoordinatorContract */; };
		D650873C2D35B8570056F8F3 /* CoordinatorImpl in Frameworks */ = {isa = PBXBuildFile; productRef = D650873B2D35B8570056F8F3 /* CoordinatorImpl */; };
		D650873E2D35BEDE0056F8F3 /* FeatureProvider.swift in Sources */ = {isa = PBXBuildFile; fileRef = D650873D2D35BEA50056F8F3 /* FeatureProvider.swift */; };
/* End PBXBuildFile section */

/* Begin PBXContainerItemProxy section */
		C745151B2B750F3D00C6D08E /* PBXContainerItemProxy */ = {
			isa = PBXContainerItemProxy;
			containerPortal = D6A29BEB2B09706100FA7F84 /* Project object */;
			proxyType = 1;
			remoteGlobalIDString = D6A29BF22B09706100FA7F84;
			remoteInfo = Todoer;
		};
/* End PBXContainerItemProxy section */

/* Begin PBXFileReference section */
		C74372D02D32AAF9002E1F1A /* Assets.xcassets */ = {isa = PBXFileReference; lastKnownFileType = folder.assetcatalog; path = Assets.xcassets; sourceTree = "<group>"; };
		C74372D22D32AB96002E1F1A /* Colors.xcassets */ = {isa = PBXFileReference; lastKnownFileType = folder.assetcatalog; path = Colors.xcassets; sourceTree = "<group>"; };
		C74515172B750F3D00C6D08E /* TodoerTests.xctest */ = {isa = PBXFileReference; explicitFileType = wrapper.cfbundle; includeInIndex = 0; path = TodoerTests.xctest; sourceTree = BUILT_PRODUCTS_DIR; };
		C760DF002D3334F20060D496 /* Entities */ = {isa = PBXFileReference; lastKnownFileType = wrapper; path = Entities; sourceTree = "<group>"; };
		C79CB2882B0D537A00C2BD18 /* GoogleService-Info.plist */ = {isa = PBXFileReference; fileEncoding = 4; lastKnownFileType = text.plist.xml; path = "GoogleService-Info.plist"; sourceTree = "<group>"; };
		C79CB28A2B0D537A00C2BD18 /* Preview Assets.xcassets */ = {isa = PBXFileReference; lastKnownFileType = folder.assetcatalog; path = "Preview Assets.xcassets"; sourceTree = "<group>"; };
		C79CB2A52B0D57F700C2BD18 /* TodoerApp.swift */ = {isa = PBXFileReference; fileEncoding = 4; lastKnownFileType = sourcecode.swift; path = TodoerApp.swift; sourceTree = "<group>"; };
		C79CB2C62B13F48C00C2BD18 /* Info.plist */ = {isa = PBXFileReference; lastKnownFileType = text.plist.xml; path = Info.plist; sourceTree = "<group>"; };
		C7B335952D31D30500C36D7B /* FirebaseDependencies */ = {isa = PBXFileReference; lastKnownFileType = wrapper; path = FirebaseDependencies; sourceTree = "<group>"; };
		C7B335962D31D30500C36D7B /* GoogleSignInDependencies */ = {isa = PBXFileReference; lastKnownFileType = wrapper; path = GoogleSignInDependencies; sourceTree = "<group>"; };
		C7C42E0C2D332C8B006B8C53 /* Application */ = {isa = PBXFileReference; lastKnownFileType = wrapper; path = Application; sourceTree = "<group>"; };
		C7C42E0D2D332C8B006B8C53 /* Common */ = {isa = PBXFileReference; lastKnownFileType = wrapper; path = Common; sourceTree = "<group>"; };
		C7C42E0E2D332C8B006B8C53 /* Coordinator */ = {isa = PBXFileReference; lastKnownFileType = wrapper; path = Coordinator; sourceTree = "<group>"; };
		C7C42E0F2D332C8B006B8C53 /* Data */ = {isa = PBXFileReference; lastKnownFileType = wrapper; path = Data; sourceTree = "<group>"; };
		C7C42E182D332C8B006B8C53 /* Theme */ = {isa = PBXFileReference; lastKnownFileType = wrapper; path = Theme; sourceTree = "<group>"; };
		C7C42E192D332CCD006B8C53 /* AboutScreen */ = {isa = PBXFileReference; lastKnownFileType = wrapper; path = AboutScreen; sourceTree = "<group>"; };
		C7C42E1A2D332CCD006B8C53 /* AuthenticationScreen */ = {isa = PBXFileReference; lastKnownFileType = wrapper; path = AuthenticationScreen; sourceTree = "<group>"; };
		C7C42E1B2D332CCD006B8C53 /* HomeScreen */ = {isa = PBXFileReference; lastKnownFileType = wrapper; path = HomeScreen; sourceTree = "<group>"; };
		C7C42E1C2D332CCD006B8C53 /* ListItemsScreen */ = {isa = PBXFileReference; lastKnownFileType = wrapper; path = ListItemsScreen; sourceTree = "<group>"; };
		C7C42E1D2D332CCD006B8C53 /* ShareListScreen */ = {isa = PBXFileReference; lastKnownFileType = wrapper; path = ShareListScreen; sourceTree = "<group>"; };
		C7C535572B545BB000DB4B65 /* Launch Screen.storyboard */ = {isa = PBXFileReference; lastKnownFileType = file.storyboard; path = "Launch Screen.storyboard"; sourceTree = "<group>"; };
		C7F428632B58425E00DEE7E9 /* Todoer.entitlements */ = {isa = PBXFileReference; lastKnownFileType = text.plist.entitlements; path = Todoer.entitlements; sourceTree = "<group>"; };
		D65087322D35B61F0056F8F3 /* FeatureProvider */ = {isa = PBXFileReference; lastKnownFileType = wrapper; path = FeatureProvider; sourceTree = "<group>"; };
		D650873D2D35BEA50056F8F3 /* FeatureProvider.swift */ = {isa = PBXFileReference; lastKnownFileType = sourcecode.swift; path = FeatureProvider.swift; sourceTree = "<group>"; };
		D6A29BF32B09706100FA7F84 /* Todoer.app */ = {isa = PBXFileReference; explicitFileType = wrapper.application; includeInIndex = 0; path = Todoer.app; sourceTree = BUILT_PRODUCTS_DIR; };
		D6A29C112B09706200FA7F84 /* TodoerUITests.swift */ = {isa = PBXFileReference; lastKnownFileType = sourcecode.swift; path = TodoerUITests.swift; sourceTree = "<group>"; };
		D6A29C132B09706200FA7F84 /* TodoerUITestsLaunchTests.swift */ = {isa = PBXFileReference; lastKnownFileType = sourcecode.swift; path = TodoerUITestsLaunchTests.swift; sourceTree = "<group>"; };
/* End PBXFileReference section */

/* Begin PBXFrameworksBuildPhase section */
		C74515142B750F3D00C6D08E /* Frameworks */ = {
			isa = PBXFrameworksBuildPhase;
			buildActionMask = 2147483647;
			files = (
				C7DE26232D3411920090FF66 /* Application in Frameworks */,
				C7DE26262D3411A00090FF66 /* Entities in Frameworks */,
				C7EA2F402D340E7B00B63DDC /* Mocks in Frameworks */,
				C7EA2F382D340E4300B63DDC /* CoordinatorContract in Frameworks */,
			);
			runOnlyForDeploymentPostprocessing = 0;
		};
		D6A29BF02B09706100FA7F84 /* Frameworks */ = {
			isa = PBXFrameworksBuildPhase;
			buildActionMask = 2147483647;
			files = (
				D65087372D35B7980056F8F3 /* FeatureProviderContract in Frameworks */,
				C75EB5892D32968B00317D07 /* AuthenticationScreen in Frameworks */,
				C72241DC2D3172630046C0D7 /* Data in Frameworks */,
				C77FFADF2D32C6E100C59A48 /* CoordinatorContract in Frameworks */,
				C7B335932D31CF2700C36D7B /* GoogleSignInDependencies in Frameworks */,
				D650873C2D35B8570056F8F3 /* CoordinatorImpl in Frameworks */,
				C7F3058A2D32CCA5004C322D /* ThemeAssets in Frameworks */,
				C77FFAE12D32C6E100C59A48 /* CoordinatorImpl in Frameworks */,
				C75EB57D2D31DC1300317D07 /* Application in Frameworks */,
				C72241D82D3170550046C0D7 /* FirebaseDependencies in Frameworks */,
				D650873A2D35B8570056F8F3 /* CoordinatorContract in Frameworks */,
				C7B3359F2D31D3E700C36D7B /* Common in Frameworks */,
				C7EA2F3A2D340E4300B63DDC /* CoordinatorImpl in Frameworks */,
				C7EA2F3D2D340E6700B63DDC /* CoordinatorImpl in Frameworks */,
				C7F3058C2D32CCA5004C322D /* ThemeComponents in Frameworks */,
				C7C42E202D332D0C006B8C53 /* CoordinatorImpl in Frameworks */,
			);
			runOnlyForDeploymentPostprocessing = 0;
		};
/* End PBXFrameworksBuildPhase section */

/* Begin PBXGroup section */
		C74C0F452B5588C100926E87 /* Features */ = {
			isa = PBXGroup;
			children = (
				D650873D2D35BEA50056F8F3 /* FeatureProvider.swift */,
				C7C42E192D332CCD006B8C53 /* AboutScreen */,
				C7C42E1A2D332CCD006B8C53 /* AuthenticationScreen */,
				C7C42E1B2D332CCD006B8C53 /* HomeScreen */,
				C7C42E1C2D332CCD006B8C53 /* ListItemsScreen */,
				C7C42E1D2D332CCD006B8C53 /* ShareListScreen */,
			);
			path = Features;
			sourceTree = "<group>";
		};
		C770BF6C2D313EF100B455B5 /* Frameworks */ = {
			isa = PBXGroup;
			children = (
			);
			name = Frameworks;
			sourceTree = "<group>";
		};
		C78AF05E2D332BBF009244AF /* Shared */ = {
			isa = PBXGroup;
			children = (
				D65087322D35B61F0056F8F3 /* FeatureProvider */,
				C7C42E0C2D332C8B006B8C53 /* Application */,
				C7C42E0D2D332C8B006B8C53 /* Common */,
				C7C42E0E2D332C8B006B8C53 /* Coordinator */,
				C7C42E0F2D332C8B006B8C53 /* Data */,
				C760DF002D3334F20060D496 /* Entities */,
				C7C42E182D332C8B006B8C53 /* Theme */,
			);
			path = Shared;
			sourceTree = "<group>";
		};
		C79CB26D2B0D537A00C2BD18 /* Sources */ = {
			isa = PBXGroup;
			children = (
				C7C535572B545BB000DB4B65 /* Launch Screen.storyboard */,
				C79CB2A52B0D57F700C2BD18 /* TodoerApp.swift */,
				C78AF05E2D332BBF009244AF /* Shared */,
				C74C0F452B5588C100926E87 /* Features */,
			);
			path = Sources;
			sourceTree = "<group>";
		};
		C79CB2862B0D537A00C2BD18 /* Resources */ = {
			isa = PBXGroup;
			children = (
				C7F428632B58425E00DEE7E9 /* Todoer.entitlements */,
				C74372D22D32AB96002E1F1A /* Colors.xcassets */,
				C74372D02D32AAF9002E1F1A /* Assets.xcassets */,
				C79CB2C62B13F48C00C2BD18 /* Info.plist */,
				C79CB2882B0D537A00C2BD18 /* GoogleService-Info.plist */,
				C79CB2892B0D537A00C2BD18 /* Preview Content */,
			);
			path = Resources;
			sourceTree = "<group>";
		};
		C79CB2892B0D537A00C2BD18 /* Preview Content */ = {
			isa = PBXGroup;
			children = (
				C79CB28A2B0D537A00C2BD18 /* Preview Assets.xcassets */,
			);
			path = "Preview Content";
			sourceTree = "<group>";
		};
		C7B335972D31D30500C36D7B /* External */ = {
			isa = PBXGroup;
			children = (
				C7B335952D31D30500C36D7B /* FirebaseDependencies */,
				C7B335962D31D30500C36D7B /* GoogleSignInDependencies */,
			);
			path = External;
			sourceTree = "<group>";
		};
		C7B3359A2D31D30500C36D7B /* Packages */ = {
			isa = PBXGroup;
			children = (
				C7B335972D31D30500C36D7B /* External */,
			);
			path = Packages;
			sourceTree = "<group>";
		};
		D6A29BEA2B09706100FA7F84 = {
			isa = PBXGroup;
			children = (
				D6A29BF52B09706100FA7F84 /* Todoer */,
				D6A29C102B09706200FA7F84 /* TodoerUITests */,
				C7B3359A2D31D30500C36D7B /* Packages */,
				C770BF6C2D313EF100B455B5 /* Frameworks */,
				D6A29BF42B09706100FA7F84 /* Products */,
			);
			sourceTree = "<group>";
		};
		D6A29BF42B09706100FA7F84 /* Products */ = {
			isa = PBXGroup;
			children = (
				D6A29BF32B09706100FA7F84 /* Todoer.app */,
				C74515172B750F3D00C6D08E /* TodoerTests.xctest */,
			);
			name = Products;
			sourceTree = "<group>";
		};
		D6A29BF52B09706100FA7F84 /* Todoer */ = {
			isa = PBXGroup;
			children = (
				C79CB2862B0D537A00C2BD18 /* Resources */,
				C79CB26D2B0D537A00C2BD18 /* Sources */,
			);
			path = Todoer;
			sourceTree = "<group>";
		};
		D6A29C102B09706200FA7F84 /* TodoerUITests */ = {
			isa = PBXGroup;
			children = (
				D6A29C112B09706200FA7F84 /* TodoerUITests.swift */,
				D6A29C132B09706200FA7F84 /* TodoerUITestsLaunchTests.swift */,
			);
			path = TodoerUITests;
			sourceTree = "<group>";
		};
/* End PBXGroup section */

/* Begin PBXNativeTarget section */
		C74515162B750F3D00C6D08E /* TodoerTests */ = {
			isa = PBXNativeTarget;
			buildConfigurationList = C745151D2B750F3D00C6D08E /* Build configuration list for PBXNativeTarget "TodoerTests" */;
			buildPhases = (
				C74515132B750F3D00C6D08E /* Sources */,
				C74515142B750F3D00C6D08E /* Frameworks */,
				C74515152B750F3D00C6D08E /* Resources */,
			);
			buildRules = (
			);
			dependencies = (
				C745151C2B750F3D00C6D08E /* PBXTargetDependency */,
			);
			name = TodoerTests;
			productName = TodoerTests;
			productReference = C74515172B750F3D00C6D08E /* TodoerTests.xctest */;
			productType = "com.apple.product-type.bundle.unit-test";
		};
		D6A29BF22B09706100FA7F84 /* Todoer */ = {
			isa = PBXNativeTarget;
			buildConfigurationList = D6A29C172B09706200FA7F84 /* Build configuration list for PBXNativeTarget "Todoer" */;
			buildPhases = (
				D6A29BEF2B09706100FA7F84 /* Sources */,
				D6A29BF02B09706100FA7F84 /* Frameworks */,
				D6A29BF12B09706100FA7F84 /* Resources */,
				C79A2EF92B6650C500F52FB2 /* Crashlytics */,
			);
			buildRules = (
			);
			dependencies = (
			);
			name = Todoer;
			packageProductDependencies = (
				C72241D72D3170550046C0D7 /* FirebaseDependencies */,
				C72241DB2D3172630046C0D7 /* Data */,
				C7B335922D31CF2700C36D7B /* GoogleSignInDependencies */,
				C7B3359E2D31D3E700C36D7B /* Common */,
				C75EB57C2D31DC1300317D07 /* Application */,
				C75EB5882D32968B00317D07 /* AuthenticationScreen */,
				C77FFADE2D32C6E100C59A48 /* CoordinatorContract */,
				C77FFAE02D32C6E100C59A48 /* CoordinatorImpl */,
				C7F305892D32CCA5004C322D /* ThemeAssets */,
				C7F3058B2D32CCA5004C322D /* ThemeComponents */,
				C7C42E1F2D332D0C006B8C53 /* CoordinatorImpl */,
				C7EA2F392D340E4300B63DDC /* CoordinatorImpl */,
				C7EA2F3C2D340E6700B63DDC /* CoordinatorImpl */,
				D65087362D35B7980056F8F3 /* FeatureProviderContract */,
				D65087392D35B8570056F8F3 /* CoordinatorContract */,
				D650873B2D35B8570056F8F3 /* CoordinatorImpl */,
			);
			productName = Listio;
			productReference = D6A29BF32B09706100FA7F84 /* Todoer.app */;
			productType = "com.apple.product-type.application";
		};
/* End PBXNativeTarget section */

/* Begin PBXProject section */
		D6A29BEB2B09706100FA7F84 /* Project object */ = {
			isa = PBXProject;
			attributes = {
				BuildIndependentTargetsInParallel = 1;
				LastSwiftUpdateCheck = 1500;
				LastUpgradeCheck = 1500;
				TargetAttributes = {
					C74515162B750F3D00C6D08E = {
						CreatedOnToolsVersion = 15.0;
						TestTargetID = D6A29BF22B09706100FA7F84;
					};
					D6A29BF22B09706100FA7F84 = {
						CreatedOnToolsVersion = 15.0;
					};
				};
			};
			buildConfigurationList = D6A29BEE2B09706100FA7F84 /* Build configuration list for PBXProject "Todoer" */;
			compatibilityVersion = "Xcode 14.0";
			developmentRegion = en;
			hasScannedForEncodings = 0;
			knownRegions = (
				en,
				Base,
			);
			mainGroup = D6A29BEA2B09706100FA7F84;
			packageReferences = (
				C7EB4A862B855B1B00D66D64 /* XCRemoteSwiftPackageReference "swift-format" */,
				C72241D62D3170550046C0D7 /* XCLocalSwiftPackageReference "Packages/External/FirebaseDependencies" */,
				C7B335912D31CF2700C36D7B /* XCLocalSwiftPackageReference "Packages/External/GoogleSignInDependencies" */,
				D65087352D35B7980056F8F3 /* XCLocalSwiftPackageReference "Todoer/Sources/Shared/FeatureProvider" */,
				D65087382D35B8570056F8F3 /* XCLocalSwiftPackageReference "Todoer/Sources/Shared/Coordinator" */,
			);
			productRefGroup = D6A29BF42B09706100FA7F84 /* Products */;
			projectDirPath = "";
			projectRoot = "";
			targets = (
				D6A29BF22B09706100FA7F84 /* Todoer */,
				C74515162B750F3D00C6D08E /* TodoerTests */,
			);
		};
/* End PBXProject section */

/* Begin PBXResourcesBuildPhase section */
		C74515152B750F3D00C6D08E /* Resources */ = {
			isa = PBXResourcesBuildPhase;
			buildActionMask = 2147483647;
			files = (
			);
			runOnlyForDeploymentPostprocessing = 0;
		};
		D6A29BF12B09706100FA7F84 /* Resources */ = {
			isa = PBXResourcesBuildPhase;
			buildActionMask = 2147483647;
			files = (
				C74372D32D32AB96002E1F1A /* Colors.xcassets in Resources */,
				C79CB29C2B0D537A00C2BD18 /* Preview Assets.xcassets in Resources */,
				C7C535582B545BB000DB4B65 /* Launch Screen.storyboard in Resources */,
				C74372D12D32AAF9002E1F1A /* Assets.xcassets in Resources */,
				C79CB29B2B0D537A00C2BD18 /* GoogleService-Info.plist in Resources */,
			);
			runOnlyForDeploymentPostprocessing = 0;
		};
/* End PBXResourcesBuildPhase section */

/* Begin PBXShellScriptBuildPhase section */
		C79A2EF92B6650C500F52FB2 /* Crashlytics */ = {
			isa = PBXShellScriptBuildPhase;
			alwaysOutOfDate = 1;
			buildActionMask = 2147483647;
			files = (
			);
			inputFileListPaths = (
			);
			inputPaths = (
				"${DWARF_DSYM_FOLDER_PATH}/${DWARF_DSYM_FILE_NAME}",
				"${DWARF_DSYM_FOLDER_PATH}/${DWARF_DSYM_FILE_NAME}/Contents/Resources/DWARF/${PRODUCT_NAME}",
				"${DWARF_DSYM_FOLDER_PATH}/${DWARF_DSYM_FILE_NAME}/Contents/Info.plist",
				"$(TARGET_BUILD_DIR)/$(UNLOCALIZED_RESOURCES_FOLDER_PATH)/GoogleService-Info.plist",
				"$(TARGET_BUILD_DIR)/$(EXECUTABLE_PATH)",
			);
			name = Crashlytics;
			outputFileListPaths = (
			);
			outputPaths = (
			);
			runOnlyForDeploymentPostprocessing = 0;
			shellPath = /bin/sh;
			shellScript = "\"${BUILD_DIR%/Build/*}/SourcePackages/checkouts/firebase-ios-sdk/Crashlytics/run\"\n";
		};
/* End PBXShellScriptBuildPhase section */

/* Begin PBXSourcesBuildPhase section */
		C74515132B750F3D00C6D08E /* Sources */ = {
			isa = PBXSourcesBuildPhase;
			buildActionMask = 2147483647;
			files = (
			);
			runOnlyForDeploymentPostprocessing = 0;
		};
		D6A29BEF2B09706100FA7F84 /* Sources */ = {
			isa = PBXSourcesBuildPhase;
			buildActionMask = 2147483647;
			files = (
				D650873E2D35BEDE0056F8F3 /* FeatureProvider.swift in Sources */,
				C79CB2A62B0D57F700C2BD18 /* TodoerApp.swift in Sources */,
			);
			runOnlyForDeploymentPostprocessing = 0;
		};
/* End PBXSourcesBuildPhase section */

/* Begin PBXTargetDependency section */
		C745151C2B750F3D00C6D08E /* PBXTargetDependency */ = {
			isa = PBXTargetDependency;
			target = D6A29BF22B09706100FA7F84 /* Todoer */;
			targetProxy = C745151B2B750F3D00C6D08E /* PBXContainerItemProxy */;
		};
/* End PBXTargetDependency section */

/* Begin XCBuildConfiguration section */
		C745151E2B750F3D00C6D08E /* Debug */ = {
			isa = XCBuildConfiguration;
			buildSettings = {
				BUNDLE_LOADER = "$(TEST_HOST)";
				CODE_SIGN_STYLE = Automatic;
				CURRENT_PROJECT_VERSION = 1;
				DEVELOPMENT_TEAM = JPMAMPZRCV;
				GENERATE_INFOPLIST_FILE = YES;
				MARKETING_VERSION = 1.0;
				PRODUCT_BUNDLE_IDENTIFIER = xvicient.TodoerTests;
				PRODUCT_NAME = "$(TARGET_NAME)";
				SWIFT_EMIT_LOC_STRINGS = NO;
				SWIFT_VERSION = 5.0;
				TARGETED_DEVICE_FAMILY = "1,2";
				TEST_HOST = "$(BUILT_PRODUCTS_DIR)/Todoer.app/$(BUNDLE_EXECUTABLE_FOLDER_PATH)/Todoer";
			};
			name = Debug;
		};
		C745151F2B750F3D00C6D08E /* Release */ = {
			isa = XCBuildConfiguration;
			buildSettings = {
				BUNDLE_LOADER = "$(TEST_HOST)";
				CODE_SIGN_STYLE = Automatic;
				CURRENT_PROJECT_VERSION = 1;
				DEVELOPMENT_TEAM = JPMAMPZRCV;
				GENERATE_INFOPLIST_FILE = YES;
				MARKETING_VERSION = 1.0;
				PRODUCT_BUNDLE_IDENTIFIER = xvicient.TodoerTests;
				PRODUCT_NAME = "$(TARGET_NAME)";
				SWIFT_EMIT_LOC_STRINGS = NO;
				SWIFT_VERSION = 5.0;
				TARGETED_DEVICE_FAMILY = "1,2";
				TEST_HOST = "$(BUILT_PRODUCTS_DIR)/Todoer.app/$(BUNDLE_EXECUTABLE_FOLDER_PATH)/Todoer";
			};
			name = Release;
		};
		D6A29C152B09706200FA7F84 /* Debug */ = {
			isa = XCBuildConfiguration;
			buildSettings = {
				ALWAYS_SEARCH_USER_PATHS = NO;
				ASSETCATALOG_COMPILER_GENERATE_SWIFT_ASSET_SYMBOL_EXTENSIONS = YES;
				ASSETCATALOG_COMPILER_GLOBAL_ACCENT_COLOR_NAME = AccentColor;
				"ASSETCATALOG_COMPILER_GLOBAL_ACCENT_COLOR_NAME[sdk=*]" = "";
				CLANG_ANALYZER_NONNULL = YES;
				CLANG_ANALYZER_NUMBER_OBJECT_CONVERSION = YES_AGGRESSIVE;
				CLANG_CXX_LANGUAGE_STANDARD = "gnu++20";
				CLANG_ENABLE_MODULES = YES;
				CLANG_ENABLE_OBJC_ARC = YES;
				CLANG_ENABLE_OBJC_WEAK = YES;
				CLANG_WARN_BLOCK_CAPTURE_AUTORELEASING = YES;
				CLANG_WARN_BOOL_CONVERSION = YES;
				CLANG_WARN_COMMA = YES;
				CLANG_WARN_CONSTANT_CONVERSION = YES;
				CLANG_WARN_DEPRECATED_OBJC_IMPLEMENTATIONS = YES;
				CLANG_WARN_DIRECT_OBJC_ISA_USAGE = YES_ERROR;
				CLANG_WARN_DOCUMENTATION_COMMENTS = YES;
				CLANG_WARN_EMPTY_BODY = YES;
				CLANG_WARN_ENUM_CONVERSION = YES;
				CLANG_WARN_INFINITE_RECURSION = YES;
				CLANG_WARN_INT_CONVERSION = YES;
				CLANG_WARN_NON_LITERAL_NULL_CONVERSION = YES;
				CLANG_WARN_OBJC_IMPLICIT_RETAIN_SELF = YES;
				CLANG_WARN_OBJC_LITERAL_CONVERSION = YES;
				CLANG_WARN_OBJC_ROOT_CLASS = YES_ERROR;
				CLANG_WARN_QUOTED_INCLUDE_IN_FRAMEWORK_HEADER = YES;
				CLANG_WARN_RANGE_LOOP_ANALYSIS = YES;
				CLANG_WARN_STRICT_PROTOTYPES = YES;
				CLANG_WARN_SUSPICIOUS_MOVE = YES;
				CLANG_WARN_UNGUARDED_AVAILABILITY = YES_AGGRESSIVE;
				CLANG_WARN_UNREACHABLE_CODE = YES;
				CLANG_WARN__DUPLICATE_METHOD_MATCH = YES;
				COPY_PHASE_STRIP = NO;
				DEBUG_INFORMATION_FORMAT = dwarf;
				ENABLE_STRICT_OBJC_MSGSEND = YES;
				ENABLE_TESTABILITY = YES;
				ENABLE_USER_SCRIPT_SANDBOXING = YES;
				GCC_C_LANGUAGE_STANDARD = gnu17;
				GCC_DYNAMIC_NO_PIC = NO;
				GCC_NO_COMMON_BLOCKS = YES;
				GCC_OPTIMIZATION_LEVEL = 0;
				GCC_PREPROCESSOR_DEFINITIONS = (
					"DEBUG=1",
					"$(inherited)",
				);
				GCC_WARN_64_TO_32_BIT_CONVERSION = YES;
				GCC_WARN_ABOUT_RETURN_TYPE = YES_ERROR;
				GCC_WARN_UNDECLARED_SELECTOR = YES;
				GCC_WARN_UNINITIALIZED_AUTOS = YES_AGGRESSIVE;
				GCC_WARN_UNUSED_FUNCTION = YES;
				GCC_WARN_UNUSED_VARIABLE = YES;
				IPHONEOS_DEPLOYMENT_TARGET = 17.0;
				LOCALIZATION_PREFERS_STRING_CATALOGS = YES;
				MTL_ENABLE_DEBUG_INFO = INCLUDE_SOURCE;
				MTL_FAST_MATH = YES;
				ONLY_ACTIVE_ARCH = YES;
				SDKROOT = iphoneos;
				SWIFT_ACTIVE_COMPILATION_CONDITIONS = "DEBUG $(inherited)";
				SWIFT_OPTIMIZATION_LEVEL = "-Onone";
			};
			name = Debug;
		};
		D6A29C162B09706200FA7F84 /* Release */ = {
			isa = XCBuildConfiguration;
			buildSettings = {
				ALWAYS_SEARCH_USER_PATHS = NO;
				ASSETCATALOG_COMPILER_GENERATE_SWIFT_ASSET_SYMBOL_EXTENSIONS = YES;
				ASSETCATALOG_COMPILER_GLOBAL_ACCENT_COLOR_NAME = AccentColor;
				CLANG_ANALYZER_NONNULL = YES;
				CLANG_ANALYZER_NUMBER_OBJECT_CONVERSION = YES_AGGRESSIVE;
				CLANG_CXX_LANGUAGE_STANDARD = "gnu++20";
				CLANG_ENABLE_MODULES = YES;
				CLANG_ENABLE_OBJC_ARC = YES;
				CLANG_ENABLE_OBJC_WEAK = YES;
				CLANG_WARN_BLOCK_CAPTURE_AUTORELEASING = YES;
				CLANG_WARN_BOOL_CONVERSION = YES;
				CLANG_WARN_COMMA = YES;
				CLANG_WARN_CONSTANT_CONVERSION = YES;
				CLANG_WARN_DEPRECATED_OBJC_IMPLEMENTATIONS = YES;
				CLANG_WARN_DIRECT_OBJC_ISA_USAGE = YES_ERROR;
				CLANG_WARN_DOCUMENTATION_COMMENTS = YES;
				CLANG_WARN_EMPTY_BODY = YES;
				CLANG_WARN_ENUM_CONVERSION = YES;
				CLANG_WARN_INFINITE_RECURSION = YES;
				CLANG_WARN_INT_CONVERSION = YES;
				CLANG_WARN_NON_LITERAL_NULL_CONVERSION = YES;
				CLANG_WARN_OBJC_IMPLICIT_RETAIN_SELF = YES;
				CLANG_WARN_OBJC_LITERAL_CONVERSION = YES;
				CLANG_WARN_OBJC_ROOT_CLASS = YES_ERROR;
				CLANG_WARN_QUOTED_INCLUDE_IN_FRAMEWORK_HEADER = YES;
				CLANG_WARN_RANGE_LOOP_ANALYSIS = YES;
				CLANG_WARN_STRICT_PROTOTYPES = YES;
				CLANG_WARN_SUSPICIOUS_MOVE = YES;
				CLANG_WARN_UNGUARDED_AVAILABILITY = YES_AGGRESSIVE;
				CLANG_WARN_UNREACHABLE_CODE = YES;
				CLANG_WARN__DUPLICATE_METHOD_MATCH = YES;
				COPY_PHASE_STRIP = NO;
				DEBUG_INFORMATION_FORMAT = "dwarf-with-dsym";
				ENABLE_NS_ASSERTIONS = NO;
				ENABLE_STRICT_OBJC_MSGSEND = YES;
				ENABLE_USER_SCRIPT_SANDBOXING = YES;
				GCC_C_LANGUAGE_STANDARD = gnu17;
				GCC_NO_COMMON_BLOCKS = YES;
				GCC_WARN_64_TO_32_BIT_CONVERSION = YES;
				GCC_WARN_ABOUT_RETURN_TYPE = YES_ERROR;
				GCC_WARN_UNDECLARED_SELECTOR = YES;
				GCC_WARN_UNINITIALIZED_AUTOS = YES_AGGRESSIVE;
				GCC_WARN_UNUSED_FUNCTION = YES;
				GCC_WARN_UNUSED_VARIABLE = YES;
				IPHONEOS_DEPLOYMENT_TARGET = 17.0;
				LOCALIZATION_PREFERS_STRING_CATALOGS = YES;
				MTL_ENABLE_DEBUG_INFO = NO;
				MTL_FAST_MATH = YES;
				SDKROOT = iphoneos;
				SWIFT_COMPILATION_MODE = wholemodule;
				VALIDATE_PRODUCT = YES;
			};
			name = Release;
		};
		D6A29C182B09706200FA7F84 /* Debug */ = {
			isa = XCBuildConfiguration;
			buildSettings = {
				ASSETCATALOG_COMPILER_APPICON_NAME = AppIcon;
				ASSETCATALOG_COMPILER_GLOBAL_ACCENT_COLOR_NAME = AccentColor;
				CODE_SIGN_ENTITLEMENTS = Todoer/Resources/Todoer.entitlements;
				CODE_SIGN_STYLE = Automatic;
				CURRENT_PROJECT_VERSION = 6;
				DEBUG_INFORMATION_FORMAT = "dwarf-with-dsym";
				DEVELOPMENT_ASSET_PATHS = "\"Todoer/Resources/Preview Content\"";
				DEVELOPMENT_TEAM = JPMAMPZRCV;
				ENABLE_PREVIEWS = YES;
				GENERATE_INFOPLIST_FILE = YES;
				INFOPLIST_FILE = Todoer/Resources/Info.plist;
				INFOPLIST_KEY_CFBundleDisplayName = Todoer;
				INFOPLIST_KEY_UIApplicationSupportsIndirectInputEvents = YES;
				INFOPLIST_KEY_UILaunchScreen_Generation = YES;
				INFOPLIST_KEY_UILaunchStoryboardName = "Launch Screen";
				INFOPLIST_KEY_UIStatusBarHidden = YES;
				INFOPLIST_KEY_UIStatusBarStyle = UIStatusBarStyleDarkContent;
				INFOPLIST_KEY_UISupportedInterfaceOrientations = UIInterfaceOrientationPortrait;
				LD_RUNPATH_SEARCH_PATHS = (
					"$(inherited)",
					"@executable_path/Frameworks",
				);
				MARKETING_VERSION = 1.0.3;
				PRODUCT_BUNDLE_IDENTIFIER = com.xvicient.todoer;
				PRODUCT_NAME = "$(TARGET_NAME)";
				SUPPORTED_PLATFORMS = "iphoneos iphonesimulator";
				SUPPORTS_MACCATALYST = NO;
				SUPPORTS_MAC_DESIGNED_FOR_IPHONE_IPAD = NO;
				SWIFT_EMIT_LOC_STRINGS = YES;
				SWIFT_VERSION = 5.0;
				TARGETED_DEVICE_FAMILY = 1;
			};
			name = Debug;
		};
		D6A29C192B09706200FA7F84 /* Release */ = {
			isa = XCBuildConfiguration;
			buildSettings = {
				ASSETCATALOG_COMPILER_APPICON_NAME = AppIcon;
				ASSETCATALOG_COMPILER_GLOBAL_ACCENT_COLOR_NAME = AccentColor;
				CODE_SIGN_ENTITLEMENTS = Todoer/Resources/Todoer.entitlements;
				CODE_SIGN_STYLE = Automatic;
				CURRENT_PROJECT_VERSION = 6;
				DEVELOPMENT_ASSET_PATHS = "\"Todoer/Resources/Preview Content\"";
				DEVELOPMENT_TEAM = JPMAMPZRCV;
				ENABLE_PREVIEWS = YES;
				GENERATE_INFOPLIST_FILE = YES;
				INFOPLIST_FILE = Todoer/Resources/Info.plist;
				INFOPLIST_KEY_CFBundleDisplayName = Todoer;
				INFOPLIST_KEY_UIApplicationSupportsIndirectInputEvents = YES;
				INFOPLIST_KEY_UILaunchScreen_Generation = YES;
				INFOPLIST_KEY_UILaunchStoryboardName = "Launch Screen";
				INFOPLIST_KEY_UIStatusBarHidden = YES;
				INFOPLIST_KEY_UIStatusBarStyle = UIStatusBarStyleDarkContent;
				INFOPLIST_KEY_UISupportedInterfaceOrientations = UIInterfaceOrientationPortrait;
				LD_RUNPATH_SEARCH_PATHS = (
					"$(inherited)",
					"@executable_path/Frameworks",
				);
				MARKETING_VERSION = 1.0.3;
				PRODUCT_BUNDLE_IDENTIFIER = com.xvicient.todoer;
				PRODUCT_NAME = "$(TARGET_NAME)";
				SUPPORTED_PLATFORMS = "iphoneos iphonesimulator";
				SUPPORTS_MACCATALYST = NO;
				SUPPORTS_MAC_DESIGNED_FOR_IPHONE_IPAD = NO;
				SWIFT_EMIT_LOC_STRINGS = YES;
				SWIFT_VERSION = 5.0;
				TARGETED_DEVICE_FAMILY = 1;
			};
			name = Release;
		};
/* End XCBuildConfiguration section */

/* Begin XCConfigurationList section */
		C745151D2B750F3D00C6D08E /* Build configuration list for PBXNativeTarget "TodoerTests" */ = {
			isa = XCConfigurationList;
			buildConfigurations = (
				C745151E2B750F3D00C6D08E /* Debug */,
				C745151F2B750F3D00C6D08E /* Release */,
			);
			defaultConfigurationIsVisible = 0;
			defaultConfigurationName = Release;
		};
		D6A29BEE2B09706100FA7F84 /* Build configuration list for PBXProject "Todoer" */ = {
			isa = XCConfigurationList;
			buildConfigurations = (
				D6A29C152B09706200FA7F84 /* Debug */,
				D6A29C162B09706200FA7F84 /* Release */,
			);
			defaultConfigurationIsVisible = 0;
			defaultConfigurationName = Release;
		};
		D6A29C172B09706200FA7F84 /* Build configuration list for PBXNativeTarget "Todoer" */ = {
			isa = XCConfigurationList;
			buildConfigurations = (
				D6A29C182B09706200FA7F84 /* Debug */,
				D6A29C192B09706200FA7F84 /* Release */,
			);
			defaultConfigurationIsVisible = 0;
			defaultConfigurationName = Release;
		};
/* End XCConfigurationList section */

/* Begin XCLocalSwiftPackageReference section */
		C72241D62D3170550046C0D7 /* XCLocalSwiftPackageReference "Packages/External/FirebaseDependencies" */ = {
			isa = XCLocalSwiftPackageReference;
			relativePath = Packages/External/FirebaseDependencies;
		};
		C7B335912D31CF2700C36D7B /* XCLocalSwiftPackageReference "Packages/External/GoogleSignInDependencies" */ = {
			isa = XCLocalSwiftPackageReference;
			relativePath = Packages/External/GoogleSignInDependencies;
		};
		D65087352D35B7980056F8F3 /* XCLocalSwiftPackageReference "Todoer/Sources/Shared/FeatureProvider" */ = {
			isa = XCLocalSwiftPackageReference;
			relativePath = Todoer/Sources/Shared/FeatureProvider;
		};
		D65087382D35B8570056F8F3 /* XCLocalSwiftPackageReference "Todoer/Sources/Shared/Coordinator" */ = {
			isa = XCLocalSwiftPackageReference;
			relativePath = Todoer/Sources/Shared/Coordinator;
		};
/* End XCLocalSwiftPackageReference section */

/* Begin XCRemoteSwiftPackageReference section */
		C7EB4A862B855B1B00D66D64 /* XCRemoteSwiftPackageReference "swift-format" */ = {
			isa = XCRemoteSwiftPackageReference;
			repositoryURL = "https://github.com/apple/swift-format.git";
			requirement = {
				kind = upToNextMajorVersion;
				minimumVersion = 509.0.0;
			};
		};
/* End XCRemoteSwiftPackageReference section */

/* Begin XCSwiftPackageProductDependency section */
		C72241D72D3170550046C0D7 /* FirebaseDependencies */ = {
			isa = XCSwiftPackageProductDependency;
			productName = FirebaseDependencies;
		};
		C72241DB2D3172630046C0D7 /* Data */ = {
			isa = XCSwiftPackageProductDependency;
			productName = Data;
		};
		C75EB57C2D31DC1300317D07 /* Application */ = {
			isa = XCSwiftPackageProductDependency;
			productName = Application;
		};
		C75EB5882D32968B00317D07 /* AuthenticationScreen */ = {
			isa = XCSwiftPackageProductDependency;
			productName = AuthenticationScreen;
		};
		C77FFADE2D32C6E100C59A48 /* CoordinatorContract */ = {
			isa = XCSwiftPackageProductDependency;
			productName = CoordinatorContract;
		};
		C77FFAE02D32C6E100C59A48 /* CoordinatorImpl */ = {
			isa = XCSwiftPackageProductDependency;
			productName = CoordinatorImpl;
		};
		C7B335922D31CF2700C36D7B /* GoogleSignInDependencies */ = {
			isa = XCSwiftPackageProductDependency;
			productName = GoogleSignInDependencies;
		};
		C7B3359E2D31D3E700C36D7B /* Common */ = {
			isa = XCSwiftPackageProductDependency;
			productName = Common;
		};
		C7C42E1F2D332D0C006B8C53 /* CoordinatorImpl */ = {
			isa = XCSwiftPackageProductDependency;
			productName = CoordinatorImpl;
		};
		C7DE26222D3411920090FF66 /* Application */ = {
			isa = XCSwiftPackageProductDependency;
			productName = Application;
		};
		C7DE26252D3411A00090FF66 /* Entities */ = {
			isa = XCSwiftPackageProductDependency;
			productName = Entities;
		};
		C7EA2F372D340E4300B63DDC /* CoordinatorContract */ = {
			isa = XCSwiftPackageProductDependency;
			productName = CoordinatorContract;
		};
		C7EA2F392D340E4300B63DDC /* CoordinatorImpl */ = {
			isa = XCSwiftPackageProductDependency;
			productName = CoordinatorImpl;
		};
		C7EA2F3C2D340E6700B63DDC /* CoordinatorImpl */ = {
			isa = XCSwiftPackageProductDependency;
			productName = CoordinatorImpl;
		};
		C7EA2F3F2D340E7B00B63DDC /* Mocks */ = {
			isa = XCSwiftPackageProductDependency;
			productName = Mocks;
		};
		C7F305892D32CCA5004C322D /* ThemeAssets */ = {
			isa = XCSwiftPackageProductDependency;
			productName = ThemeAssets;
		};
		C7F3058B2D32CCA5004C322D /* ThemeComponents */ = {
			isa = XCSwiftPackageProductDependency;
			productName = ThemeComponents;
		};
		D65087362D35B7980056F8F3 /* FeatureProviderContract */ = {
			isa = XCSwiftPackageProductDependency;
			productName = FeatureProviderContract;
		};
		D65087392D35B8570056F8F3 /* CoordinatorContract */ = {
			isa = XCSwiftPackageProductDependency;
			productName = CoordinatorContract;
		};
		D650873B2D35B8570056F8F3 /* CoordinatorImpl */ = {
			isa = XCSwiftPackageProductDependency;
			productName = CoordinatorImpl;
		};
/* End XCSwiftPackageProductDependency section */
	};
	rootObject = D6A29BEB2B09706100FA7F84 /* Project object */;
}
