// !$*UTF8*$!
{
	archiveVersion = 1;
	classes = {
	};
	objectVersion = 56;
	objects = {

/* Begin PBXBuildFile section */
		C70C439F2BAB2E3F009C3ACA /* Data.framework in Frameworks */ = {isa = PBXBuildFile; fileRef = C70C439C2BAB2E3F009C3ACA /* Data.framework */; };
		C70C43A02BAB2E3F009C3ACA /* Data.framework in Embed Frameworks */ = {isa = PBXBuildFile; fileRef = C70C439C2BAB2E3F009C3ACA /* Data.framework */; settings = {ATTRIBUTES = (CodeSignOnCopy, RemoveHeadersOnCopy, ); }; };
		C71FAF0F2B7643BE004679E2 /* ShareReducerTests.swift in Sources */ = {isa = PBXBuildFile; fileRef = C71FAF0E2B7643BE004679E2 /* ShareReducerTests.swift */; };
		C71FAF112B764511004679E2 /* ShareListUseCaseMock.swift in Sources */ = {isa = PBXBuildFile; fileRef = C71FAF102B764511004679E2 /* ShareListUseCaseMock.swift */; };
		C71FAF142B76601D004679E2 /* UserMock.swift in Sources */ = {isa = PBXBuildFile; fileRef = C71FAF132B76601D004679E2 /* UserMock.swift */; };
		C71FAF162B766170004679E2 /* ListMock.swift in Sources */ = {isa = PBXBuildFile; fileRef = C71FAF152B766170004679E2 /* ListMock.swift */; };
		C72DA9CD2B7A5C6D00816AE1 /* TestCoordinator.swift in Sources */ = {isa = PBXBuildFile; fileRef = C72DA9CC2B7A5C6D00816AE1 /* TestCoordinator.swift */; };
		C74515202B750F5600C6D08E /* TestStore.swift in Sources */ = {isa = PBXBuildFile; fileRef = C70682242B68DF97008BB192 /* TestStore.swift */; };
		C74515212B750F5600C6D08E /* AuthenticationReducerTests.swift in Sources */ = {isa = PBXBuildFile; fileRef = D6A29C072B09706200FA7F84 /* AuthenticationReducerTests.swift */; };
		C74515222B750F5600C6D08E /* TestReducer.swift in Sources */ = {isa = PBXBuildFile; fileRef = C72701092B74C01100E9D275 /* TestReducer.swift */; };
		C74515232B750F5600C6D08E /* AuthenticationUseCaseMock.swift in Sources */ = {isa = PBXBuildFile; fileRef = C70682262B6996FB008BB192 /* AuthenticationUseCaseMock.swift */; };
		C775994F2BAB35A70040B532 /* Presentation.framework in Frameworks */ = {isa = PBXBuildFile; fileRef = C775994E2BAB35A70040B532 /* Presentation.framework */; };
		C77599502BAB35A70040B532 /* Presentation.framework in Embed Frameworks */ = {isa = PBXBuildFile; fileRef = C775994E2BAB35A70040B532 /* Presentation.framework */; settings = {ATTRIBUTES = (CodeSignOnCopy, RemoveHeadersOnCopy, ); }; };
		C79CB29A2B0D537A00C2BD18 /* Assets.xcassets in Resources */ = {isa = PBXBuildFile; fileRef = C79CB2872B0D537A00C2BD18 /* Assets.xcassets */; };
		C79CB29B2B0D537A00C2BD18 /* GoogleService-Info.plist in Resources */ = {isa = PBXBuildFile; fileRef = C79CB2882B0D537A00C2BD18 /* GoogleService-Info.plist */; };
		C79CB29C2B0D537A00C2BD18 /* Preview Assets.xcassets in Resources */ = {isa = PBXBuildFile; fileRef = C79CB28A2B0D537A00C2BD18 /* Preview Assets.xcassets */; };
		C79CB2A62B0D57F700C2BD18 /* TodoerApp.swift in Sources */ = {isa = PBXBuildFile; fileRef = C79CB2A52B0D57F700C2BD18 /* TodoerApp.swift */; };
		C7C535582B545BB000DB4B65 /* LaunchScreen.storyboard in Resources */ = {isa = PBXBuildFile; fileRef = C7C535572B545BB000DB4B65 /* LaunchScreen.storyboard */; };
/* End PBXBuildFile section */

/* Begin PBXContainerItemProxy section */
		C745151B2B750F3D00C6D08E /* PBXContainerItemProxy */ = {
			isa = PBXContainerItemProxy;
			containerPortal = D6A29BEB2B09706100FA7F84 /* Project object */;
			proxyType = 1;
			remoteGlobalIDString = D6A29BF22B09706100FA7F84;
			remoteInfo = Todoer;
		};
/* End PBXContainerItemProxy section */

/* Begin PBXCopyFilesBuildPhase section */
		C70C43A12BAB2E3F009C3ACA /* Embed Frameworks */ = {
			isa = PBXCopyFilesBuildPhase;
			buildActionMask = 2147483647;
			dstPath = "";
			dstSubfolderSpec = 10;
			files = (
				C70C43A02BAB2E3F009C3ACA /* Data.framework in Embed Frameworks */,
				C77599502BAB35A70040B532 /* Presentation.framework in Embed Frameworks */,
			);
			name = "Embed Frameworks";
			runOnlyForDeploymentPostprocessing = 0;
		};
/* End PBXCopyFilesBuildPhase section */

/* Begin PBXFileReference section */
		C70682242B68DF97008BB192 /* TestStore.swift */ = {isa = PBXFileReference; lastKnownFileType = sourcecode.swift; path = TestStore.swift; sourceTree = "<group>"; };
		C70682262B6996FB008BB192 /* AuthenticationUseCaseMock.swift */ = {isa = PBXFileReference; lastKnownFileType = sourcecode.swift; path = AuthenticationUseCaseMock.swift; sourceTree = "<group>"; };
		C70C43942BAB2D1A009C3ACA /* Common.framework */ = {isa = PBXFileReference; explicitFileType = wrapper.framework; path = Common.framework; sourceTree = BUILT_PRODUCTS_DIR; };
		C70C43982BAB2D45009C3ACA /* Data.framework */ = {isa = PBXFileReference; explicitFileType = wrapper.framework; path = Data.framework; sourceTree = BUILT_PRODUCTS_DIR; };
		C70C439B2BAB2E3F009C3ACA /* Common.framework */ = {isa = PBXFileReference; explicitFileType = wrapper.framework; path = Common.framework; sourceTree = BUILT_PRODUCTS_DIR; };
		C70C439C2BAB2E3F009C3ACA /* Data.framework */ = {isa = PBXFileReference; explicitFileType = wrapper.framework; path = Data.framework; sourceTree = BUILT_PRODUCTS_DIR; };
		C71FAF0A2B75132E004679E2 /* TodoerTests.xctestplan */ = {isa = PBXFileReference; lastKnownFileType = text; path = TodoerTests.xctestplan; sourceTree = "<group>"; };
		C71FAF0E2B7643BE004679E2 /* ShareReducerTests.swift */ = {isa = PBXFileReference; lastKnownFileType = sourcecode.swift; path = ShareReducerTests.swift; sourceTree = "<group>"; };
		C71FAF102B764511004679E2 /* ShareListUseCaseMock.swift */ = {isa = PBXFileReference; lastKnownFileType = sourcecode.swift; path = ShareListUseCaseMock.swift; sourceTree = "<group>"; };
		C71FAF132B76601D004679E2 /* UserMock.swift */ = {isa = PBXFileReference; lastKnownFileType = sourcecode.swift; path = UserMock.swift; sourceTree = "<group>"; };
		C71FAF152B766170004679E2 /* ListMock.swift */ = {isa = PBXFileReference; lastKnownFileType = sourcecode.swift; path = ListMock.swift; sourceTree = "<group>"; };
		C72701092B74C01100E9D275 /* TestReducer.swift */ = {isa = PBXFileReference; lastKnownFileType = sourcecode.swift; path = TestReducer.swift; sourceTree = "<group>"; };
		C72DA9CC2B7A5C6D00816AE1 /* TestCoordinator.swift */ = {isa = PBXFileReference; lastKnownFileType = sourcecode.swift; path = TestCoordinator.swift; sourceTree = "<group>"; };
		C74515172B750F3D00C6D08E /* TodoerTests.xctest */ = {isa = PBXFileReference; explicitFileType = wrapper.cfbundle; includeInIndex = 0; path = TodoerTests.xctest; sourceTree = BUILT_PRODUCTS_DIR; };
		C775994E2BAB35A70040B532 /* Presentation.framework */ = {isa = PBXFileReference; explicitFileType = wrapper.framework; path = Presentation.framework; sourceTree = BUILT_PRODUCTS_DIR; };
		C79CB2872B0D537A00C2BD18 /* Assets.xcassets */ = {isa = PBXFileReference; lastKnownFileType = folder.assetcatalog; path = Assets.xcassets; sourceTree = "<group>"; };
		C79CB2882B0D537A00C2BD18 /* GoogleService-Info.plist */ = {isa = PBXFileReference; fileEncoding = 4; lastKnownFileType = text.plist.xml; path = "GoogleService-Info.plist"; sourceTree = "<group>"; };
		C79CB28A2B0D537A00C2BD18 /* Preview Assets.xcassets */ = {isa = PBXFileReference; lastKnownFileType = folder.assetcatalog; path = "Preview Assets.xcassets"; sourceTree = "<group>"; };
		C79CB2A52B0D57F700C2BD18 /* TodoerApp.swift */ = {isa = PBXFileReference; fileEncoding = 4; lastKnownFileType = sourcecode.swift; path = TodoerApp.swift; sourceTree = "<group>"; };
		C79CB2C62B13F48C00C2BD18 /* Info.plist */ = {isa = PBXFileReference; lastKnownFileType = text.plist.xml; path = Info.plist; sourceTree = "<group>"; };
		C7C535572B545BB000DB4B65 /* LaunchScreen.storyboard */ = {isa = PBXFileReference; lastKnownFileType = file.storyboard; path = LaunchScreen.storyboard; sourceTree = "<group>"; };
		C7D1C93C2B8F8BE7006AB4E6 /* Common.framework */ = {isa = PBXFileReference; explicitFileType = wrapper.framework; path = Common.framework; sourceTree = BUILT_PRODUCTS_DIR; };
		C7D1C9402B906E6F006AB4E6 /* Data.framework */ = {isa = PBXFileReference; explicitFileType = wrapper.framework; path = Data.framework; sourceTree = BUILT_PRODUCTS_DIR; };
		C7F428632B58425E00DEE7E9 /* Todoer.entitlements */ = {isa = PBXFileReference; lastKnownFileType = text.plist.entitlements; path = Todoer.entitlements; sourceTree = "<group>"; };
		D6A29BF32B09706100FA7F84 /* Todoer.app */ = {isa = PBXFileReference; explicitFileType = wrapper.application; includeInIndex = 0; path = Todoer.app; sourceTree = BUILT_PRODUCTS_DIR; };
		D6A29C072B09706200FA7F84 /* AuthenticationReducerTests.swift */ = {isa = PBXFileReference; lastKnownFileType = sourcecode.swift; path = AuthenticationReducerTests.swift; sourceTree = "<group>"; };
		D6A29C112B09706200FA7F84 /* TodoerUITests.swift */ = {isa = PBXFileReference; lastKnownFileType = sourcecode.swift; path = TodoerUITests.swift; sourceTree = "<group>"; };
		D6A29C132B09706200FA7F84 /* TodoerUITestsLaunchTests.swift */ = {isa = PBXFileReference; lastKnownFileType = sourcecode.swift; path = TodoerUITestsLaunchTests.swift; sourceTree = "<group>"; };
/* End PBXFileReference section */

/* Begin PBXFrameworksBuildPhase section */
		C74515142B750F3D00C6D08E /* Frameworks */ = {
			isa = PBXFrameworksBuildPhase;
			buildActionMask = 2147483647;
			files = (
			);
			runOnlyForDeploymentPostprocessing = 0;
		};
		D6A29BF02B09706100FA7F84 /* Frameworks */ = {
			isa = PBXFrameworksBuildPhase;
			buildActionMask = 2147483647;
			files = (
				C70C439F2BAB2E3F009C3ACA /* Data.framework in Frameworks */,
				C775994F2BAB35A70040B532 /* Presentation.framework in Frameworks */,
			);
			runOnlyForDeploymentPostprocessing = 0;
		};
/* End PBXFrameworksBuildPhase section */

/* Begin PBXGroup section */
		C70682232B68DF82008BB192 /* Application */ = {
			isa = PBXGroup;
			children = (
				C70682242B68DF97008BB192 /* TestStore.swift */,
				C72701092B74C01100E9D275 /* TestReducer.swift */,
				C72DA9CC2B7A5C6D00816AE1 /* TestCoordinator.swift */,
			);
			path = Application;
			sourceTree = "<group>";
		};
		C71FAF0D2B7643B1004679E2 /* Share */ = {
			isa = PBXGroup;
			children = (
				C71FAF0E2B7643BE004679E2 /* ShareReducerTests.swift */,
				C71FAF102B764511004679E2 /* ShareListUseCaseMock.swift */,
			);
			path = Share;
			sourceTree = "<group>";
		};
		C71FAF122B766013004679E2 /* Common */ = {
			isa = PBXGroup;
			children = (
				C71FAF132B76601D004679E2 /* UserMock.swift */,
				C71FAF152B766170004679E2 /* ListMock.swift */,
			);
			path = Common;
			sourceTree = "<group>";
		};
		C730919A2B67F1740090CE06 /* Resources */ = {
			isa = PBXGroup;
			children = (
				C71FAF0A2B75132E004679E2 /* TodoerTests.xctestplan */,
			);
			path = Resources;
			sourceTree = "<group>";
		};
		C730919B2B67F17D0090CE06 /* Sources */ = {
			isa = PBXGroup;
			children = (
				C71FAF122B766013004679E2 /* Common */,
				C70682232B68DF82008BB192 /* Application */,
				C730919C2B67F1890090CE06 /* Presentation */,
			);
			path = Sources;
			sourceTree = "<group>";
		};
		C730919C2B67F1890090CE06 /* Presentation */ = {
			isa = PBXGroup;
			children = (
				C730919D2B67F1910090CE06 /* Features */,
			);
			path = Presentation;
			sourceTree = "<group>";
		};
		C730919D2B67F1910090CE06 /* Features */ = {
			isa = PBXGroup;
			children = (
				C71FAF0D2B7643B1004679E2 /* Share */,
				C730919E2B67F1970090CE06 /* Authentication */,
			);
			path = Features;
			sourceTree = "<group>";
		};
		C730919E2B67F1970090CE06 /* Authentication */ = {
			isa = PBXGroup;
			children = (
				D6A29C072B09706200FA7F84 /* AuthenticationReducerTests.swift */,
				C70682262B6996FB008BB192 /* AuthenticationUseCaseMock.swift */,
			);
			path = Authentication;
			sourceTree = "<group>";
		};
		C79CB26D2B0D537A00C2BD18 /* Sources */ = {
			isa = PBXGroup;
			children = (
				C79CB2A52B0D57F700C2BD18 /* TodoerApp.swift */,
				C7C535572B545BB000DB4B65 /* LaunchScreen.storyboard */,
			);
			path = Sources;
			sourceTree = "<group>";
		};
		C79CB2862B0D537A00C2BD18 /* Resources */ = {
			isa = PBXGroup;
			children = (
				C7F428632B58425E00DEE7E9 /* Todoer.entitlements */,
				C79CB2C62B13F48C00C2BD18 /* Info.plist */,
				C79CB2872B0D537A00C2BD18 /* Assets.xcassets */,
				C79CB2882B0D537A00C2BD18 /* GoogleService-Info.plist */,
				C79CB2892B0D537A00C2BD18 /* Preview Content */,
			);
			path = Resources;
			sourceTree = "<group>";
		};
		C79CB2892B0D537A00C2BD18 /* Preview Content */ = {
			isa = PBXGroup;
			children = (
				C79CB28A2B0D537A00C2BD18 /* Preview Assets.xcassets */,
			);
			path = "Preview Content";
			sourceTree = "<group>";
		};
		C7D1C93B2B8F8BE7006AB4E6 /* Frameworks */ = {
			isa = PBXGroup;
			children = (
				C775994E2BAB35A70040B532 /* Presentation.framework */,
				C70C439B2BAB2E3F009C3ACA /* Common.framework */,
				C70C439C2BAB2E3F009C3ACA /* Data.framework */,
				C70C43982BAB2D45009C3ACA /* Data.framework */,
				C70C43942BAB2D1A009C3ACA /* Common.framework */,
				C7D1C9402B906E6F006AB4E6 /* Data.framework */,
				C7D1C93C2B8F8BE7006AB4E6 /* Common.framework */,
			);
			name = Frameworks;
			sourceTree = "<group>";
		};
		D6A29BEA2B09706100FA7F84 = {
			isa = PBXGroup;
			children = (
				D6A29BF52B09706100FA7F84 /* Todoer */,
				D6A29C062B09706200FA7F84 /* TodoerTests */,
				D6A29C102B09706200FA7F84 /* TodoerUITests */,
				D6A29BF42B09706100FA7F84 /* Products */,
				C7D1C93B2B8F8BE7006AB4E6 /* Frameworks */,
			);
			sourceTree = "<group>";
		};
		D6A29BF42B09706100FA7F84 /* Products */ = {
			isa = PBXGroup;
			children = (
				D6A29BF32B09706100FA7F84 /* Todoer.app */,
				C74515172B750F3D00C6D08E /* TodoerTests.xctest */,
			);
			name = Products;
			sourceTree = "<group>";
		};
		D6A29BF52B09706100FA7F84 /* Todoer */ = {
			isa = PBXGroup;
			children = (
				C79CB2862B0D537A00C2BD18 /* Resources */,
				C79CB26D2B0D537A00C2BD18 /* Sources */,
			);
			path = Todoer;
			sourceTree = "<group>";
		};
		D6A29C062B09706200FA7F84 /* TodoerTests */ = {
			isa = PBXGroup;
			children = (
				C730919B2B67F17D0090CE06 /* Sources */,
				C730919A2B67F1740090CE06 /* Resources */,
			);
			path = TodoerTests;
			sourceTree = "<group>";
		};
		D6A29C102B09706200FA7F84 /* TodoerUITests */ = {
			isa = PBXGroup;
			children = (
				D6A29C112B09706200FA7F84 /* TodoerUITests.swift */,
				D6A29C132B09706200FA7F84 /* TodoerUITestsLaunchTests.swift */,
			);
			path = TodoerUITests;
			sourceTree = "<group>";
		};
/* End PBXGroup section */

/* Begin PBXNativeTarget section */
		C74515162B750F3D00C6D08E /* TodoerTests */ = {
			isa = PBXNativeTarget;
			buildConfigurationList = C745151D2B750F3D00C6D08E /* Build configuration list for PBXNativeTarget "TodoerTests" */;
			buildPhases = (
				C74515132B750F3D00C6D08E /* Sources */,
				C74515142B750F3D00C6D08E /* Frameworks */,
				C74515152B750F3D00C6D08E /* Resources */,
			);
			buildRules = (
			);
			dependencies = (
				C745151C2B750F3D00C6D08E /* PBXTargetDependency */,
			);
			name = TodoerTests;
			productName = TodoerTests;
			productReference = C74515172B750F3D00C6D08E /* TodoerTests.xctest */;
			productType = "com.apple.product-type.bundle.unit-test";
		};
		D6A29BF22B09706100FA7F84 /* Todoer */ = {
			isa = PBXNativeTarget;
			buildConfigurationList = D6A29C172B09706200FA7F84 /* Build configuration list for PBXNativeTarget "Todoer" */;
			buildPhases = (
				D6A29BEF2B09706100FA7F84 /* Sources */,
				D6A29BF02B09706100FA7F84 /* Frameworks */,
				D6A29BF12B09706100FA7F84 /* Resources */,
				C70C43A12BAB2E3F009C3ACA /* Embed Frameworks */,
			);
			buildRules = (
			);
			dependencies = (
			);
			name = Todoer;
			packageProductDependencies = (
			);
			productName = Listio;
			productReference = D6A29BF32B09706100FA7F84 /* Todoer.app */;
			productType = "com.apple.product-type.application";
		};
/* End PBXNativeTarget section */

/* Begin PBXProject section */
		D6A29BEB2B09706100FA7F84 /* Project object */ = {
			isa = PBXProject;
			attributes = {
				BuildIndependentTargetsInParallel = 1;
				LastSwiftUpdateCheck = 1500;
				LastUpgradeCheck = 1500;
				TargetAttributes = {
					C74515162B750F3D00C6D08E = {
						CreatedOnToolsVersion = 15.0;
						TestTargetID = D6A29BF22B09706100FA7F84;
					};
					D6A29BF22B09706100FA7F84 = {
						CreatedOnToolsVersion = 15.0;
					};
				};
			};
			buildConfigurationList = D6A29BEE2B09706100FA7F84 /* Build configuration list for PBXProject "Todoer" */;
			compatibilityVersion = "Xcode 14.0";
			developmentRegion = en;
			hasScannedForEncodings = 0;
			knownRegions = (
				en,
				Base,
			);
			mainGroup = D6A29BEA2B09706100FA7F84;
			packageReferences = (
				C7EB4A862B855B1B00D66D64 /* XCRemoteSwiftPackageReference "swift-format" */,
			);
			productRefGroup = D6A29BF42B09706100FA7F84 /* Products */;
			projectDirPath = "";
			projectRoot = "";
			targets = (
				D6A29BF22B09706100FA7F84 /* Todoer */,
				C74515162B750F3D00C6D08E /* TodoerTests */,
			);
		};
/* End PBXProject section */

/* Begin PBXResourcesBuildPhase section */
		C74515152B750F3D00C6D08E /* Resources */ = {
			isa = PBXResourcesBuildPhase;
			buildActionMask = 2147483647;
			files = (
			);
			runOnlyForDeploymentPostprocessing = 0;
		};
		D6A29BF12B09706100FA7F84 /* Resources */ = {
			isa = PBXResourcesBuildPhase;
			buildActionMask = 2147483647;
			files = (
				C79CB29A2B0D537A00C2BD18 /* Assets.xcassets in Resources */,
				C79CB29C2B0D537A00C2BD18 /* Preview Assets.xcassets in Resources */,
				C7C535582B545BB000DB4B65 /* LaunchScreen.storyboard in Resources */,
				C79CB29B2B0D537A00C2BD18 /* GoogleService-Info.plist in Resources */,
			);
			runOnlyForDeploymentPostprocessing = 0;
		};
/* End PBXResourcesBuildPhase section */

/* Begin PBXSourcesBuildPhase section */
		C74515132B750F3D00C6D08E /* Sources */ = {
			isa = PBXSourcesBuildPhase;
			buildActionMask = 2147483647;
			files = (
				C74515212B750F5600C6D08E /* AuthenticationReducerTests.swift in Sources */,
				C72DA9CD2B7A5C6D00816AE1 /* TestCoordinator.swift in Sources */,
				C74515222B750F5600C6D08E /* TestReducer.swift in Sources */,
				C74515202B750F5600C6D08E /* TestStore.swift in Sources */,
				C71FAF112B764511004679E2 /* ShareListUseCaseMock.swift in Sources */,
				C71FAF142B76601D004679E2 /* UserMock.swift in Sources */,
				C74515232B750F5600C6D08E /* AuthenticationUseCaseMock.swift in Sources */,
				C71FAF0F2B7643BE004679E2 /* ShareReducerTests.swift in Sources */,
				C71FAF162B766170004679E2 /* ListMock.swift in Sources */,
			);
			runOnlyForDeploymentPostprocessing = 0;
		};
		D6A29BEF2B09706100FA7F84 /* Sources */ = {
			isa = PBXSourcesBuildPhase;
			buildActionMask = 2147483647;
			files = (
				C79CB2A62B0D57F700C2BD18 /* TodoerApp.swift in Sources */,
			);
			runOnlyForDeploymentPostprocessing = 0;
		};
/* End PBXSourcesBuildPhase section */

/* Begin PBXTargetDependency section */
		C745151C2B750F3D00C6D08E /* PBXTargetDependency */ = {
			isa = PBXTargetDependency;
			target = D6A29BF22B09706100FA7F84 /* Todoer */;
			targetProxy = C745151B2B750F3D00C6D08E /* PBXContainerItemProxy */;
		};
/* End PBXTargetDependency section */

/* Begin XCBuildConfiguration section */
		C745151E2B750F3D00C6D08E /* Debug */ = {
			isa = XCBuildConfiguration;
			buildSettings = {
				BUNDLE_LOADER = "$(TEST_HOST)";
				CODE_SIGN_STYLE = Automatic;
				CURRENT_PROJECT_VERSION = 1;
				DEVELOPMENT_TEAM = JPMAMPZRCV;
				GENERATE_INFOPLIST_FILE = YES;
				MARKETING_VERSION = 1.0;
				PRODUCT_BUNDLE_IDENTIFIER = xvicient.TodoerTests;
				PRODUCT_NAME = "$(TARGET_NAME)";
				SWIFT_EMIT_LOC_STRINGS = NO;
				SWIFT_VERSION = 5.0;
				TARGETED_DEVICE_FAMILY = "1,2";
				TEST_HOST = "$(BUILT_PRODUCTS_DIR)/Todoer.app/$(BUNDLE_EXECUTABLE_FOLDER_PATH)/Todoer";
			};
			name = Debug;
		};
		C745151F2B750F3D00C6D08E /* Release */ = {
			isa = XCBuildConfiguration;
			buildSettings = {
				BUNDLE_LOADER = "$(TEST_HOST)";
				CODE_SIGN_STYLE = Automatic;
				CURRENT_PROJECT_VERSION = 1;
				DEVELOPMENT_TEAM = JPMAMPZRCV;
				GENERATE_INFOPLIST_FILE = YES;
				MARKETING_VERSION = 1.0;
				PRODUCT_BUNDLE_IDENTIFIER = xvicient.TodoerTests;
				PRODUCT_NAME = "$(TARGET_NAME)";
				SWIFT_EMIT_LOC_STRINGS = NO;
				SWIFT_VERSION = 5.0;
				TARGETED_DEVICE_FAMILY = "1,2";
				TEST_HOST = "$(BUILT_PRODUCTS_DIR)/Todoer.app/$(BUNDLE_EXECUTABLE_FOLDER_PATH)/Todoer";
			};
			name = Release;
		};
		D6A29C152B09706200FA7F84 /* Debug */ = {
			isa = XCBuildConfiguration;
			buildSettings = {
				ALWAYS_SEARCH_USER_PATHS = NO;
				ASSETCATALOG_COMPILER_GENERATE_SWIFT_ASSET_SYMBOL_EXTENSIONS = YES;
				CLANG_ANALYZER_NONNULL = YES;
				CLANG_ANALYZER_NUMBER_OBJECT_CONVERSION = YES_AGGRESSIVE;
				CLANG_CXX_LANGUAGE_STANDARD = "gnu++20";
				CLANG_ENABLE_MODULES = YES;
				CLANG_ENABLE_OBJC_ARC = YES;
				CLANG_ENABLE_OBJC_WEAK = YES;
				CLANG_WARN_BLOCK_CAPTURE_AUTORELEASING = YES;
				CLANG_WARN_BOOL_CONVERSION = YES;
				CLANG_WARN_COMMA = YES;
				CLANG_WARN_CONSTANT_CONVERSION = YES;
				CLANG_WARN_DEPRECATED_OBJC_IMPLEMENTATIONS = YES;
				CLANG_WARN_DIRECT_OBJC_ISA_USAGE = YES_ERROR;
				CLANG_WARN_DOCUMENTATION_COMMENTS = YES;
				CLANG_WARN_EMPTY_BODY = YES;
				CLANG_WARN_ENUM_CONVERSION = YES;
				CLANG_WARN_INFINITE_RECURSION = YES;
				CLANG_WARN_INT_CONVERSION = YES;
				CLANG_WARN_NON_LITERAL_NULL_CONVERSION = YES;
				CLANG_WARN_OBJC_IMPLICIT_RETAIN_SELF = YES;
				CLANG_WARN_OBJC_LITERAL_CONVERSION = YES;
				CLANG_WARN_OBJC_ROOT_CLASS = YES_ERROR;
				CLANG_WARN_QUOTED_INCLUDE_IN_FRAMEWORK_HEADER = YES;
				CLANG_WARN_RANGE_LOOP_ANALYSIS = YES;
				CLANG_WARN_STRICT_PROTOTYPES = YES;
				CLANG_WARN_SUSPICIOUS_MOVE = YES;
				CLANG_WARN_UNGUARDED_AVAILABILITY = YES_AGGRESSIVE;
				CLANG_WARN_UNREACHABLE_CODE = YES;
				CLANG_WARN__DUPLICATE_METHOD_MATCH = YES;
				COPY_PHASE_STRIP = NO;
				DEBUG_INFORMATION_FORMAT = dwarf;
				ENABLE_STRICT_OBJC_MSGSEND = YES;
				ENABLE_TESTABILITY = YES;
				ENABLE_USER_SCRIPT_SANDBOXING = YES;
				GCC_C_LANGUAGE_STANDARD = gnu17;
				GCC_DYNAMIC_NO_PIC = NO;
				GCC_NO_COMMON_BLOCKS = YES;
				GCC_OPTIMIZATION_LEVEL = 0;
				GCC_PREPROCESSOR_DEFINITIONS = (
					"DEBUG=1",
					"$(inherited)",
				);
				GCC_WARN_64_TO_32_BIT_CONVERSION = YES;
				GCC_WARN_ABOUT_RETURN_TYPE = YES_ERROR;
				GCC_WARN_UNDECLARED_SELECTOR = YES;
				GCC_WARN_UNINITIALIZED_AUTOS = YES_AGGRESSIVE;
				GCC_WARN_UNUSED_FUNCTION = YES;
				GCC_WARN_UNUSED_VARIABLE = YES;
				IPHONEOS_DEPLOYMENT_TARGET = 17.0;
				LOCALIZATION_PREFERS_STRING_CATALOGS = YES;
				MTL_ENABLE_DEBUG_INFO = INCLUDE_SOURCE;
				MTL_FAST_MATH = YES;
				ONLY_ACTIVE_ARCH = YES;
				SDKROOT = iphoneos;
				SWIFT_ACTIVE_COMPILATION_CONDITIONS = "DEBUG $(inherited)";
				SWIFT_OPTIMIZATION_LEVEL = "-Onone";
			};
			name = Debug;
		};
		D6A29C162B09706200FA7F84 /* Release */ = {
			isa = XCBuildConfiguration;
			buildSettings = {
				ALWAYS_SEARCH_USER_PATHS = NO;
				ASSETCATALOG_COMPILER_GENERATE_SWIFT_ASSET_SYMBOL_EXTENSIONS = YES;
				CLANG_ANALYZER_NONNULL = YES;
				CLANG_ANALYZER_NUMBER_OBJECT_CONVERSION = YES_AGGRESSIVE;
				CLANG_CXX_LANGUAGE_STANDARD = "gnu++20";
				CLANG_ENABLE_MODULES = YES;
				CLANG_ENABLE_OBJC_ARC = YES;
				CLANG_ENABLE_OBJC_WEAK = YES;
				CLANG_WARN_BLOCK_CAPTURE_AUTORELEASING = YES;
				CLANG_WARN_BOOL_CONVERSION = YES;
				CLANG_WARN_COMMA = YES;
				CLANG_WARN_CONSTANT_CONVERSION = YES;
				CLANG_WARN_DEPRECATED_OBJC_IMPLEMENTATIONS = YES;
				CLANG_WARN_DIRECT_OBJC_ISA_USAGE = YES_ERROR;
				CLANG_WARN_DOCUMENTATION_COMMENTS = YES;
				CLANG_WARN_EMPTY_BODY = YES;
				CLANG_WARN_ENUM_CONVERSION = YES;
				CLANG_WARN_INFINITE_RECURSION = YES;
				CLANG_WARN_INT_CONVERSION = YES;
				CLANG_WARN_NON_LITERAL_NULL_CONVERSION = YES;
				CLANG_WARN_OBJC_IMPLICIT_RETAIN_SELF = YES;
				CLANG_WARN_OBJC_LITERAL_CONVERSION = YES;
				CLANG_WARN_OBJC_ROOT_CLASS = YES_ERROR;
				CLANG_WARN_QUOTED_INCLUDE_IN_FRAMEWORK_HEADER = YES;
				CLANG_WARN_RANGE_LOOP_ANALYSIS = YES;
				CLANG_WARN_STRICT_PROTOTYPES = YES;
				CLANG_WARN_SUSPICIOUS_MOVE = YES;
				CLANG_WARN_UNGUARDED_AVAILABILITY = YES_AGGRESSIVE;
				CLANG_WARN_UNREACHABLE_CODE = YES;
				CLANG_WARN__DUPLICATE_METHOD_MATCH = YES;
				COPY_PHASE_STRIP = NO;
				DEBUG_INFORMATION_FORMAT = "dwarf-with-dsym";
				ENABLE_NS_ASSERTIONS = NO;
				ENABLE_STRICT_OBJC_MSGSEND = YES;
				ENABLE_USER_SCRIPT_SANDBOXING = YES;
				GCC_C_LANGUAGE_STANDARD = gnu17;
				GCC_NO_COMMON_BLOCKS = YES;
				GCC_WARN_64_TO_32_BIT_CONVERSION = YES;
				GCC_WARN_ABOUT_RETURN_TYPE = YES_ERROR;
				GCC_WARN_UNDECLARED_SELECTOR = YES;
				GCC_WARN_UNINITIALIZED_AUTOS = YES_AGGRESSIVE;
				GCC_WARN_UNUSED_FUNCTION = YES;
				GCC_WARN_UNUSED_VARIABLE = YES;
				IPHONEOS_DEPLOYMENT_TARGET = 17.0;
				LOCALIZATION_PREFERS_STRING_CATALOGS = YES;
				MTL_ENABLE_DEBUG_INFO = NO;
				MTL_FAST_MATH = YES;
				SDKROOT = iphoneos;
				SWIFT_COMPILATION_MODE = wholemodule;
				VALIDATE_PRODUCT = YES;
			};
			name = Release;
		};
		D6A29C182B09706200FA7F84 /* Debug */ = {
			isa = XCBuildConfiguration;
			buildSettings = {
				ASSETCATALOG_COMPILER_APPICON_NAME = AppIcon;
				ASSETCATALOG_COMPILER_GLOBAL_ACCENT_COLOR_NAME = AccentColor;
				CODE_SIGN_ENTITLEMENTS = Todoer/Resources/Todoer.entitlements;
				CODE_SIGN_STYLE = Automatic;
				CURRENT_PROJECT_VERSION = 6;
				DEBUG_INFORMATION_FORMAT = "dwarf-with-dsym";
				DEVELOPMENT_ASSET_PATHS = "\"Todoer/Resources/Preview Content\"";
				DEVELOPMENT_TEAM = JPMAMPZRCV;
				ENABLE_PREVIEWS = YES;
				GENERATE_INFOPLIST_FILE = YES;
				INFOPLIST_FILE = Todoer/Resources/Info.plist;
				INFOPLIST_KEY_CFBundleDisplayName = Todoer;
				INFOPLIST_KEY_UIApplicationSupportsIndirectInputEvents = YES;
				INFOPLIST_KEY_UILaunchScreen_Generation = YES;
				INFOPLIST_KEY_UILaunchStoryboardName = LaunchScreen.storyboard;
				INFOPLIST_KEY_UIStatusBarHidden = YES;
				INFOPLIST_KEY_UIStatusBarStyle = UIStatusBarStyleDarkContent;
				INFOPLIST_KEY_UISupportedInterfaceOrientations = UIInterfaceOrientationPortrait;
				LD_RUNPATH_SEARCH_PATHS = (
					"$(inherited)",
					"@executable_path/Frameworks",
				);
				MARKETING_VERSION = 1.0.3;
				PRODUCT_BUNDLE_IDENTIFIER = com.xvicient.todoer;
				PRODUCT_NAME = "$(TARGET_NAME)";
				SUPPORTED_PLATFORMS = "iphoneos iphonesimulator";
				SUPPORTS_MACCATALYST = NO;
				SUPPORTS_MAC_DESIGNED_FOR_IPHONE_IPAD = NO;
				SWIFT_EMIT_LOC_STRINGS = YES;
				SWIFT_VERSION = 5.0;
				TARGETED_DEVICE_FAMILY = 1;
			};
			name = Debug;
		};
		D6A29C192B09706200FA7F84 /* Release */ = {
			isa = XCBuildConfiguration;
			buildSettings = {
				ASSETCATALOG_COMPILER_APPICON_NAME = AppIcon;
				ASSETCATALOG_COMPILER_GLOBAL_ACCENT_COLOR_NAME = AccentColor;
				CODE_SIGN_ENTITLEMENTS = Todoer/Resources/Todoer.entitlements;
				CODE_SIGN_STYLE = Automatic;
				CURRENT_PROJECT_VERSION = 6;
				DEVELOPMENT_ASSET_PATHS = "\"Todoer/Resources/Preview Content\"";
				DEVELOPMENT_TEAM = JPMAMPZRCV;
				ENABLE_PREVIEWS = YES;
				GENERATE_INFOPLIST_FILE = YES;
				INFOPLIST_FILE = Todoer/Resources/Info.plist;
				INFOPLIST_KEY_CFBundleDisplayName = Todoer;
				INFOPLIST_KEY_UIApplicationSupportsIndirectInputEvents = YES;
				INFOPLIST_KEY_UILaunchScreen_Generation = YES;
				INFOPLIST_KEY_UILaunchStoryboardName = LaunchScreen.storyboard;
				INFOPLIST_KEY_UIStatusBarHidden = YES;
				INFOPLIST_KEY_UIStatusBarStyle = UIStatusBarStyleDarkContent;
				INFOPLIST_KEY_UISupportedInterfaceOrientations = UIInterfaceOrientationPortrait;
				LD_RUNPATH_SEARCH_PATHS = (
					"$(inherited)",
					"@executable_path/Frameworks",
				);
				MARKETING_VERSION = 1.0.3;
				PRODUCT_BUNDLE_IDENTIFIER = com.xvicient.todoer;
				PRODUCT_NAME = "$(TARGET_NAME)";
				SUPPORTED_PLATFORMS = "iphoneos iphonesimulator";
				SUPPORTS_MACCATALYST = NO;
				SUPPORTS_MAC_DESIGNED_FOR_IPHONE_IPAD = NO;
				SWIFT_EMIT_LOC_STRINGS = YES;
				SWIFT_VERSION = 5.0;
				TARGETED_DEVICE_FAMILY = 1;
			};
			name = Release;
		};
/* End XCBuildConfiguration section */

/* Begin XCConfigurationList section */
		C745151D2B750F3D00C6D08E /* Build configuration list for PBXNativeTarget "TodoerTests" */ = {
			isa = XCConfigurationList;
			buildConfigurations = (
				C745151E2B750F3D00C6D08E /* Debug */,
				C745151F2B750F3D00C6D08E /* Release */,
			);
			defaultConfigurationIsVisible = 0;
			defaultConfigurationName = Release;
		};
		D6A29BEE2B09706100FA7F84 /* Build configuration list for PBXProject "Todoer" */ = {
			isa = XCConfigurationList;
			buildConfigurations = (
				D6A29C152B09706200FA7F84 /* Debug */,
				D6A29C162B09706200FA7F84 /* Release */,
			);
			defaultConfigurationIsVisible = 0;
			defaultConfigurationName = Release;
		};
		D6A29C172B09706200FA7F84 /* Build configuration list for PBXNativeTarget "Todoer" */ = {
			isa = XCConfigurationList;
			buildConfigurations = (
				D6A29C182B09706200FA7F84 /* Debug */,
				D6A29C192B09706200FA7F84 /* Release */,
			);
			defaultConfigurationIsVisible = 0;
			defaultConfigurationName = Release;
		};
/* End XCConfigurationList section */

/* Begin XCRemoteSwiftPackageReference section */
		C7EB4A862B855B1B00D66D64 /* XCRemoteSwiftPackageReference "swift-format" */ = {
			isa = XCRemoteSwiftPackageReference;
			repositoryURL = "https://github.com/apple/swift-format.git";
			requirement = {
				kind = upToNextMajorVersion;
				minimumVersion = 509.0.0;
			};
		};
/* End XCRemoteSwiftPackageReference section */
	};
	rootObject = D6A29BEB2B09706100FA7F84 /* Project object */;
}
