// !$*UTF8*$!
{
	archiveVersion = 1;
	classes = {
	};
	objectVersion = 70;
	objects = {

/* Begin PBXBuildFile section */
		C72241D82D3170550046C0D7 /* FirebaseDependencies in Frameworks */ = {isa = PBXBuildFile; productRef = C72241D72D3170550046C0D7 /* FirebaseDependencies */; };
		C72241DC2D3172630046C0D7 /* Data in Frameworks */ = {isa = PBXBuildFile; productRef = C72241DB2D3172630046C0D7 /* Data */; };
		C74372D12D32AAF9002E1F1A /* Assets.xcassets in Resources */ = {isa = PBXBuildFile; fileRef = C74372D02D32AAF9002E1F1A /* Assets.xcassets */; };
		C74372D32D32AB96002E1F1A /* Colors.xcassets in Resources */ = {isa = PBXBuildFile; fileRef = C74372D22D32AB96002E1F1A /* Colors.xcassets */; };
		C75EB5892D32968B00317D07 /* AuthenticationScreen in Frameworks */ = {isa = PBXBuildFile; productRef = C75EB5882D32968B00317D07 /* AuthenticationScreen */; };
		C77FFADF2D32C6E100C59A48 /* CoordinatorContract in Frameworks */ = {isa = PBXBuildFile; productRef = C77FFADE2D32C6E100C59A48 /* CoordinatorContract */; };
		C79CB29B2B0D537A00C2BD18 /* GoogleService-Info.plist in Resources */ = {isa = PBXBuildFile; fileRef = C79CB2882B0D537A00C2BD18 /* GoogleService-Info.plist */; };
		C79CB2A62B0D57F700C2BD18 /* TodoerApp.swift in Sources */ = {isa = PBXBuildFile; fileRef = C79CB2A52B0D57F700C2BD18 /* TodoerApp.swift */; };
		C7B335932D31CF2700C36D7B /* GoogleSignInDependencies in Frameworks */ = {isa = PBXBuildFile; productRef = C7B335922D31CF2700C36D7B /* GoogleSignInDependencies */; };
		C7B3359F2D31D3E700C36D7B /* Common in Frameworks */ = {isa = PBXBuildFile; productRef = C7B3359E2D31D3E700C36D7B /* Common */; };
		C7C535582B545BB000DB4B65 /* Launch Screen.storyboard in Resources */ = {isa = PBXBuildFile; fileRef = C7C535572B545BB000DB4B65 /* Launch Screen.storyboard */; };
		C7F3058A2D32CCA5004C322D /* ThemeAssets in Frameworks */ = {isa = PBXBuildFile; productRef = C7F305892D32CCA5004C322D /* ThemeAssets */; };
		C7F3058C2D32CCA5004C322D /* ThemeComponents in Frameworks */ = {isa = PBXBuildFile; productRef = C7F3058B2D32CCA5004C322D /* ThemeComponents */; };
		D60E13A72D43FE1D008AB16A /* TodoerShare.appex in Embed Foundation Extensions */ = {isa = PBXBuildFile; fileRef = D60E139C2D43FE1D008AB16A /* TodoerShare.appex */; settings = {ATTRIBUTES = (RemoveHeadersOnCopy, ); }; };
		D6104E112D3E5E72004A2A0A /* TodoerTests.xctestplan in Resources */ = {isa = PBXBuildFile; fileRef = D6104E0F2D3E5E72004A2A0A /* TodoerTests.xctestplan */; };
		D62464D12D36B3010097F7DE /* AboutScreen in Frameworks */ = {isa = PBXBuildFile; productRef = D62464D02D36B3010097F7DE /* AboutScreen */; };
		D62464D42D36B30F0097F7DE /* AuthenticationScreen in Frameworks */ = {isa = PBXBuildFile; productRef = D62464D32D36B30F0097F7DE /* AuthenticationScreen */; };
		D62464D62D36B30F0097F7DE /* AuthenticationScreenContract in Frameworks */ = {isa = PBXBuildFile; productRef = D62464D52D36B30F0097F7DE /* AuthenticationScreenContract */; };
		D62464D92D36B31F0097F7DE /* HomeScreen in Frameworks */ = {isa = PBXBuildFile; productRef = D62464D82D36B31F0097F7DE /* HomeScreen */; };
		D62464DB2D36B31F0097F7DE /* HomeScreenContract in Frameworks */ = {isa = PBXBuildFile; productRef = D62464DA2D36B31F0097F7DE /* HomeScreenContract */; };
		D62464DE2D36B32D0097F7DE /* ListItemsScreen in Frameworks */ = {isa = PBXBuildFile; productRef = D62464DD2D36B32D0097F7DE /* ListItemsScreen */; };
		D62464E02D36B32D0097F7DE /* ListItemsScreenContract in Frameworks */ = {isa = PBXBuildFile; productRef = D62464DF2D36B32D0097F7DE /* ListItemsScreenContract */; };
		D62464E32D36B33C0097F7DE /* ShareListScreen in Frameworks */ = {isa = PBXBuildFile; productRef = D62464E22D36B33C0097F7DE /* ShareListScreen */; };
		D62464E52D36B33C0097F7DE /* ShareListScreenContract in Frameworks */ = {isa = PBXBuildFile; productRef = D62464E42D36B33C0097F7DE /* ShareListScreenContract */; };
		D62464E82D36B3730097F7DE /* Entities in Frameworks */ = {isa = PBXBuildFile; productRef = D62464E72D36B3730097F7DE /* Entities */; };
		D6422B642D3652820090F163 /* Coordinator in Frameworks */ = {isa = PBXBuildFile; productRef = D6422B632D3652820090F163 /* Coordinator */; };
		D650873A2D35B8570056F8F3 /* CoordinatorContract in Frameworks */ = {isa = PBXBuildFile; productRef = D65087392D35B8570056F8F3 /* CoordinatorContract */; };
		D650873E2D35BEDE0056F8F3 /* FeatureProvider.swift in Sources */ = {isa = PBXBuildFile; fileRef = D650873D2D35BEA50056F8F3 /* FeatureProvider.swift */; };
		D658B26B2D53B3BD00363541 /* xReduxTest in Frameworks */ = {isa = PBXBuildFile; productRef = D658B26A2D53B3BD00363541 /* xReduxTest */; };
		D658B26D2D53B3DE00363541 /* xRedux in Frameworks */ = {isa = PBXBuildFile; productRef = D658B26C2D53B3DE00363541 /* xRedux */; };
		D65D30932D43FEF900A9A5B6 /* Entities in Frameworks */ = {isa = PBXBuildFile; productRef = D65D30922D43FEF900A9A5B6 /* Entities */; };
		D65D30A32D47757500A9A5B6 /* Common in Frameworks */ = {isa = PBXBuildFile; productRef = D65D30A22D47757500A9A5B6 /* Common */; };
		D65D30A62D47758600A9A5B6 /* Data in Frameworks */ = {isa = PBXBuildFile; productRef = D65D30A52D47758600A9A5B6 /* Data */; };
		D689D24D2D52683500932CB0 /* ThemeAssets in Frameworks */ = {isa = PBXBuildFile; productRef = D689D24C2D52683500932CB0 /* ThemeAssets */; };
/* End PBXBuildFile section */

/* Begin PBXContainerItemProxy section */
		C745151B2B750F3D00C6D08E /* PBXContainerItemProxy */ = {
			isa = PBXContainerItemProxy;
			containerPortal = D6A29BEB2B09706100FA7F84 /* Project object */;
			proxyType = 1;
			remoteGlobalIDString = D6A29BF22B09706100FA7F84;
			remoteInfo = Todoer;
		};
		D60E13A42D43FE1D008AB16A /* PBXContainerItemProxy */ = {
			isa = PBXContainerItemProxy;
			containerPortal = D6A29BEB2B09706100FA7F84 /* Project object */;
			proxyType = 1;
			remoteGlobalIDString = D60E139B2D43FE1D008AB16A;
			remoteInfo = TodoerShare;
		};
/* End PBXContainerItemProxy section */

/* Begin PBXCopyFilesBuildPhase section */
		D60E13A62D43FE1D008AB16A /* Embed Foundation Extensions */ = {
			isa = PBXCopyFilesBuildPhase;
			buildActionMask = 2147483647;
			dstPath = "";
			dstSubfolderSpec = 13;
			files = (
				D60E13A72D43FE1D008AB16A /* TodoerShare.appex in Embed Foundation Extensions */,
			);
			name = "Embed Foundation Extensions";
			runOnlyForDeploymentPostprocessing = 0;
		};
/* End PBXCopyFilesBuildPhase section */

/* Begin PBXFileReference section */
		C74372D02D32AAF9002E1F1A /* Assets.xcassets */ = {isa = PBXFileReference; lastKnownFileType = folder.assetcatalog; path = Assets.xcassets; sourceTree = "<group>"; };
		C74372D22D32AB96002E1F1A /* Colors.xcassets */ = {isa = PBXFileReference; lastKnownFileType = folder.assetcatalog; path = Colors.xcassets; sourceTree = "<group>"; };
		C74515172B750F3D00C6D08E /* TodoerTests.xctest */ = {isa = PBXFileReference; explicitFileType = wrapper.cfbundle; includeInIndex = 0; path = TodoerTests.xctest; sourceTree = BUILT_PRODUCTS_DIR; };
		C760DF002D3334F20060D496 /* Entities */ = {isa = PBXFileReference; lastKnownFileType = wrapper; path = Entities; sourceTree = "<group>"; };
		C79CB2882B0D537A00C2BD18 /* GoogleService-Info.plist */ = {isa = PBXFileReference; fileEncoding = 4; lastKnownFileType = text.plist.xml; path = "GoogleService-Info.plist"; sourceTree = "<group>"; };
		C79CB2A52B0D57F700C2BD18 /* TodoerApp.swift */ = {isa = PBXFileReference; fileEncoding = 4; lastKnownFileType = sourcecode.swift; path = TodoerApp.swift; sourceTree = "<group>"; };
		C79CB2C62B13F48C00C2BD18 /* Info.plist */ = {isa = PBXFileReference; lastKnownFileType = text.plist.xml; path = Info.plist; sourceTree = "<group>"; };
		C7B335952D31D30500C36D7B /* FirebaseDependencies */ = {isa = PBXFileReference; lastKnownFileType = wrapper; path = FirebaseDependencies; sourceTree = "<group>"; };
		C7B335962D31D30500C36D7B /* GoogleSignInDependencies */ = {isa = PBXFileReference; lastKnownFileType = wrapper; path = GoogleSignInDependencies; sourceTree = "<group>"; };
		C7C42E0D2D332C8B006B8C53 /* Common */ = {isa = PBXFileReference; lastKnownFileType = wrapper; path = Common; sourceTree = "<group>"; };
		C7C42E0E2D332C8B006B8C53 /* Coordinator */ = {isa = PBXFileReference; lastKnownFileType = wrapper; path = Coordinator; sourceTree = "<group>"; };
		C7C42E0F2D332C8B006B8C53 /* Data */ = {isa = PBXFileReference; lastKnownFileType = wrapper; path = Data; sourceTree = "<group>"; };
		C7C42E182D332C8B006B8C53 /* Theme */ = {isa = PBXFileReference; lastKnownFileType = wrapper; path = Theme; sourceTree = "<group>"; };
		C7C42E192D332CCD006B8C53 /* AboutScreen */ = {isa = PBXFileReference; lastKnownFileType = wrapper; path = AboutScreen; sourceTree = "<group>"; };
		C7C42E1A2D332CCD006B8C53 /* AuthenticationScreen */ = {isa = PBXFileReference; lastKnownFileType = wrapper; path = AuthenticationScreen; sourceTree = "<group>"; };
		C7C42E1B2D332CCD006B8C53 /* HomeScreen */ = {isa = PBXFileReference; lastKnownFileType = wrapper; path = HomeScreen; sourceTree = "<group>"; };
		C7C42E1C2D332CCD006B8C53 /* ListItemsScreen */ = {isa = PBXFileReference; lastKnownFileType = wrapper; path = ListItemsScreen; sourceTree = "<group>"; };
		C7C42E1D2D332CCD006B8C53 /* ShareListScreen */ = {isa = PBXFileReference; lastKnownFileType = wrapper; path = ShareListScreen; sourceTree = "<group>"; };
		C7C535572B545BB000DB4B65 /* Launch Screen.storyboard */ = {isa = PBXFileReference; lastKnownFileType = file.storyboard; path = "Launch Screen.storyboard"; sourceTree = "<group>"; };
		C7F428632B58425E00DEE7E9 /* Todoer.entitlements */ = {isa = PBXFileReference; lastKnownFileType = text.plist.entitlements; path = Todoer.entitlements; sourceTree = "<group>"; };
		D60E139C2D43FE1D008AB16A /* TodoerShare.appex */ = {isa = PBXFileReference; explicitFileType = "wrapper.app-extension"; includeInIndex = 0; path = TodoerShare.appex; sourceTree = BUILT_PRODUCTS_DIR; };
		D6104E0F2D3E5E72004A2A0A /* TodoerTests.xctestplan */ = {isa = PBXFileReference; lastKnownFileType = text; path = TodoerTests.xctestplan; sourceTree = "<group>"; };
		D611566D2D3D551200DD2DA6 /* AppMenu */ = {isa = PBXFileReference; lastKnownFileType = wrapper; path = AppMenu; sourceTree = "<group>"; };
		D650873D2D35BEA50056F8F3 /* FeatureProvider.swift */ = {isa = PBXFileReference; lastKnownFileType = sourcecode.swift; path = FeatureProvider.swift; sourceTree = "<group>"; };
		D6A29BF32B09706100FA7F84 /* Todoer.app */ = {isa = PBXFileReference; explicitFileType = wrapper.application; includeInIndex = 0; path = Todoer.app; sourceTree = BUILT_PRODUCTS_DIR; };
		D6A29C112B09706200FA7F84 /* TodoerUITests.swift */ = {isa = PBXFileReference; lastKnownFileType = sourcecode.swift; path = TodoerUITests.swift; sourceTree = "<group>"; };
		D6A29C132B09706200FA7F84 /* TodoerUITestsLaunchTests.swift */ = {isa = PBXFileReference; lastKnownFileType = sourcecode.swift; path = TodoerUITestsLaunchTests.swift; sourceTree = "<group>"; };
		D6AF86092D3FE33C006C55F7 /* Strings */ = {isa = PBXFileReference; lastKnownFileType = wrapper; path = Strings; sourceTree = "<group>"; };
/* End PBXFileReference section */

/* Begin PBXFileSystemSynchronizedBuildFileExceptionSet section */
		D60E13AA2D43FE1D008AB16A /* PBXFileSystemSynchronizedBuildFileExceptionSet */ = {
			isa = PBXFileSystemSynchronizedBuildFileExceptionSet;
			membershipExceptions = (
				Resources/Info.plist,
			);
			target = D60E139B2D43FE1D008AB16A /* TodoerShare */;
		};
/* End PBXFileSystemSynchronizedBuildFileExceptionSet section */

/* Begin PBXFileSystemSynchronizedRootGroup section */
		D60E139D2D43FE1D008AB16A /* TodoerShare */ = {isa = PBXFileSystemSynchronizedRootGroup; exceptions = (D60E13AA2D43FE1D008AB16A /* PBXFileSystemSynchronizedBuildFileExceptionSet */, ); explicitFileTypes = {}; explicitFolders = (); path = TodoerShare; sourceTree = "<group>"; };
/* End PBXFileSystemSynchronizedRootGroup section */

/* Begin PBXFrameworksBuildPhase section */
		C74515142B750F3D00C6D08E /* Frameworks */ = {
			isa = PBXFrameworksBuildPhase;
			buildActionMask = 2147483647;
			files = (
				D658B26D2D53B3DE00363541 /* xRedux in Frameworks */,
				D658B26B2D53B3BD00363541 /* xReduxTest in Frameworks */,
			);
			runOnlyForDeploymentPostprocessing = 0;
		};
		D60E13992D43FE1D008AB16A /* Frameworks */ = {
			isa = PBXFrameworksBuildPhase;
			buildActionMask = 2147483647;
			files = (
				D689D24D2D52683500932CB0 /* ThemeAssets in Frameworks */,
				D65D30932D43FEF900A9A5B6 /* Entities in Frameworks */,
				D65D30A62D47758600A9A5B6 /* Data in Frameworks */,
				D65D30A32D47757500A9A5B6 /* Common in Frameworks */,
			);
			runOnlyForDeploymentPostprocessing = 0;
		};
		D6A29BF02B09706100FA7F84 /* Frameworks */ = {
			isa = PBXFrameworksBuildPhase;
			buildActionMask = 2147483647;
			files = (
				C75EB5892D32968B00317D07 /* AuthenticationScreen in Frameworks */,
				C72241DC2D3172630046C0D7 /* Data in Frameworks */,
				C77FFADF2D32C6E100C59A48 /* CoordinatorContract in Frameworks */,
				C7B335932D31CF2700C36D7B /* GoogleSignInDependencies in Frameworks */,
				D62464D62D36B30F0097F7DE /* AuthenticationScreenContract in Frameworks */,
				D62464D42D36B30F0097F7DE /* AuthenticationScreen in Frameworks */,
				C7F3058A2D32CCA5004C322D /* ThemeAssets in Frameworks */,
				D62464D92D36B31F0097F7DE /* HomeScreen in Frameworks */,
				D62464E32D36B33C0097F7DE /* ShareListScreen in Frameworks */,
				D62464DB2D36B31F0097F7DE /* HomeScreenContract in Frameworks */,
				D62464DE2D36B32D0097F7DE /* ListItemsScreen in Frameworks */,
				C72241D82D3170550046C0D7 /* FirebaseDependencies in Frameworks */,
				D650873A2D35B8570056F8F3 /* CoordinatorContract in Frameworks */,
				D62464E82D36B3730097F7DE /* Entities in Frameworks */,
				D6422B642D3652820090F163 /* Coordinator in Frameworks */,
				C7B3359F2D31D3E700C36D7B /* Common in Frameworks */,
				D62464E52D36B33C0097F7DE /* ShareListScreenContract in Frameworks */,
				D62464D12D36B3010097F7DE /* AboutScreen in Frameworks */,
				C7F3058C2D32CCA5004C322D /* ThemeComponents in Frameworks */,
				D62464E02D36B32D0097F7DE /* ListItemsScreenContract in Frameworks */,
			);
			runOnlyForDeploymentPostprocessing = 0;
		};
/* End PBXFrameworksBuildPhase section */

/* Begin PBXGroup section */
		C74C0F452B5588C100926E87 /* Features */ = {
			isa = PBXGroup;
			children = (
				D650873D2D35BEA50056F8F3 /* FeatureProvider.swift */,
				D611566D2D3D551200DD2DA6 /* AppMenu */,
				C7C42E192D332CCD006B8C53 /* AboutScreen */,
				C7C42E1A2D332CCD006B8C53 /* AuthenticationScreen */,
				C7C42E1B2D332CCD006B8C53 /* HomeScreen */,
				C7C42E1C2D332CCD006B8C53 /* ListItemsScreen */,
				C7C42E1D2D332CCD006B8C53 /* ShareListScreen */,
			);
			path = Features;
			sourceTree = "<group>";
		};
		C770BF6C2D313EF100B455B5 /* Frameworks */ = {
			isa = PBXGroup;
			children = (
			);
			name = Frameworks;
			sourceTree = "<group>";
		};
		C78AF05E2D332BBF009244AF /* Shared */ = {
			isa = PBXGroup;
			children = (
				D6AF86092D3FE33C006C55F7 /* Strings */,
				C7C42E0D2D332C8B006B8C53 /* Common */,
				C7C42E0E2D332C8B006B8C53 /* Coordinator */,
				C7C42E0F2D332C8B006B8C53 /* Data */,
				C760DF002D3334F20060D496 /* Entities */,
				C7C42E182D332C8B006B8C53 /* Theme */,
			);
			path = Shared;
			sourceTree = "<group>";
		};
		C79CB26D2B0D537A00C2BD18 /* Sources */ = {
			isa = PBXGroup;
			children = (
				C7C535572B545BB000DB4B65 /* Launch Screen.storyboard */,
				C79CB2A52B0D57F700C2BD18 /* TodoerApp.swift */,
				C78AF05E2D332BBF009244AF /* Shared */,
				C74C0F452B5588C100926E87 /* Features */,
			);
			path = Sources;
			sourceTree = "<group>";
		};
		C79CB2862B0D537A00C2BD18 /* Resources */ = {
			isa = PBXGroup;
			children = (
				C7F428632B58425E00DEE7E9 /* Todoer.entitlements */,
				C74372D22D32AB96002E1F1A /* Colors.xcassets */,
				C74372D02D32AAF9002E1F1A /* Assets.xcassets */,
				C79CB2C62B13F48C00C2BD18 /* Info.plist */,
				C79CB2882B0D537A00C2BD18 /* GoogleService-Info.plist */,
			);
			path = Resources;
			sourceTree = "<group>";
		};
		C7B335972D31D30500C36D7B /* External */ = {
			isa = PBXGroup;
			children = (
				C7B335952D31D30500C36D7B /* FirebaseDependencies */,
				C7B335962D31D30500C36D7B /* GoogleSignInDependencies */,
			);
			path = External;
			sourceTree = "<group>";
		};
		C7B3359A2D31D30500C36D7B /* Packages */ = {
			isa = PBXGroup;
			children = (
				C7B335972D31D30500C36D7B /* External */,
			);
			path = Packages;
			sourceTree = "<group>";
		};
		D6104E102D3E5E72004A2A0A /* TodoerTests */ = {
			isa = PBXGroup;
			children = (
				D6104E0F2D3E5E72004A2A0A /* TodoerTests.xctestplan */,
			);
			path = TodoerTests;
			sourceTree = "<group>";
		};
		D6A29BEA2B09706100FA7F84 = {
			isa = PBXGroup;
			children = (
				D6A29BF52B09706100FA7F84 /* Todoer */,
				D6104E102D3E5E72004A2A0A /* TodoerTests */,
				D6A29C102B09706200FA7F84 /* TodoerUITests */,
				C7B3359A2D31D30500C36D7B /* Packages */,
				D60E139D2D43FE1D008AB16A /* TodoerShare */,
				C770BF6C2D313EF100B455B5 /* Frameworks */,
				D6A29BF42B09706100FA7F84 /* Products */,
			);
			sourceTree = "<group>";
		};
		D6A29BF42B09706100FA7F84 /* Products */ = {
			isa = PBXGroup;
			children = (
				D6A29BF32B09706100FA7F84 /* Todoer.app */,
				C74515172B750F3D00C6D08E /* TodoerTests.xctest */,
				D60E139C2D43FE1D008AB16A /* TodoerShare.appex */,
			);
			name = Products;
			sourceTree = "<group>";
		};
		D6A29BF52B09706100FA7F84 /* Todoer */ = {
			isa = PBXGroup;
			children = (
				C79CB2862B0D537A00C2BD18 /* Resources */,
				C79CB26D2B0D537A00C2BD18 /* Sources */,
			);
			path = Todoer;
			sourceTree = "<group>";
		};
		D6A29C102B09706200FA7F84 /* TodoerUITests */ = {
			isa = PBXGroup;
			children = (
				D6A29C112B09706200FA7F84 /* TodoerUITests.swift */,
				D6A29C132B09706200FA7F84 /* TodoerUITestsLaunchTests.swift */,
			);
			path = TodoerUITests;
			sourceTree = "<group>";
		};
/* End PBXGroup section */

/* Begin PBXNativeTarget section */
		C74515162B750F3D00C6D08E /* TodoerTests */ = {
			isa = PBXNativeTarget;
			buildConfigurationList = C745151D2B750F3D00C6D08E /* Build configuration list for PBXNativeTarget "TodoerTests" */;
			buildPhases = (
				C74515132B750F3D00C6D08E /* Sources */,
				C74515142B750F3D00C6D08E /* Frameworks */,
				C74515152B750F3D00C6D08E /* Resources */,
			);
			buildRules = (
			);
			dependencies = (
				C745151C2B750F3D00C6D08E /* PBXTargetDependency */,
			);
			name = TodoerTests;
			productName = TodoerTests;
			productReference = C74515172B750F3D00C6D08E /* TodoerTests.xctest */;
			productType = "com.apple.product-type.bundle.unit-test";
		};
		D60E139B2D43FE1D008AB16A /* TodoerShare */ = {
			isa = PBXNativeTarget;
			buildConfigurationList = D60E13AB2D43FE1D008AB16A /* Build configuration list for PBXNativeTarget "TodoerShare" */;
			buildPhases = (
				D60E13982D43FE1D008AB16A /* Sources */,
				D60E13992D43FE1D008AB16A /* Frameworks */,
				D60E139A2D43FE1D008AB16A /* Resources */,
			);
			buildRules = (
			);
			dependencies = (
			);
			fileSystemSynchronizedGroups = (
				D60E139D2D43FE1D008AB16A /* TodoerShare */,
			);
			name = TodoerShare;
			packageProductDependencies = (
				D65D30922D43FEF900A9A5B6 /* Entities */,
				D65D30A22D47757500A9A5B6 /* Common */,
				D65D30A52D47758600A9A5B6 /* Data */,
				D689D24C2D52683500932CB0 /* ThemeAssets */,
			);
			productName = TodoerShare;
			productReference = D60E139C2D43FE1D008AB16A /* TodoerShare.appex */;
			productType = "com.apple.product-type.app-extension";
		};
		D6A29BF22B09706100FA7F84 /* Todoer */ = {
			isa = PBXNativeTarget;
			buildConfigurationList = D6A29C172B09706200FA7F84 /* Build configuration list for PBXNativeTarget "Todoer" */;
			buildPhases = (
				D6A29BEF2B09706100FA7F84 /* Sources */,
				D6A29BF02B09706100FA7F84 /* Frameworks */,
				D6A29BF12B09706100FA7F84 /* Resources */,
				D60E13A62D43FE1D008AB16A /* Embed Foundation Extensions */,
				C79A2EF92B6650C500F52FB2 /* Crashlytics */,
			);
			buildRules = (
			);
			dependencies = (
				D60E13A52D43FE1D008AB16A /* PBXTargetDependency */,
			);
			name = Todoer;
			packageProductDependencies = (
				C72241D72D3170550046C0D7 /* FirebaseDependencies */,
				C72241DB2D3172630046C0D7 /* Data */,
				C7B335922D31CF2700C36D7B /* GoogleSignInDependencies */,
				C7B3359E2D31D3E700C36D7B /* Common */,
				C75EB5882D32968B00317D07 /* AuthenticationScreen */,
				C77FFADE2D32C6E100C59A48 /* CoordinatorContract */,
				C7F305892D32CCA5004C322D /* ThemeAssets */,
				C7F3058B2D32CCA5004C322D /* ThemeComponents */,
				D65087392D35B8570056F8F3 /* CoordinatorContract */,
				D6422B632D3652820090F163 /* Coordinator */,
				D62464D02D36B3010097F7DE /* AboutScreen */,
				D62464D32D36B30F0097F7DE /* AuthenticationScreen */,
				D62464D52D36B30F0097F7DE /* AuthenticationScreenContract */,
				D62464D82D36B31F0097F7DE /* HomeScreen */,
				D62464DA2D36B31F0097F7DE /* HomeScreenContract */,
				D62464DD2D36B32D0097F7DE /* ListItemsScreen */,
				D62464DF2D36B32D0097F7DE /* ListItemsScreenContract */,
				D62464E22D36B33C0097F7DE /* ShareListScreen */,
				D62464E42D36B33C0097F7DE /* ShareListScreenContract */,
				D62464E72D36B3730097F7DE /* Entities */,
			);
			productName = Listio;
			productReference = D6A29BF32B09706100FA7F84 /* Todoer.app */;
			productType = "com.apple.product-type.application";
		};
/* End PBXNativeTarget section */

/* Begin PBXProject section */
		D6A29BEB2B09706100FA7F84 /* Project object */ = {
			isa = PBXProject;
			attributes = {
				BuildIndependentTargetsInParallel = 1;
				LastSwiftUpdateCheck = 1610;
				LastUpgradeCheck = 1500;
				TargetAttributes = {
					C74515162B750F3D00C6D08E = {
						CreatedOnToolsVersion = 15.0;
						TestTargetID = D6A29BF22B09706100FA7F84;
					};
					D60E139B2D43FE1D008AB16A = {
						CreatedOnToolsVersion = 16.1;
					};
					D6A29BF22B09706100FA7F84 = {
						CreatedOnToolsVersion = 15.0;
					};
				};
			};
			buildConfigurationList = D6A29BEE2B09706100FA7F84 /* Build configuration list for PBXProject "Todoer" */;
			compatibilityVersion = "Xcode 14.0";
			developmentRegion = en;
			hasScannedForEncodings = 0;
			knownRegions = (
				en,
				Base,
			);
			mainGroup = D6A29BEA2B09706100FA7F84;
			packageReferences = (
				C72241D62D3170550046C0D7 /* XCLocalSwiftPackageReference "Packages/External/FirebaseDependencies" */,
				C7B335912D31CF2700C36D7B /* XCLocalSwiftPackageReference "Packages/External/GoogleSignInDependencies" */,
				D6422B622D3652820090F163 /* XCLocalSwiftPackageReference "Todoer/Sources/Shared/Coordinator" */,
				D62464CF2D36B3010097F7DE /* XCLocalSwiftPackageReference "Todoer/Sources/Features/AboutScreen" */,
				D62464D22D36B30F0097F7DE /* XCLocalSwiftPackageReference "Todoer/Sources/Features/AuthenticationScreen" */,
				D62464D72D36B31F0097F7DE /* XCLocalSwiftPackageReference "Todoer/Sources/Features/HomeScreen" */,
				D62464DC2D36B32D0097F7DE /* XCLocalSwiftPackageReference "Todoer/Sources/Features/ListItemsScreen" */,
				D62464E12D36B33C0097F7DE /* XCLocalSwiftPackageReference "Todoer/Sources/Features/ShareListScreen" */,
				D62464E62D36B3730097F7DE /* XCLocalSwiftPackageReference "Todoer/Sources/Shared/Entities" */,
				D65D30A12D47757500A9A5B6 /* XCLocalSwiftPackageReference "Todoer/Sources/Shared/Common" */,
				D65D30A42D47758600A9A5B6 /* XCLocalSwiftPackageReference "Todoer/Sources/Shared/Data" */,
				D689D24B2D52683500932CB0 /* XCLocalSwiftPackageReference "Todoer/Sources/Shared/Theme" */,
			);
			productRefGroup = D6A29BF42B09706100FA7F84 /* Products */;
			projectDirPath = "";
			projectRoot = "";
			targets = (
				D6A29BF22B09706100FA7F84 /* Todoer */,
				C74515162B750F3D00C6D08E /* TodoerTests */,
				D60E139B2D43FE1D008AB16A /* TodoerShare */,
			);
		};
/* End PBXProject section */

/* Begin PBXResourcesBuildPhase section */
		C74515152B750F3D00C6D08E /* Resources */ = {
			isa = PBXResourcesBuildPhase;
			buildActionMask = 2147483647;
			files = (
				D6104E112D3E5E72004A2A0A /* TodoerTests.xctestplan in Resources */,
			);
			runOnlyForDeploymentPostprocessing = 0;
		};
		D60E139A2D43FE1D008AB16A /* Resources */ = {
			isa = PBXResourcesBuildPhase;
			buildActionMask = 2147483647;
			files = (
			);
			runOnlyForDeploymentPostprocessing = 0;
		};
		D6A29BF12B09706100FA7F84 /* Resources */ = {
			isa = PBXResourcesBuildPhase;
			buildActionMask = 2147483647;
			files = (
				C74372D32D32AB96002E1F1A /* Colors.xcassets in Resources */,
				C7C535582B545BB000DB4B65 /* Launch Screen.storyboard in Resources */,
				C74372D12D32AAF9002E1F1A /* Assets.xcassets in Resources */,
				C79CB29B2B0D537A00C2BD18 /* GoogleService-Info.plist in Resources */,
			);
			runOnlyForDeploymentPostprocessing = 0;
		};
/* End PBXResourcesBuildPhase section */

/* Begin PBXShellScriptBuildPhase section */
		C79A2EF92B6650C500F52FB2 /* Crashlytics */ = {
			isa = PBXShellScriptBuildPhase;
			alwaysOutOfDate = 1;
			buildActionMask = 2147483647;
			files = (
			);
			inputFileListPaths = (
			);
			inputPaths = (
				"${DWARF_DSYM_FOLDER_PATH}/${DWARF_DSYM_FILE_NAME}",
				"${DWARF_DSYM_FOLDER_PATH}/${DWARF_DSYM_FILE_NAME}/Contents/Resources/DWARF/${PRODUCT_NAME}",
				"${DWARF_DSYM_FOLDER_PATH}/${DWARF_DSYM_FILE_NAME}/Contents/Info.plist",
				"$(TARGET_BUILD_DIR)/$(UNLOCALIZED_RESOURCES_FOLDER_PATH)/GoogleService-Info.plist",
				"$(TARGET_BUILD_DIR)/$(EXECUTABLE_PATH)",
			);
			name = Crashlytics;
			outputFileListPaths = (
			);
			outputPaths = (
			);
			runOnlyForDeploymentPostprocessing = 0;
			shellPath = /bin/sh;
			shellScript = "\"${BUILD_DIR%/Build/*}/SourcePackages/checkouts/firebase-ios-sdk/Crashlytics/run\"\n";
		};
/* End PBXShellScriptBuildPhase section */

/* Begin PBXSourcesBuildPhase section */
		C74515132B750F3D00C6D08E /* Sources */ = {
			isa = PBXSourcesBuildPhase;
			buildActionMask = 2147483647;
			files = (
			);
			runOnlyForDeploymentPostprocessing = 0;
		};
		D60E13982D43FE1D008AB16A /* Sources */ = {
			isa = PBXSourcesBuildPhase;
			buildActionMask = 2147483647;
			files = (
			);
			runOnlyForDeploymentPostprocessing = 0;
		};
		D6A29BEF2B09706100FA7F84 /* Sources */ = {
			isa = PBXSourcesBuildPhase;
			buildActionMask = 2147483647;
			files = (
				D650873E2D35BEDE0056F8F3 /* FeatureProvider.swift in Sources */,
				C79CB2A62B0D57F700C2BD18 /* TodoerApp.swift in Sources */,
			);
			runOnlyForDeploymentPostprocessing = 0;
		};
/* End PBXSourcesBuildPhase section */

/* Begin PBXTargetDependency section */
		C745151C2B750F3D00C6D08E /* PBXTargetDependency */ = {
			isa = PBXTargetDependency;
			target = D6A29BF22B09706100FA7F84 /* Todoer */;
			targetProxy = C745151B2B750F3D00C6D08E /* PBXContainerItemProxy */;
		};
		D60E13A52D43FE1D008AB16A /* PBXTargetDependency */ = {
			isa = PBXTargetDependency;
			target = D60E139B2D43FE1D008AB16A /* TodoerShare */;
			targetProxy = D60E13A42D43FE1D008AB16A /* PBXContainerItemProxy */;
		};
/* End PBXTargetDependency section */

/* Begin XCBuildConfiguration section */
		C745151E2B750F3D00C6D08E /* Debug */ = {
			isa = XCBuildConfiguration;
			buildSettings = {
				BUNDLE_LOADER = "$(TEST_HOST)";
				CODE_SIGN_STYLE = Automatic;
				CURRENT_PROJECT_VERSION = 1;
				DEVELOPMENT_TEAM = JPMAMPZRCV;
				GENERATE_INFOPLIST_FILE = YES;
				IPHONEOS_DEPLOYMENT_TARGET = 18.0;
				MARKETING_VERSION = 1.0;
				PRODUCT_BUNDLE_IDENTIFIER = xvicient.TodoerTests;
				PRODUCT_NAME = "$(TARGET_NAME)";
				SWIFT_EMIT_LOC_STRINGS = NO;
				SWIFT_VERSION = 5.0;
				TARGETED_DEVICE_FAMILY = "1,2";
				TEST_HOST = "$(BUILT_PRODUCTS_DIR)/Todoer.app/$(BUNDLE_EXECUTABLE_FOLDER_PATH)/Todoer";
			};
			name = Debug;
		};
		C745151F2B750F3D00C6D08E /* Release */ = {
			isa = XCBuildConfiguration;
			buildSettings = {
				BUNDLE_LOADER = "$(TEST_HOST)";
				CODE_SIGN_STYLE = Automatic;
				CURRENT_PROJECT_VERSION = 1;
				DEVELOPMENT_TEAM = JPMAMPZRCV;
				GENERATE_INFOPLIST_FILE = YES;
				IPHONEOS_DEPLOYMENT_TARGET = 18.0;
				MARKETING_VERSION = 1.0;
				PRODUCT_BUNDLE_IDENTIFIER = xvicient.TodoerTests;
				PRODUCT_NAME = "$(TARGET_NAME)";
				SWIFT_EMIT_LOC_STRINGS = NO;
				SWIFT_VERSION = 5.0;
				TARGETED_DEVICE_FAMILY = "1,2";
				TEST_HOST = "$(BUILT_PRODUCTS_DIR)/Todoer.app/$(BUNDLE_EXECUTABLE_FOLDER_PATH)/Todoer";
			};
			name = Release;
		};
		D60E13A82D43FE1D008AB16A /* Debug */ = {
			isa = XCBuildConfiguration;
			buildSettings = {
				CODE_SIGN_ENTITLEMENTS = TodoerShare/Resources/TodoerShare.entitlements;
				CODE_SIGN_STYLE = Automatic;
				CURRENT_PROJECT_VERSION = 1;
				DEVELOPMENT_TEAM = JPMAMPZRCV;
				GENERATE_INFOPLIST_FILE = YES;
				INFOPLIST_FILE = TodoerShare/Resources/Info.plist;
				INFOPLIST_KEY_CFBundleDisplayName = TodoerShare;
				INFOPLIST_KEY_NSHumanReadableCopyright = "";
				IPHONEOS_DEPLOYMENT_TARGET = 18.0;
				LD_RUNPATH_SEARCH_PATHS = (
					"$(inherited)",
					"@executable_path/Frameworks",
					"@executable_path/../../Frameworks",
				);
				MARKETING_VERSION = 2.0.1;
				PRODUCT_BUNDLE_IDENTIFIER = com.xvicient.todoer.TodoerShare;
				PRODUCT_NAME = "$(TARGET_NAME)";
				SKIP_INSTALL = YES;
				SWIFT_EMIT_LOC_STRINGS = YES;
				SWIFT_VERSION = 5.0;
				TARGETED_DEVICE_FAMILY = "1,2";
			};
			name = Debug;
		};
		D60E13A92D43FE1D008AB16A /* Release */ = {
			isa = XCBuildConfiguration;
			buildSettings = {
				CODE_SIGN_ENTITLEMENTS = TodoerShare/Resources/TodoerShare.entitlements;
				CODE_SIGN_STYLE = Automatic;
				CURRENT_PROJECT_VERSION = 1;
				DEVELOPMENT_TEAM = JPMAMPZRCV;
				GENERATE_INFOPLIST_FILE = YES;
				INFOPLIST_FILE = TodoerShare/Resources/Info.plist;
				INFOPLIST_KEY_CFBundleDisplayName = TodoerShare;
				INFOPLIST_KEY_NSHumanReadableCopyright = "";
				IPHONEOS_DEPLOYMENT_TARGET = 18.0;
				LD_RUNPATH_SEARCH_PATHS = (
					"$(inherited)",
					"@executable_path/Frameworks",
					"@executable_path/../../Frameworks",
				);
				MARKETING_VERSION = 2.0.1;
				PRODUCT_BUNDLE_IDENTIFIER = com.xvicient.todoer.TodoerShare;
				PRODUCT_NAME = "$(TARGET_NAME)";
				SKIP_INSTALL = YES;
				SWIFT_EMIT_LOC_STRINGS = YES;
				SWIFT_VERSION = 5.0;
				TARGETED_DEVICE_FAMILY = "1,2";
			};
			name = Release;
		};
		D6A29C152B09706200FA7F84 /* Debug */ = {
			isa = XCBuildConfiguration;
			buildSettings = {
				ALWAYS_SEARCH_USER_PATHS = NO;
				ASSETCATALOG_COMPILER_GENERATE_SWIFT_ASSET_SYMBOL_EXTENSIONS = YES;
				ASSETCATALOG_COMPILER_GLOBAL_ACCENT_COLOR_NAME = AccentColor;
				"ASSETCATALOG_COMPILER_GLOBAL_ACCENT_COLOR_NAME[sdk=*]" = "";
				CLANG_ANALYZER_NONNULL = YES;
				CLANG_ANALYZER_NUMBER_OBJECT_CONVERSION = YES_AGGRESSIVE;
				CLANG_CXX_LANGUAGE_STANDARD = "gnu++20";
				CLANG_ENABLE_MODULES = YES;
				CLANG_ENABLE_OBJC_ARC = YES;
				CLANG_ENABLE_OBJC_WEAK = YES;
				CLANG_WARN_BLOCK_CAPTURE_AUTORELEASING = YES;
				CLANG_WARN_BOOL_CONVERSION = YES;
				CLANG_WARN_COMMA = YES;
				CLANG_WARN_CONSTANT_CONVERSION = YES;
				CLANG_WARN_DEPRECATED_OBJC_IMPLEMENTATIONS = YES;
				CLANG_WARN_DIRECT_OBJC_ISA_USAGE = YES_ERROR;
				CLANG_WARN_DOCUMENTATION_COMMENTS = YES;
				CLANG_WARN_EMPTY_BODY = YES;
				CLANG_WARN_ENUM_CONVERSION = YES;
				CLANG_WARN_INFINITE_RECURSION = YES;
				CLANG_WARN_INT_CONVERSION = YES;
				CLANG_WARN_NON_LITERAL_NULL_CONVERSION = YES;
				CLANG_WARN_OBJC_IMPLICIT_RETAIN_SELF = YES;
				CLANG_WARN_OBJC_LITERAL_CONVERSION = YES;
				CLANG_WARN_OBJC_ROOT_CLASS = YES_ERROR;
				CLANG_WARN_QUOTED_INCLUDE_IN_FRAMEWORK_HEADER = YES;
				CLANG_WARN_RANGE_LOOP_ANALYSIS = YES;
				CLANG_WARN_STRICT_PROTOTYPES = YES;
				CLANG_WARN_SUSPICIOUS_MOVE = YES;
				CLANG_WARN_UNGUARDED_AVAILABILITY = YES_AGGRESSIVE;
				CLANG_WARN_UNREACHABLE_CODE = YES;
				CLANG_WARN__DUPLICATE_METHOD_MATCH = YES;
				COPY_PHASE_STRIP = NO;
				DEBUG_INFORMATION_FORMAT = "dwarf-with-dsym";
				ENABLE_DEBUG_DYLIB = NO;
				ENABLE_STRICT_OBJC_MSGSEND = YES;
				ENABLE_TESTABILITY = YES;
				ENABLE_USER_SCRIPT_SANDBOXING = YES;
				GCC_C_LANGUAGE_STANDARD = gnu17;
				GCC_DYNAMIC_NO_PIC = NO;
				GCC_NO_COMMON_BLOCKS = YES;
				GCC_OPTIMIZATION_LEVEL = 0;
				GCC_PREPROCESSOR_DEFINITIONS = (
					"DEBUG=1",
					"$(inherited)",
				);
				GCC_WARN_64_TO_32_BIT_CONVERSION = YES;
				GCC_WARN_ABOUT_RETURN_TYPE = YES_ERROR;
				GCC_WARN_UNDECLARED_SELECTOR = YES;
				GCC_WARN_UNINITIALIZED_AUTOS = YES_AGGRESSIVE;
				GCC_WARN_UNUSED_FUNCTION = YES;
				GCC_WARN_UNUSED_VARIABLE = YES;
				IPHONEOS_DEPLOYMENT_TARGET = 17.0;
				LOCALIZATION_PREFERS_STRING_CATALOGS = YES;
				MTL_ENABLE_DEBUG_INFO = INCLUDE_SOURCE;
				MTL_FAST_MATH = YES;
				ONLY_ACTIVE_ARCH = YES;
				SDKROOT = iphoneos;
				SWIFT_ACTIVE_COMPILATION_CONDITIONS = "DEBUG $(inherited)";
				SWIFT_OPTIMIZATION_LEVEL = "-Onone";
			};
			name = Debug;
		};
		D6A29C162B09706200FA7F84 /* Release */ = {
			isa = XCBuildConfiguration;
			buildSettings = {
				ALWAYS_SEARCH_USER_PATHS = NO;
				ASSETCATALOG_COMPILER_GENERATE_SWIFT_ASSET_SYMBOL_EXTENSIONS = YES;
				ASSETCATALOG_COMPILER_GLOBAL_ACCENT_COLOR_NAME = AccentColor;
				CLANG_ANALYZER_NONNULL = YES;
				CLANG_ANALYZER_NUMBER_OBJECT_CONVERSION = YES_AGGRESSIVE;
				CLANG_CXX_LANGUAGE_STANDARD = "gnu++20";
				CLANG_ENABLE_MODULES = YES;
				CLANG_ENABLE_OBJC_ARC = YES;
				CLANG_ENABLE_OBJC_WEAK = YES;
				CLANG_WARN_BLOCK_CAPTURE_AUTORELEASING = YES;
				CLANG_WARN_BOOL_CONVERSION = YES;
				CLANG_WARN_COMMA = YES;
				CLANG_WARN_CONSTANT_CONVERSION = YES;
				CLANG_WARN_DEPRECATED_OBJC_IMPLEMENTATIONS = YES;
				CLANG_WARN_DIRECT_OBJC_ISA_USAGE = YES_ERROR;
				CLANG_WARN_DOCUMENTATION_COMMENTS = YES;
				CLANG_WARN_EMPTY_BODY = YES;
				CLANG_WARN_ENUM_CONVERSION = YES;
				CLANG_WARN_INFINITE_RECURSION = YES;
				CLANG_WARN_INT_CONVERSION = YES;
				CLANG_WARN_NON_LITERAL_NULL_CONVERSION = YES;
				CLANG_WARN_OBJC_IMPLICIT_RETAIN_SELF = YES;
				CLANG_WARN_OBJC_LITERAL_CONVERSION = YES;
				CLANG_WARN_OBJC_ROOT_CLASS = YES_ERROR;
				CLANG_WARN_QUOTED_INCLUDE_IN_FRAMEWORK_HEADER = YES;
				CLANG_WARN_RANGE_LOOP_ANALYSIS = YES;
				CLANG_WARN_STRICT_PROTOTYPES = YES;
				CLANG_WARN_SUSPICIOUS_MOVE = YES;
				CLANG_WARN_UNGUARDED_AVAILABILITY = YES_AGGRESSIVE;
				CLANG_WARN_UNREACHABLE_CODE = YES;
				CLANG_WARN__DUPLICATE_METHOD_MATCH = YES;
				COPY_PHASE_STRIP = NO;
				DEBUG_INFORMATION_FORMAT = "dwarf-with-dsym";
				ENABLE_DEBUG_DYLIB = NO;
				ENABLE_NS_ASSERTIONS = NO;
				ENABLE_STRICT_OBJC_MSGSEND = YES;
				ENABLE_USER_SCRIPT_SANDBOXING = YES;
				GCC_C_LANGUAGE_STANDARD = gnu17;
				GCC_NO_COMMON_BLOCKS = YES;
				GCC_WARN_64_TO_32_BIT_CONVERSION = YES;
				GCC_WARN_ABOUT_RETURN_TYPE = YES_ERROR;
				GCC_WARN_UNDECLARED_SELECTOR = YES;
				GCC_WARN_UNINITIALIZED_AUTOS = YES_AGGRESSIVE;
				GCC_WARN_UNUSED_FUNCTION = YES;
				GCC_WARN_UNUSED_VARIABLE = YES;
				IPHONEOS_DEPLOYMENT_TARGET = 17.0;
				LOCALIZATION_PREFERS_STRING_CATALOGS = YES;
				MTL_ENABLE_DEBUG_INFO = NO;
				MTL_FAST_MATH = YES;
				SDKROOT = iphoneos;
				SWIFT_COMPILATION_MODE = wholemodule;
				VALIDATE_PRODUCT = YES;
			};
			name = Release;
		};
		D6A29C182B09706200FA7F84 /* Debug */ = {
			isa = XCBuildConfiguration;
			buildSettings = {
				ASSETCATALOG_COMPILER_APPICON_NAME = AppIcon;
				ASSETCATALOG_COMPILER_GLOBAL_ACCENT_COLOR_NAME = AccentColor;
				CODE_SIGN_ENTITLEMENTS = Todoer/Resources/Todoer.entitlements;
				CODE_SIGN_STYLE = Automatic;
				CURRENT_PROJECT_VERSION = 1;
				DEBUG_INFORMATION_FORMAT = "dwarf-with-dsym";
				DEVELOPMENT_ASSET_PATHS = "";
				DEVELOPMENT_TEAM = JPMAMPZRCV;
				ENABLE_DEBUG_DYLIB = YES;
				ENABLE_PREVIEWS = YES;
				GENERATE_INFOPLIST_FILE = YES;
				INFOPLIST_FILE = Todoer/Resources/Info.plist;
				INFOPLIST_KEY_CFBundleDisplayName = Todoer;
				INFOPLIST_KEY_LSApplicationCategoryType = "public.app-category.productivity";
				INFOPLIST_KEY_UIApplicationSupportsIndirectInputEvents = YES;
				INFOPLIST_KEY_UILaunchScreen_Generation = YES;
				INFOPLIST_KEY_UILaunchStoryboardName = "Launch Screen";
				INFOPLIST_KEY_UIStatusBarHidden = YES;
				INFOPLIST_KEY_UIStatusBarStyle = UIStatusBarStyleDarkContent;
				INFOPLIST_KEY_UISupportedInterfaceOrientations = UIInterfaceOrientationPortrait;
				IPHONEOS_DEPLOYMENT_TARGET = 18.0;
				LD_RUNPATH_SEARCH_PATHS = (
					"$(inherited)",
					"@executable_path/Frameworks",
				);
				MARKETING_VERSION = 2.0.1;
				PRODUCT_BUNDLE_IDENTIFIER = com.xvicient.todoer;
				PRODUCT_NAME = "$(TARGET_NAME)";
				SUPPORTED_PLATFORMS = "iphoneos iphonesimulator";
				SUPPORTS_MACCATALYST = NO;
				SUPPORTS_MAC_DESIGNED_FOR_IPHONE_IPAD = NO;
				SWIFT_EMIT_LOC_STRINGS = YES;
				SWIFT_VERSION = 5.0;
				TARGETED_DEVICE_FAMILY = 1;
			};
			name = Debug;
		};
		D6A29C192B09706200FA7F84 /* Release */ = {
			isa = XCBuildConfiguration;
			buildSettings = {
				ASSETCATALOG_COMPILER_APPICON_NAME = AppIcon;
				ASSETCATALOG_COMPILER_GLOBAL_ACCENT_COLOR_NAME = AccentColor;
				CODE_SIGN_ENTITLEMENTS = Todoer/Resources/Todoer.entitlements;
				CODE_SIGN_STYLE = Automatic;
				CURRENT_PROJECT_VERSION = 1;
				DEVELOPMENT_ASSET_PATHS = "";
				DEVELOPMENT_TEAM = JPMAMPZRCV;
				ENABLE_DEBUG_DYLIB = YES;
				ENABLE_PREVIEWS = YES;
				GENERATE_INFOPLIST_FILE = YES;
				INFOPLIST_FILE = Todoer/Resources/Info.plist;
				INFOPLIST_KEY_CFBundleDisplayName = Todoer;
				INFOPLIST_KEY_LSApplicationCategoryType = "public.app-category.productivity";
				INFOPLIST_KEY_UIApplicationSupportsIndirectInputEvents = YES;
				INFOPLIST_KEY_UILaunchScreen_Generation = YES;
				INFOPLIST_KEY_UILaunchStoryboardName = "Launch Screen";
				INFOPLIST_KEY_UIStatusBarHidden = YES;
				INFOPLIST_KEY_UIStatusBarStyle = UIStatusBarStyleDarkContent;
				INFOPLIST_KEY_UISupportedInterfaceOrientations = UIInterfaceOrientationPortrait;
				IPHONEOS_DEPLOYMENT_TARGET = 18.0;
				LD_RUNPATH_SEARCH_PATHS = (
					"$(inherited)",
					"@executable_path/Frameworks",
				);
				MARKETING_VERSION = 2.0.1;
				PRODUCT_BUNDLE_IDENTIFIER = com.xvicient.todoer;
				PRODUCT_NAME = "$(TARGET_NAME)";
				SUPPORTED_PLATFORMS = "iphoneos iphonesimulator";
				SUPPORTS_MACCATALYST = NO;
				SUPPORTS_MAC_DESIGNED_FOR_IPHONE_IPAD = NO;
				SWIFT_EMIT_LOC_STRINGS = YES;
				SWIFT_VERSION = 5.0;
				TARGETED_DEVICE_FAMILY = 1;
			};
			name = Release;
		};
/* End XCBuildConfiguration section */

/* Begin XCConfigurationList section */
		C745151D2B750F3D00C6D08E /* Build configuration list for PBXNativeTarget "TodoerTests" */ = {
			isa = XCConfigurationList;
			buildConfigurations = (
				C745151E2B750F3D00C6D08E /* Debug */,
				C745151F2B750F3D00C6D08E /* Release */,
			);
			defaultConfigurationIsVisible = 0;
			defaultConfigurationName = Release;
		};
		D60E13AB2D43FE1D008AB16A /* Build configuration list for PBXNativeTarget "TodoerShare" */ = {
			isa = XCConfigurationList;
			buildConfigurations = (
				D60E13A82D43FE1D008AB16A /* Debug */,
				D60E13A92D43FE1D008AB16A /* Release */,
			);
			defaultConfigurationIsVisible = 0;
			defaultConfigurationName = Release;
		};
		D6A29BEE2B09706100FA7F84 /* Build configuration list for PBXProject "Todoer" */ = {
			isa = XCConfigurationList;
			buildConfigurations = (
				D6A29C152B09706200FA7F84 /* Debug */,
				D6A29C162B09706200FA7F84 /* Release */,
			);
			defaultConfigurationIsVisible = 0;
			defaultConfigurationName = Release;
		};
		D6A29C172B09706200FA7F84 /* Build configuration list for PBXNativeTarget "Todoer" */ = {
			isa = XCConfigurationList;
			buildConfigurations = (
				D6A29C182B09706200FA7F84 /* Debug */,
				D6A29C192B09706200FA7F84 /* Release */,
			);
			defaultConfigurationIsVisible = 0;
			defaultConfigurationName = Release;
		};
/* End XCConfigurationList section */

/* Begin XCLocalSwiftPackageReference section */
		C72241D62D3170550046C0D7 /* XCLocalSwiftPackageReference "Packages/External/FirebaseDependencies" */ = {
			isa = XCLocalSwiftPackageReference;
			relativePath = Packages/External/FirebaseDependencies;
		};
		C7B335912D31CF2700C36D7B /* XCLocalSwiftPackageReference "Packages/External/GoogleSignInDependencies" */ = {
			isa = XCLocalSwiftPackageReference;
			relativePath = Packages/External/GoogleSignInDependencies;
		};
		D62464CF2D36B3010097F7DE /* XCLocalSwiftPackageReference "Todoer/Sources/Features/AboutScreen" */ = {
			isa = XCLocalSwiftPackageReference;
			relativePath = Todoer/Sources/Features/AboutScreen;
		};
		D62464D22D36B30F0097F7DE /* XCLocalSwiftPackageReference "Todoer/Sources/Features/AuthenticationScreen" */ = {
			isa = XCLocalSwiftPackageReference;
			relativePath = Todoer/Sources/Features/AuthenticationScreen;
		};
		D62464D72D36B31F0097F7DE /* XCLocalSwiftPackageReference "Todoer/Sources/Features/HomeScreen" */ = {
			isa = XCLocalSwiftPackageReference;
			relativePath = Todoer/Sources/Features/HomeScreen;
		};
		D62464DC2D36B32D0097F7DE /* XCLocalSwiftPackageReference "Todoer/Sources/Features/ListItemsScreen" */ = {
			isa = XCLocalSwiftPackageReference;
			relativePath = Todoer/Sources/Features/ListItemsScreen;
		};
		D62464E12D36B33C0097F7DE /* XCLocalSwiftPackageReference "Todoer/Sources/Features/ShareListScreen" */ = {
			isa = XCLocalSwiftPackageReference;
			relativePath = Todoer/Sources/Features/ShareListScreen;
		};
		D62464E62D36B3730097F7DE /* XCLocalSwiftPackageReference "Todoer/Sources/Shared/Entities" */ = {
			isa = XCLocalSwiftPackageReference;
			relativePath = Todoer/Sources/Shared/Entities;
		};
		D6422B622D3652820090F163 /* XCLocalSwiftPackageReference "Todoer/Sources/Shared/Coordinator" */ = {
			isa = XCLocalSwiftPackageReference;
			relativePath = Todoer/Sources/Shared/Coordinator;
		};
		D65D30A12D47757500A9A5B6 /* XCLocalSwiftPackageReference "Todoer/Sources/Shared/Common" */ = {
			isa = XCLocalSwiftPackageReference;
			relativePath = Todoer/Sources/Shared/Common;
		};
		D65D30A42D47758600A9A5B6 /* XCLocalSwiftPackageReference "Todoer/Sources/Shared/Data" */ = {
			isa = XCLocalSwiftPackageReference;
			relativePath = Todoer/Sources/Shared/Data;
		};
		D689D24B2D52683500932CB0 /* XCLocalSwiftPackageReference "Todoer/Sources/Shared/Theme" */ = {
			isa = XCLocalSwiftPackageReference;
			relativePath = Todoer/Sources/Shared/Theme;
		};
/* End XCLocalSwiftPackageReference section */

/* Begin XCRemoteSwiftPackageReference section */
		D658B2672D53B3BD00363541 /* XCRemoteSwiftPackageReference "xRedux" */ = {
			isa = XCRemoteSwiftPackageReference;
			repositoryURL = "https://github.com/xvicient/xRedux.git";
			requirement = {
				kind = upToNextMajorVersion;
				minimumVersion = 1.0.1;
			};
		};
/* End XCRemoteSwiftPackageReference section */

/* Begin XCSwiftPackageProductDependency section */
		C72241D72D3170550046C0D7 /* FirebaseDependencies */ = {
			isa = XCSwiftPackageProductDependency;
			productName = FirebaseDependencies;
		};
		C72241DB2D3172630046C0D7 /* Data */ = {
			isa = XCSwiftPackageProductDependency;
			productName = Data;
		};
		C75EB5882D32968B00317D07 /* AuthenticationScreen */ = {
			isa = XCSwiftPackageProductDependency;
			productName = AuthenticationScreen;
		};
		C77FFADE2D32C6E100C59A48 /* CoordinatorContract */ = {
			isa = XCSwiftPackageProductDependency;
			productName = CoordinatorContract;
		};
		C7B335922D31CF2700C36D7B /* GoogleSignInDependencies */ = {
			isa = XCSwiftPackageProductDependency;
			productName = GoogleSignInDependencies;
		};
		C7B3359E2D31D3E700C36D7B /* Common */ = {
			isa = XCSwiftPackageProductDependency;
			productName = Common;
		};
		C7F305892D32CCA5004C322D /* ThemeAssets */ = {
			isa = XCSwiftPackageProductDependency;
			productName = ThemeAssets;
		};
		C7F3058B2D32CCA5004C322D /* ThemeComponents */ = {
			isa = XCSwiftPackageProductDependency;
			productName = ThemeComponents;
		};
		D62464D02D36B3010097F7DE /* AboutScreen */ = {
			isa = XCSwiftPackageProductDependency;
			productName = AboutScreen;
		};
		D62464D32D36B30F0097F7DE /* AuthenticationScreen */ = {
			isa = XCSwiftPackageProductDependency;
			productName = AuthenticationScreen;
		};
		D62464D52D36B30F0097F7DE /* AuthenticationScreenContract */ = {
			isa = XCSwiftPackageProductDependency;
			productName = AuthenticationScreenContract;
		};
		D62464D82D36B31F0097F7DE /* HomeScreen */ = {
			isa = XCSwiftPackageProductDependency;
			productName = HomeScreen;
		};
		D62464DA2D36B31F0097F7DE /* HomeScreenContract */ = {
			isa = XCSwiftPackageProductDependency;
			productName = HomeScreenContract;
		};
		D62464DD2D36B32D0097F7DE /* ListItemsScreen */ = {
			isa = XCSwiftPackageProductDependency;
			productName = ListItemsScreen;
		};
		D62464DF2D36B32D0097F7DE /* ListItemsScreenContract */ = {
			isa = XCSwiftPackageProductDependency;
			productName = ListItemsScreenContract;
		};
		D62464E22D36B33C0097F7DE /* ShareListScreen */ = {
			isa = XCSwiftPackageProductDependency;
			productName = ShareListScreen;
		};
		D62464E42D36B33C0097F7DE /* ShareListScreenContract */ = {
			isa = XCSwiftPackageProductDependency;
			productName = ShareListScreenContract;
		};
		D62464E72D36B3730097F7DE /* Entities */ = {
			isa = XCSwiftPackageProductDependency;
			productName = Entities;
		};
		D6422B632D3652820090F163 /* Coordinator */ = {
			isa = XCSwiftPackageProductDependency;
			productName = Coordinator;
		};
		D65087392D35B8570056F8F3 /* CoordinatorContract */ = {
			isa = XCSwiftPackageProductDependency;
			productName = CoordinatorContract;
		};
		D658B26A2D53B3BD00363541 /* xReduxTest */ = {
			isa = XCSwiftPackageProductDependency;
			package = D658B2672D53B3BD00363541 /* XCRemoteSwiftPackageReference "xRedux" */;
			productName = xReduxTest;
		};
		D658B26C2D53B3DE00363541 /* xRedux */ = {
			isa = XCSwiftPackageProductDependency;
			package = D658B2672D53B3BD00363541 /* XCRemoteSwiftPackageReference "xRedux" */;
			productName = xRedux;
		};
		D65D30922D43FEF900A9A5B6 /* Entities */ = {
			isa = XCSwiftPackageProductDependency;
			productName = Entities;
		};
		D65D30A22D47757500A9A5B6 /* Common */ = {
			isa = XCSwiftPackageProductDependency;
			productName = Common;
		};
		D65D30A52D47758600A9A5B6 /* Data */ = {
			isa = XCSwiftPackageProductDependency;
			productName = Data;
		};
		D689D24C2D52683500932CB0 /* ThemeAssets */ = {
			isa = XCSwiftPackageProductDependency;
			productName = ThemeAssets;
		};
/* End XCSwiftPackageProductDependency section */
	};
	rootObject = D6A29BEB2B09706100FA7F84 /* Project object */;
}
